
Microsoft Visual Studio Solution File, Format Version 12.00
# Visual Studio 2013
VisualStudioVersion = 12.0.31101.0
MinimumVisualStudioVersion = 10.0.40219.1
Project("{FAE04EC0-301F-11D3-BF4B-00C04F79EFBC}") = "DependencySample", "DependencySample\DependencySample\DependencySample.csproj", "{78FE291E-B29F-42B3-AC6F-A10E58249015}"
EndProject
Project("{FAE04EC0-301F-11D3-BF4B-00C04F79EFBC}") = "DependencySample.iOS", "DependencySample\DependencySample.iOS\DependencySample.iOS.csproj", "{DF57FFCE-0BB5-4886-B8E2-279C518C4F4B}"
EndProject
Project("{FAE04EC0-301F-11D3-BF4B-00C04F79EFBC}") = "DependencySample.Android", "DependencySample\DependencySample.Android\DependencySample.Android.csproj", "{C5BFA0D9-6653-4549-B3A6-AD6B58886168}"
EndProject
Project("{FAE04EC0-301F-11D3-BF4B-00C04F79EFBC}") = "DependencySample.WinPhone", "DependencySample\DependencySample.WinPhone\DependencySample.WinPhone.csproj", "{44FD347A-1788-443B-B7CD-AE7CBF385C76}"
EndProject
Project("{2150E333-8FDC-42A3-9474-1A3956D46DE8}") = "Dependency", "Dependency", "{34551303-D05E-4B92-AC3B-4C3D21810467}"
EndProject
Global
	GlobalSection(SolutionConfigurationPlatforms) = preSolution
		Ad-Hoc|Any CPU = Ad-Hoc|Any CPU
		Ad-Hoc|ARM = Ad-Hoc|ARM
		Ad-Hoc|iPhone = Ad-Hoc|iPhone
		Ad-Hoc|iPhoneSimulator = Ad-Hoc|iPhoneSimulator
		Ad-Hoc|Mixed Platforms = Ad-Hoc|Mixed Platforms
		Ad-Hoc|x86 = Ad-Hoc|x86
		AppStore|Any CPU = AppStore|Any CPU
		AppStore|ARM = AppStore|ARM
		AppStore|iPhone = AppStore|iPhone
		AppStore|iPhoneSimulator = AppStore|iPhoneSimulator
		AppStore|Mixed Platforms = AppStore|Mixed Platforms
		AppStore|x86 = AppStore|x86
		Debug|Any CPU = Debug|Any CPU
		Debug|ARM = Debug|ARM
		Debug|iPhone = Debug|iPhone
		Debug|iPhoneSimulator = Debug|iPhoneSimulator
		Debug|Mixed Platforms = Debug|Mixed Platforms
		Debug|x86 = Debug|x86
		Release|Any CPU = Release|Any CPU
		Release|ARM = Release|ARM
		Release|iPhone = Release|iPhone
		Release|iPhoneSimulator = Release|iPhoneSimulator
		Release|Mixed Platforms = Release|Mixed Platforms
		Release|x86 = Release|x86
	EndGlobalSection
	GlobalSection(ProjectConfigurationPlatforms) = postSolution
		{78FE291E-B29F-42B3-AC6F-A10E58249015}.Ad-Hoc|Any CPU.ActiveCfg = Release|Any CPU
		{78FE291E-B29F-42B3-AC6F-A10E58249015}.Ad-Hoc|Any CPU.Build.0 = Release|Any CPU
		{78FE291E-B29F-42B3-AC6F-A10E58249015}.Ad-Hoc|ARM.ActiveCfg = Release|Any CPU
		{78FE291E-B29F-42B3-AC6F-A10E58249015}.Ad-Hoc|iPhone.ActiveCfg = Release|Any CPU
		{78FE291E-B29F-42B3-AC6F-A10E58249015}.Ad-Hoc|iPhoneSimulator.ActiveCfg = Release|Any CPU
		{78FE291E-B29F-42B3-AC6F-A10E58249015}.Ad-Hoc|Mixed Platforms.ActiveCfg = Release|Any CPU
		{78FE291E-B29F-42B3-AC6F-A10E58249015}.Ad-Hoc|Mixed Platforms.Build.0 = Release|Any CPU
		{78FE291E-B29F-42B3-AC6F-A10E58249015}.Ad-Hoc|x86.ActiveCfg = Release|Any CPU
		{78FE291E-B29F-42B3-AC6F-A10E58249015}.AppStore|Any CPU.ActiveCfg = Release|Any CPU
		{78FE291E-B29F-42B3-AC6F-A10E58249015}.AppStore|Any CPU.Build.0 = Release|Any CPU
		{78FE291E-B29F-42B3-AC6F-A10E58249015}.AppStore|ARM.ActiveCfg = Release|Any CPU
		{78FE291E-B29F-42B3-AC6F-A10E58249015}.AppStore|iPhone.ActiveCfg = Release|Any CPU
		{78FE291E-B29F-42B3-AC6F-A10E58249015}.AppStore|iPhoneSimulator.ActiveCfg = Release|Any CPU
		{78FE291E-B29F-42B3-AC6F-A10E58249015}.AppStore|Mixed Platforms.ActiveCfg = Release|Any CPU
		{78FE291E-B29F-42B3-AC6F-A10E58249015}.AppStore|Mixed Platforms.Build.0 = Release|Any CPU
		{78FE291E-B29F-42B3-AC6F-A10E58249015}.AppStore|x86.ActiveCfg = Release|Any CPU
		{78FE291E-B29F-42B3-AC6F-A10E58249015}.Debug|Any CPU.ActiveCfg = Debug|Any CPU
		{78FE291E-B29F-42B3-AC6F-A10E58249015}.Debug|Any CPU.Build.0 = Debug|Any CPU
		{78FE291E-B29F-42B3-AC6F-A10E58249015}.Debug|ARM.ActiveCfg = Debug|Any CPU
		{78FE291E-B29F-42B3-AC6F-A10E58249015}.Debug|iPhone.ActiveCfg = Debug|Any CPU
		{78FE291E-B29F-42B3-AC6F-A10E58249015}.Debug|iPhoneSimulator.ActiveCfg = Debug|Any CPU
		{78FE291E-B29F-42B3-AC6F-A10E58249015}.Debug|Mixed Platforms.ActiveCfg = Debug|Any CPU
		{78FE291E-B29F-42B3-AC6F-A10E58249015}.Debug|Mixed Platforms.Build.0 = Debug|Any CPU
		{78FE291E-B29F-42B3-AC6F-A10E58249015}.Debug|x86.ActiveCfg = Debug|Any CPU
		{78FE291E-B29F-42B3-AC6F-A10E58249015}.Release|Any CPU.ActiveCfg = Release|Any CPU
		{78FE291E-B29F-42B3-AC6F-A10E58249015}.Release|Any CPU.Build.0 = Release|Any CPU
		{78FE291E-B29F-42B3-AC6F-A10E58249015}.Release|ARM.ActiveCfg = Release|Any CPU
		{78FE291E-B29F-42B3-AC6F-A10E58249015}.Release|iPhone.ActiveCfg = Release|Any CPU
		{78FE291E-B29F-42B3-AC6F-A10E58249015}.Release|iPhoneSimulator.ActiveCfg = Release|Any CPU
		{78FE291E-B29F-42B3-AC6F-A10E58249015}.Release|Mixed Platforms.ActiveCfg = Release|Any CPU
		{78FE291E-B29F-42B3-AC6F-A10E58249015}.Release|Mixed Platforms.Build.0 = Release|Any CPU
		{78FE291E-B29F-42B3-AC6F-A10E58249015}.Release|x86.ActiveCfg = Release|Any CPU
		{DF57FFCE-0BB5-4886-B8E2-279C518C4F4B}.Ad-Hoc|Any CPU.ActiveCfg = Ad-Hoc|iPhone
		{DF57FFCE-0BB5-4886-B8E2-279C518C4F4B}.Ad-Hoc|ARM.ActiveCfg = Ad-Hoc|iPhone
		{DF57FFCE-0BB5-4886-B8E2-279C518C4F4B}.Ad-Hoc|iPhone.ActiveCfg = Ad-Hoc|iPhone
		{DF57FFCE-0BB5-4886-B8E2-279C518C4F4B}.Ad-Hoc|iPhone.Build.0 = Ad-Hoc|iPhone
		{DF57FFCE-0BB5-4886-B8E2-279C518C4F4B}.Ad-Hoc|iPhoneSimulator.ActiveCfg = Ad-Hoc|iPhoneSimulator
		{DF57FFCE-0BB5-4886-B8E2-279C518C4F4B}.Ad-Hoc|iPhoneSimulator.Build.0 = Ad-Hoc|iPhoneSimulator
		{DF57FFCE-0BB5-4886-B8E2-279C518C4F4B}.Ad-Hoc|Mixed Platforms.ActiveCfg = Ad-Hoc|iPhone
		{DF57FFCE-0BB5-4886-B8E2-279C518C4F4B}.Ad-Hoc|Mixed Platforms.Build.0 = Ad-Hoc|iPhone
		{DF57FFCE-0BB5-4886-B8E2-279C518C4F4B}.Ad-Hoc|x86.ActiveCfg = Ad-Hoc|iPhone
		{DF57FFCE-0BB5-4886-B8E2-279C518C4F4B}.AppStore|Any CPU.ActiveCfg = AppStore|iPhone
		{DF57FFCE-0BB5-4886-B8E2-279C518C4F4B}.AppStore|ARM.ActiveCfg = AppStore|iPhone
		{DF57FFCE-0BB5-4886-B8E2-279C518C4F4B}.AppStore|iPhone.ActiveCfg = AppStore|iPhone
		{DF57FFCE-0BB5-4886-B8E2-279C518C4F4B}.AppStore|iPhone.Build.0 = AppStore|iPhone
		{DF57FFCE-0BB5-4886-B8E2-279C518C4F4B}.AppStore|iPhoneSimulator.ActiveCfg = AppStore|iPhoneSimulator
		{DF57FFCE-0BB5-4886-B8E2-279C518C4F4B}.AppStore|iPhoneSimulator.Build.0 = AppStore|iPhoneSimulator
		{DF57FFCE-0BB5-4886-B8E2-279C518C4F4B}.AppStore|Mixed Platforms.ActiveCfg = AppStore|iPhone
		{DF57FFCE-0BB5-4886-B8E2-279C518C4F4B}.AppStore|Mixed Platforms.Build.0 = AppStore|iPhone
		{DF57FFCE-0BB5-4886-B8E2-279C518C4F4B}.AppStore|x86.ActiveCfg = AppStore|iPhone
		{DF57FFCE-0BB5-4886-B8E2-279C518C4F4B}.Debug|Any CPU.ActiveCfg = Debug|iPhone
		{DF57FFCE-0BB5-4886-B8E2-279C518C4F4B}.Debug|ARM.ActiveCfg = Debug|iPhone
		{DF57FFCE-0BB5-4886-B8E2-279C518C4F4B}.Debug|iPhone.ActiveCfg = Debug|iPhone
		{DF57FFCE-0BB5-4886-B8E2-279C518C4F4B}.Debug|iPhone.Build.0 = Debug|iPhone
		{DF57FFCE-0BB5-4886-B8E2-279C518C4F4B}.Debug|iPhoneSimulator.ActiveCfg = Debug|iPhoneSimulator
		{DF57FFCE-0BB5-4886-B8E2-279C518C4F4B}.Debug|iPhoneSimulator.Build.0 = Debug|iPhoneSimulator
		{DF57FFCE-0BB5-4886-B8E2-279C518C4F4B}.Debug|Mixed Platforms.ActiveCfg = Debug|iPhone
		{DF57FFCE-0BB5-4886-B8E2-279C518C4F4B}.Debug|Mixed Platforms.Build.0 = Debug|iPhone
		{DF57FFCE-0BB5-4886-B8E2-279C518C4F4B}.Debug|x86.ActiveCfg = Debug|iPhone
		{DF57FFCE-0BB5-4886-B8E2-279C518C4F4B}.Release|Any CPU.ActiveCfg = Release|iPhone
		{DF57FFCE-0BB5-4886-B8E2-279C518C4F4B}.Release|ARM.ActiveCfg = Release|iPhone
		{DF57FFCE-0BB5-4886-B8E2-279C518C4F4B}.Release|iPhone.ActiveCfg = Release|iPhone
		{DF57FFCE-0BB5-4886-B8E2-279C518C4F4B}.Release|iPhone.Build.0 = Release|iPhone
		{DF57FFCE-0BB5-4886-B8E2-279C518C4F4B}.Release|iPhoneSimulator.ActiveCfg = Release|iPhoneSimulator
		{DF57FFCE-0BB5-4886-B8E2-279C518C4F4B}.Release|iPhoneSimulator.Build.0 = Release|iPhoneSimulator
		{DF57FFCE-0BB5-4886-B8E2-279C518C4F4B}.Release|Mixed Platforms.ActiveCfg = Release|iPhone
		{DF57FFCE-0BB5-4886-B8E2-279C518C4F4B}.Release|Mixed Platforms.Build.0 = Release|iPhone
		{DF57FFCE-0BB5-4886-B8E2-279C518C4F4B}.Release|x86.ActiveCfg = Release|iPhone
		{C5BFA0D9-6653-4549-B3A6-AD6B58886168}.Ad-Hoc|Any CPU.ActiveCfg = Release|Any CPU
		{C5BFA0D9-6653-4549-B3A6-AD6B58886168}.Ad-Hoc|Any CPU.Build.0 = Release|Any CPU
		{C5BFA0D9-6653-4549-B3A6-AD6B58886168}.Ad-Hoc|Any CPU.Deploy.0 = Release|Any CPU
		{C5BFA0D9-6653-4549-B3A6-AD6B58886168}.Ad-Hoc|ARM.ActiveCfg = Release|Any CPU
		{C5BFA0D9-6653-4549-B3A6-AD6B58886168}.Ad-Hoc|iPhone.ActiveCfg = Release|Any CPU
		{C5BFA0D9-6653-4549-B3A6-AD6B58886168}.Ad-Hoc|iPhoneSimulator.ActiveCfg = Release|Any CPU
		{C5BFA0D9-6653-4549-B3A6-AD6B58886168}.Ad-Hoc|Mixed Platforms.ActiveCfg = Release|Any CPU
		{C5BFA0D9-6653-4549-B3A6-AD6B58886168}.Ad-Hoc|Mixed Platforms.Build.0 = Release|Any CPU
		{C5BFA0D9-6653-4549-B3A6-AD6B58886168}.Ad-Hoc|Mixed Platforms.Deploy.0 = Release|Any CPU
		{C5BFA0D9-6653-4549-B3A6-AD6B58886168}.Ad-Hoc|x86.ActiveCfg = Release|Any CPU
		{C5BFA0D9-6653-4549-B3A6-AD6B58886168}.AppStore|Any CPU.ActiveCfg = Release|Any CPU
		{C5BFA0D9-6653-4549-B3A6-AD6B58886168}.AppStore|Any CPU.Build.0 = Release|Any CPU
		{C5BFA0D9-6653-4549-B3A6-AD6B58886168}.AppStore|Any CPU.Deploy.0 = Release|Any CPU
		{C5BFA0D9-6653-4549-B3A6-AD6B58886168}.AppStore|ARM.ActiveCfg = Release|Any CPU
		{C5BFA0D9-6653-4549-B3A6-AD6B58886168}.AppStore|iPhone.ActiveCfg = Release|Any CPU
		{C5BFA0D9-6653-4549-B3A6-AD6B58886168}.AppStore|iPhoneSimulator.ActiveCfg = Release|Any CPU
		{C5BFA0D9-6653-4549-B3A6-AD6B58886168}.AppStore|Mixed Platforms.ActiveCfg = Release|Any CPU
		{C5BFA0D9-6653-4549-B3A6-AD6B58886168}.AppStore|Mixed Platforms.Build.0 = Release|Any CPU
		{C5BFA0D9-6653-4549-B3A6-AD6B58886168}.AppStore|Mixed Platforms.Deploy.0 = Release|Any CPU
		{C5BFA0D9-6653-4549-B3A6-AD6B58886168}.AppStore|x86.ActiveCfg = Release|Any CPU
		{C5BFA0D9-6653-4549-B3A6-AD6B58886168}.Debug|Any CPU.ActiveCfg = Debug|Any CPU
		{C5BFA0D9-6653-4549-B3A6-AD6B58886168}.Debug|Any CPU.Build.0 = Debug|Any CPU
		{C5BFA0D9-6653-4549-B3A6-AD6B58886168}.Debug|Any CPU.Deploy.0 = Debug|Any CPU
		{C5BFA0D9-6653-4549-B3A6-AD6B58886168}.Debug|ARM.ActiveCfg = Debug|Any CPU
		{C5BFA0D9-6653-4549-B3A6-AD6B58886168}.Debug|iPhone.ActiveCfg = Debug|Any CPU
		{C5BFA0D9-6653-4549-B3A6-AD6B58886168}.Debug|iPhoneSimulator.ActiveCfg = Debug|Any CPU
		{C5BFA0D9-6653-4549-B3A6-AD6B58886168}.Debug|Mixed Platforms.ActiveCfg = Debug|Any CPU
		{C5BFA0D9-6653-4549-B3A6-AD6B58886168}.Debug|Mixed Platforms.Build.0 = Debug|Any CPU
		{C5BFA0D9-6653-4549-B3A6-AD6B58886168}.Debug|Mixed Platforms.Deploy.0 = Debug|Any CPU
		{C5BFA0D9-6653-4549-B3A6-AD6B58886168}.Debug|x86.ActiveCfg = Debug|Any CPU
		{C5BFA0D9-6653-4549-B3A6-AD6B58886168}.Release|Any CPU.ActiveCfg = Release|Any CPU
		{C5BFA0D9-6653-4549-B3A6-AD6B58886168}.Release|Any CPU.Build.0 = Release|Any CPU
		{C5BFA0D9-6653-4549-B3A6-AD6B58886168}.Release|Any CPU.Deploy.0 = Release|Any CPU
		{C5BFA0D9-6653-4549-B3A6-AD6B58886168}.Release|ARM.ActiveCfg = Release|Any CPU
		{C5BFA0D9-6653-4549-B3A6-AD6B58886168}.Release|iPhone.ActiveCfg = Release|Any CPU
		{C5BFA0D9-6653-4549-B3A6-AD6B58886168}.Release|iPhoneSimulator.ActiveCfg = Release|Any CPU
		{C5BFA0D9-6653-4549-B3A6-AD6B58886168}.Release|Mixed Platforms.ActiveCfg = Release|Any CPU
		{C5BFA0D9-6653-4549-B3A6-AD6B58886168}.Release|Mixed Platforms.Build.0 = Release|Any CPU
		{C5BFA0D9-6653-4549-B3A6-AD6B58886168}.Release|Mixed Platforms.Deploy.0 = Release|Any CPU
		{C5BFA0D9-6653-4549-B3A6-AD6B58886168}.Release|x86.ActiveCfg = Release|Any CPU
		{44FD347A-1788-443B-B7CD-AE7CBF385C76}.Ad-Hoc|Any CPU.ActiveCfg = Release|Any CPU
		{44FD347A-1788-443B-B7CD-AE7CBF385C76}.Ad-Hoc|Any CPU.Build.0 = Release|Any CPU
		{44FD347A-1788-443B-B7CD-AE7CBF385C76}.Ad-Hoc|Any CPU.Deploy.0 = Release|Any CPU
		{44FD347A-1788-443B-B7CD-AE7CBF385C76}.Ad-Hoc|ARM.ActiveCfg = Release|ARM
		{44FD347A-1788-443B-B7CD-AE7CBF385C76}.Ad-Hoc|ARM.Build.0 = Release|ARM
		{44FD347A-1788-443B-B7CD-AE7CBF385C76}.Ad-Hoc|ARM.Deploy.0 = Release|ARM
		{44FD347A-1788-443B-B7CD-AE7CBF385C76}.Ad-Hoc|iPhone.ActiveCfg = Release|Any CPU
		{44FD347A-1788-443B-B7CD-AE7CBF385C76}.Ad-Hoc|iPhoneSimulator.ActiveCfg = Release|Any CPU
		{44FD347A-1788-443B-B7CD-AE7CBF385C76}.Ad-Hoc|Mixed Platforms.ActiveCfg = Release|x86
		{44FD347A-1788-443B-B7CD-AE7CBF385C76}.Ad-Hoc|Mixed Platforms.Build.0 = Release|x86
		{44FD347A-1788-443B-B7CD-AE7CBF385C76}.Ad-Hoc|Mixed Platforms.Deploy.0 = Release|x86
		{44FD347A-1788-443B-B7CD-AE7CBF385C76}.Ad-Hoc|x86.ActiveCfg = Release|x86
		{44FD347A-1788-443B-B7CD-AE7CBF385C76}.Ad-Hoc|x86.Build.0 = Release|x86
		{44FD347A-1788-443B-B7CD-AE7CBF385C76}.Ad-Hoc|x86.Deploy.0 = Release|x86
		{44FD347A-1788-443B-B7CD-AE7CBF385C76}.AppStore|Any CPU.ActiveCfg = Release|Any CPU
		{44FD347A-1788-443B-B7CD-AE7CBF385C76}.AppStore|Any CPU.Build.0 = Release|Any CPU
		{44FD347A-1788-443B-B7CD-AE7CBF385C76}.AppStore|Any CPU.Deploy.0 = Release|Any CPU
		{44FD347A-1788-443B-B7CD-AE7CBF385C76}.AppStore|ARM.ActiveCfg = Release|ARM
		{44FD347A-1788-443B-B7CD-AE7CBF385C76}.AppStore|ARM.Build.0 = Release|ARM
		{44FD347A-1788-443B-B7CD-AE7CBF385C76}.AppStore|ARM.Deploy.0 = Release|ARM
		{44FD347A-1788-443B-B7CD-AE7CBF385C76}.AppStore|iPhone.ActiveCfg = Release|Any CPU
		{44FD347A-1788-443B-B7CD-AE7CBF385C76}.AppStore|iPhoneSimulator.ActiveCfg = Release|Any CPU
		{44FD347A-1788-443B-B7CD-AE7CBF385C76}.AppStore|Mixed Platforms.ActiveCfg = Release|x86
		{44FD347A-1788-443B-B7CD-AE7CBF385C76}.AppStore|Mixed Platforms.Build.0 = Release|x86
		{44FD347A-1788-443B-B7CD-AE7CBF385C76}.AppStore|Mixed Platforms.Deploy.0 = Release|x86
		{44FD347A-1788-443B-B7CD-AE7CBF385C76}.AppStore|x86.ActiveCfg = Release|x86
		{44FD347A-1788-443B-B7CD-AE7CBF385C76}.AppStore|x86.Build.0 = Release|x86
		{44FD347A-1788-443B-B7CD-AE7CBF385C76}.AppStore|x86.Deploy.0 = Release|x86
		{44FD347A-1788-443B-B7CD-AE7CBF385C76}.Debug|Any CPU.ActiveCfg = Debug|Any CPU
		{44FD347A-1788-443B-B7CD-AE7CBF385C76}.Debug|Any CPU.Build.0 = Debug|Any CPU
		{44FD347A-1788-443B-B7CD-AE7CBF385C76}.Debug|Any CPU.Deploy.0 = Debug|Any CPU
		{44FD347A-1788-443B-B7CD-AE7CBF385C76}.Debug|ARM.ActiveCfg = Debug|ARM
		{44FD347A-1788-443B-B7CD-AE7CBF385C76}.Debug|ARM.Build.0 = Debug|ARM
		{44FD347A-1788-443B-B7CD-AE7CBF385C76}.Debug|ARM.Deploy.0 = Debug|ARM
		{44FD347A-1788-443B-B7CD-AE7CBF385C76}.Debug|iPhone.ActiveCfg = Debug|Any CPU
		{44FD347A-1788-443B-B7CD-AE7CBF385C76}.Debug|iPhoneSimulator.ActiveCfg = Debug|Any CPU
		{44FD347A-1788-443B-B7CD-AE7CBF385C76}.Debug|Mixed Platforms.ActiveCfg = Debug|x86
		{44FD347A-1788-443B-B7CD-AE7CBF385C76}.Debug|Mixed Platforms.Build.0 = Debug|x86
		{44FD347A-1788-443B-B7CD-AE7CBF385C76}.Debug|Mixed Platforms.Deploy.0 = Debug|x86
		{44FD347A-1788-443B-B7CD-AE7CBF385C76}.Debug|x86.ActiveCfg = Debug|x86
		{44FD347A-1788-443B-B7CD-AE7CBF385C76}.Debug|x86.Build.0 = Debug|x86
		{44FD347A-1788-443B-B7CD-AE7CBF385C76}.Debug|x86.Deploy.0 = Debug|x86
		{44FD347A-1788-443B-B7CD-AE7CBF385C76}.Release|Any CPU.ActiveCfg = Release|Any CPU
		{44FD347A-1788-443B-B7CD-AE7CBF385C76}.Release|Any CPU.Build.0 = Release|Any CPU
		{44FD347A-1788-443B-B7CD-AE7CBF385C76}.Release|Any CPU.Deploy.0 = Release|Any CPU
		{44FD347A-1788-443B-B7CD-AE7CBF385C76}.Release|ARM.ActiveCfg = Release|ARM
		{44FD347A-1788-443B-B7CD-AE7CBF385C76}.Release|ARM.Build.0 = Release|ARM
		{44FD347A-1788-443B-B7CD-AE7CBF385C76}.Release|ARM.Deploy.0 = Release|ARM
		{44FD347A-1788-443B-B7CD-AE7CBF385C76}.Release|iPhone.ActiveCfg = Release|Any CPU
		{44FD347A-1788-443B-B7CD-AE7CBF385C76}.Release|iPhoneSimulator.ActiveCfg = Release|Any CPU
		{44FD347A-1788-443B-B7CD-AE7CBF385C76}.Release|Mixed Platforms.ActiveCfg = Release|x86
		{44FD347A-1788-443B-B7CD-AE7CBF385C76}.Release|Mixed Platforms.Build.0 = Release|x86
		{44FD347A-1788-443B-B7CD-AE7CBF385C76}.Release|Mixed Platforms.Deploy.0 = Release|x86
		{44FD347A-1788-443B-B7CD-AE7CBF385C76}.Release|x86.ActiveCfg = Release|x86
		{44FD347A-1788-443B-B7CD-AE7CBF385C76}.Release|x86.Build.0 = Release|x86
		{44FD347A-1788-443B-B7CD-AE7CBF385C76}.Release|x86.Deploy.0 = Release|x86
	EndGlobalSection
	GlobalSection(SolutionProperties) = preSolution
		HideSolutionNode = FALSE
	EndGlobalSection
	GlobalSection(NestedProjects) = preSolution
		{78FE291E-B29F-42B3-AC6F-A10E58249015} = {34551303-D05E-4B92-AC3B-4C3D21810467}
		{DF57FFCE-0BB5-4886-B8E2-279C518C4F4B} = {34551303-D05E-4B92-AC3B-4C3D21810467}
		{C5BFA0D9-6653-4549-B3A6-AD6B58886168} = {34551303-D05E-4B92-AC3B-4C3D21810467}
		{44FD347A-1788-443B-B7CD-AE7CBF385C76} = {34551303-D05E-4B92-AC3B-4C3D21810467}
	EndGlobalSection
EndGlobal
