
Microsoft Visual Studio Solution File, Format Version 12.00
# Visual Studio 2013
VisualStudioVersion = 12.0.31101.0
MinimumVisualStudioVersion = 10.0.40219.1
Project("{FAE04EC0-301F-11D3-BF4B-00C04F79EFBC}") = "DependencySample", "DependencySample\DependencySample\DependencySample.csproj", "{78FE291E-B29F-42B3-AC6F-A10E58249015}"
EndProject
Project("{FAE04EC0-301F-11D3-BF4B-00C04F79EFBC}") = "DependencySample.iOS", "DependencySample\DependencySample.iOS\DependencySample.iOS.csproj", "{DF57FFCE-0BB5-4886-B8E2-279C518C4F4B}"
EndProject
Project("{FAE04EC0-301F-11D3-BF4B-00C04F79EFBC}") = "DependencySample.Android", "DependencySample\DependencySample.Android\DependencySample.Android.csproj", "{C5BFA0D9-6653-4549-B3A6-AD6B58886168}"
EndProject
Project("{FAE04EC0-301F-11D3-BF4B-00C04F79EFBC}") = "DependencySample.WinPhone", "DependencySample\DependencySample.WinPhone\DependencySample.WinPhone.csproj", "{44FD347A-1788-443B-B7CD-AE7CBF385C76}"
EndProject
Project("{2150E333-8FDC-42A3-9474-1A3956D46DE8}") = "Dependency", "Dependency", "{34551303-D05E-4B92-AC3B-4C3D21810467}"
EndProject
Project("{2150E333-8FDC-42A3-9474-1A3956D46DE8}") = "Dependency-MVVMLight", "Dependency-MVVMLight", "{84A25A4B-E4C0-42AD-A5F0-BEC507737F1D}"
EndProject
Project("{FAE04EC0-301F-11D3-BF4B-00C04F79EFBC}") = "Dependency_MVVMLight", "Dependency-MVVMLight\Dependency_MVVMLight\Dependency_MVVMLight.csproj", "{EBB250A6-CEE6-440D-9A50-632A733FDDDE}"
EndProject
Project("{FAE04EC0-301F-11D3-BF4B-00C04F79EFBC}") = "Dependency_MVVMLight.Android", "Dependency-MVVMLight\Dependency_MVVMLight.Android\Dependency_MVVMLight.Android.csproj", "{9FD047D4-8DBD-4A3B-9F2F-FCE207D7DA19}"
EndProject
Project("{FAE04EC0-301F-11D3-BF4B-00C04F79EFBC}") = "Dependency_MVVMLight.iOS", "Dependency-MVVMLight\Dependency_MVVMLight.iOS\Dependency_MVVMLight.iOS.csproj", "{B3701A2D-D390-4472-84A1-3887E17987C4}"
EndProject
Project("{FAE04EC0-301F-11D3-BF4B-00C04F79EFBC}") = "Dependency_MVVMLight.WinPhone", "Dependency-MVVMLight\Dependency_MVVMLight.WinPhone\Dependency_MVVMLight.WinPhone.csproj", "{7EBEE213-E4E9-4963-9028-0D01F44224FF}"
EndProject
Global
	GlobalSection(SolutionConfigurationPlatforms) = preSolution
		Ad-Hoc|Any CPU = Ad-Hoc|Any CPU
		Ad-Hoc|ARM = Ad-Hoc|ARM
		Ad-Hoc|iPhone = Ad-Hoc|iPhone
		Ad-Hoc|iPhoneSimulator = Ad-Hoc|iPhoneSimulator
		Ad-Hoc|Mixed Platforms = Ad-Hoc|Mixed Platforms
		Ad-Hoc|x86 = Ad-Hoc|x86
		AppStore|Any CPU = AppStore|Any CPU
		AppStore|ARM = AppStore|ARM
		AppStore|iPhone = AppStore|iPhone
		AppStore|iPhoneSimulator = AppStore|iPhoneSimulator
		AppStore|Mixed Platforms = AppStore|Mixed Platforms
		AppStore|x86 = AppStore|x86
		Debug|Any CPU = Debug|Any CPU
		Debug|ARM = Debug|ARM
		Debug|iPhone = Debug|iPhone
		Debug|iPhoneSimulator = Debug|iPhoneSimulator
		Debug|Mixed Platforms = Debug|Mixed Platforms
		Debug|x86 = Debug|x86
		Release|Any CPU = Release|Any CPU
		Release|ARM = Release|ARM
		Release|iPhone = Release|iPhone
		Release|iPhoneSimulator = Release|iPhoneSimulator
		Release|Mixed Platforms = Release|Mixed Platforms
		Release|x86 = Release|x86
	EndGlobalSection
	GlobalSection(ProjectConfigurationPlatforms) = postSolution
		{78FE291E-B29F-42B3-AC6F-A10E58249015}.Ad-Hoc|Any CPU.ActiveCfg = Release|Any CPU
		{78FE291E-B29F-42B3-AC6F-A10E58249015}.Ad-Hoc|Any CPU.Build.0 = Release|Any CPU
		{78FE291E-B29F-42B3-AC6F-A10E58249015}.Ad-Hoc|ARM.ActiveCfg = Release|Any CPU
		{78FE291E-B29F-42B3-AC6F-A10E58249015}.Ad-Hoc|iPhone.ActiveCfg = Release|Any CPU
		{78FE291E-B29F-42B3-AC6F-A10E58249015}.Ad-Hoc|iPhoneSimulator.ActiveCfg = Release|Any CPU
		{78FE291E-B29F-42B3-AC6F-A10E58249015}.Ad-Hoc|Mixed Platforms.ActiveCfg = Release|Any CPU
		{78FE291E-B29F-42B3-AC6F-A10E58249015}.Ad-Hoc|Mixed Platforms.Build.0 = Release|Any CPU
		{78FE291E-B29F-42B3-AC6F-A10E58249015}.Ad-Hoc|x86.ActiveCfg = Release|Any CPU
		{78FE291E-B29F-42B3-AC6F-A10E58249015}.AppStore|Any CPU.ActiveCfg = Release|Any CPU
		{78FE291E-B29F-42B3-AC6F-A10E58249015}.AppStore|Any CPU.Build.0 = Release|Any CPU
		{78FE291E-B29F-42B3-AC6F-A10E58249015}.AppStore|ARM.ActiveCfg = Release|Any CPU
		{78FE291E-B29F-42B3-AC6F-A10E58249015}.AppStore|iPhone.ActiveCfg = Release|Any CPU
		{78FE291E-B29F-42B3-AC6F-A10E58249015}.AppStore|iPhoneSimulator.ActiveCfg = Release|Any CPU
		{78FE291E-B29F-42B3-AC6F-A10E58249015}.AppStore|Mixed Platforms.ActiveCfg = Release|Any CPU
		{78FE291E-B29F-42B3-AC6F-A10E58249015}.AppStore|Mixed Platforms.Build.0 = Release|Any CPU
		{78FE291E-B29F-42B3-AC6F-A10E58249015}.AppStore|x86.ActiveCfg = Release|Any CPU
		{78FE291E-B29F-42B3-AC6F-A10E58249015}.Debug|Any CPU.ActiveCfg = Debug|Any CPU
		{78FE291E-B29F-42B3-AC6F-A10E58249015}.Debug|Any CPU.Build.0 = Debug|Any CPU
		{78FE291E-B29F-42B3-AC6F-A10E58249015}.Debug|ARM.ActiveCfg = Debug|Any CPU
		{78FE291E-B29F-42B3-AC6F-A10E58249015}.Debug|iPhone.ActiveCfg = Debug|Any CPU
		{78FE291E-B29F-42B3-AC6F-A10E58249015}.Debug|iPhoneSimulator.ActiveCfg = Debug|Any CPU
		{78FE291E-B29F-42B3-AC6F-A10E58249015}.Debug|Mixed Platforms.ActiveCfg = Debug|Any CPU
		{78FE291E-B29F-42B3-AC6F-A10E58249015}.Debug|Mixed Platforms.Build.0 = Debug|Any CPU
		{78FE291E-B29F-42B3-AC6F-A10E58249015}.Debug|x86.ActiveCfg = Debug|Any CPU
		{78FE291E-B29F-42B3-AC6F-A10E58249015}.Release|Any CPU.ActiveCfg = Release|Any CPU
		{78FE291E-B29F-42B3-AC6F-A10E58249015}.Release|Any CPU.Build.0 = Release|Any CPU
		{78FE291E-B29F-42B3-AC6F-A10E58249015}.Release|ARM.ActiveCfg = Release|Any CPU
		{78FE291E-B29F-42B3-AC6F-A10E58249015}.Release|iPhone.ActiveCfg = Release|Any CPU
		{78FE291E-B29F-42B3-AC6F-A10E58249015}.Release|iPhoneSimulator.ActiveCfg = Release|Any CPU
		{78FE291E-B29F-42B3-AC6F-A10E58249015}.Release|Mixed Platforms.ActiveCfg = Release|Any CPU
		{78FE291E-B29F-42B3-AC6F-A10E58249015}.Release|Mixed Platforms.Build.0 = Release|Any CPU
		{78FE291E-B29F-42B3-AC6F-A10E58249015}.Release|x86.ActiveCfg = Release|Any CPU
		{DF57FFCE-0BB5-4886-B8E2-279C518C4F4B}.Ad-Hoc|Any CPU.ActiveCfg = Ad-Hoc|iPhone
		{DF57FFCE-0BB5-4886-B8E2-279C518C4F4B}.Ad-Hoc|ARM.ActiveCfg = Ad-Hoc|iPhone
		{DF57FFCE-0BB5-4886-B8E2-279C518C4F4B}.Ad-Hoc|iPhone.ActiveCfg = Ad-Hoc|iPhone
		{DF57FFCE-0BB5-4886-B8E2-279C518C4F4B}.Ad-Hoc|iPhone.Build.0 = Ad-Hoc|iPhone
		{DF57FFCE-0BB5-4886-B8E2-279C518C4F4B}.Ad-Hoc|iPhoneSimulator.ActiveCfg = Ad-Hoc|iPhoneSimulator
		{DF57FFCE-0BB5-4886-B8E2-279C518C4F4B}.Ad-Hoc|iPhoneSimulator.Build.0 = Ad-Hoc|iPhoneSimulator
		{DF57FFCE-0BB5-4886-B8E2-279C518C4F4B}.Ad-Hoc|Mixed Platforms.ActiveCfg = Ad-Hoc|iPhone
		{DF57FFCE-0BB5-4886-B8E2-279C518C4F4B}.Ad-Hoc|Mixed Platforms.Build.0 = Ad-Hoc|iPhone
		{DF57FFCE-0BB5-4886-B8E2-279C518C4F4B}.Ad-Hoc|x86.ActiveCfg = Ad-Hoc|iPhone
		{DF57FFCE-0BB5-4886-B8E2-279C518C4F4B}.AppStore|Any CPU.ActiveCfg = AppStore|iPhone
		{DF57FFCE-0BB5-4886-B8E2-279C518C4F4B}.AppStore|ARM.ActiveCfg = AppStore|iPhone
		{DF57FFCE-0BB5-4886-B8E2-279C518C4F4B}.AppStore|iPhone.ActiveCfg = AppStore|iPhone
		{DF57FFCE-0BB5-4886-B8E2-279C518C4F4B}.AppStore|iPhone.Build.0 = AppStore|iPhone
		{DF57FFCE-0BB5-4886-B8E2-279C518C4F4B}.AppStore|iPhoneSimulator.ActiveCfg = AppStore|iPhoneSimulator
		{DF57FFCE-0BB5-4886-B8E2-279C518C4F4B}.AppStore|iPhoneSimulator.Build.0 = AppStore|iPhoneSimulator
		{DF57FFCE-0BB5-4886-B8E2-279C518C4F4B}.AppStore|Mixed Platforms.ActiveCfg = AppStore|iPhone
		{DF57FFCE-0BB5-4886-B8E2-279C518C4F4B}.AppStore|Mixed Platforms.Build.0 = AppStore|iPhone
		{DF57FFCE-0BB5-4886-B8E2-279C518C4F4B}.AppStore|x86.ActiveCfg = AppStore|iPhone
		{DF57FFCE-0BB5-4886-B8E2-279C518C4F4B}.Debug|Any CPU.ActiveCfg = Debug|iPhone
		{DF57FFCE-0BB5-4886-B8E2-279C518C4F4B}.Debug|ARM.ActiveCfg = Debug|iPhone
		{DF57FFCE-0BB5-4886-B8E2-279C518C4F4B}.Debug|iPhone.ActiveCfg = Debug|iPhone
		{DF57FFCE-0BB5-4886-B8E2-279C518C4F4B}.Debug|iPhone.Build.0 = Debug|iPhone
		{DF57FFCE-0BB5-4886-B8E2-279C518C4F4B}.Debug|iPhoneSimulator.ActiveCfg = Debug|iPhoneSimulator
		{DF57FFCE-0BB5-4886-B8E2-279C518C4F4B}.Debug|iPhoneSimulator.Build.0 = Debug|iPhoneSimulator
		{DF57FFCE-0BB5-4886-B8E2-279C518C4F4B}.Debug|Mixed Platforms.ActiveCfg = Debug|iPhone
		{DF57FFCE-0BB5-4886-B8E2-279C518C4F4B}.Debug|Mixed Platforms.Build.0 = Debug|iPhone
		{DF57FFCE-0BB5-4886-B8E2-279C518C4F4B}.Debug|x86.ActiveCfg = Debug|iPhone
		{DF57FFCE-0BB5-4886-B8E2-279C518C4F4B}.Release|Any CPU.ActiveCfg = Release|iPhone
		{DF57FFCE-0BB5-4886-B8E2-279C518C4F4B}.Release|ARM.ActiveCfg = Release|iPhone
		{DF57FFCE-0BB5-4886-B8E2-279C518C4F4B}.Release|iPhone.ActiveCfg = Release|iPhone
		{DF57FFCE-0BB5-4886-B8E2-279C518C4F4B}.Release|iPhone.Build.0 = Release|iPhone
		{DF57FFCE-0BB5-4886-B8E2-279C518C4F4B}.Release|iPhoneSimulator.ActiveCfg = Release|iPhoneSimulator
		{DF57FFCE-0BB5-4886-B8E2-279C518C4F4B}.Release|iPhoneSimulator.Build.0 = Release|iPhoneSimulator
		{DF57FFCE-0BB5-4886-B8E2-279C518C4F4B}.Release|Mixed Platforms.ActiveCfg = Release|iPhone
		{DF57FFCE-0BB5-4886-B8E2-279C518C4F4B}.Release|Mixed Platforms.Build.0 = Release|iPhone
		{DF57FFCE-0BB5-4886-B8E2-279C518C4F4B}.Release|x86.ActiveCfg = Release|iPhone
		{C5BFA0D9-6653-4549-B3A6-AD6B58886168}.Ad-Hoc|Any CPU.ActiveCfg = Release|Any CPU
		{C5BFA0D9-6653-4549-B3A6-AD6B58886168}.Ad-Hoc|Any CPU.Build.0 = Release|Any CPU
		{C5BFA0D9-6653-4549-B3A6-AD6B58886168}.Ad-Hoc|Any CPU.Deploy.0 = Release|Any CPU
		{C5BFA0D9-6653-4549-B3A6-AD6B58886168}.Ad-Hoc|ARM.ActiveCfg = Release|Any CPU
		{C5BFA0D9-6653-4549-B3A6-AD6B58886168}.Ad-Hoc|iPhone.ActiveCfg = Release|Any CPU
		{C5BFA0D9-6653-4549-B3A6-AD6B58886168}.Ad-Hoc|iPhoneSimulator.ActiveCfg = Release|Any CPU
		{C5BFA0D9-6653-4549-B3A6-AD6B58886168}.Ad-Hoc|Mixed Platforms.ActiveCfg = Release|Any CPU
		{C5BFA0D9-6653-4549-B3A6-AD6B58886168}.Ad-Hoc|Mixed Platforms.Build.0 = Release|Any CPU
		{C5BFA0D9-6653-4549-B3A6-AD6B58886168}.Ad-Hoc|Mixed Platforms.Deploy.0 = Release|Any CPU
		{C5BFA0D9-6653-4549-B3A6-AD6B58886168}.Ad-Hoc|x86.ActiveCfg = Release|Any CPU
		{C5BFA0D9-6653-4549-B3A6-AD6B58886168}.AppStore|Any CPU.ActiveCfg = Release|Any CPU
		{C5BFA0D9-6653-4549-B3A6-AD6B58886168}.AppStore|Any CPU.Build.0 = Release|Any CPU
		{C5BFA0D9-6653-4549-B3A6-AD6B58886168}.AppStore|Any CPU.Deploy.0 = Release|Any CPU
		{C5BFA0D9-6653-4549-B3A6-AD6B58886168}.AppStore|ARM.ActiveCfg = Release|Any CPU
		{C5BFA0D9-6653-4549-B3A6-AD6B58886168}.AppStore|iPhone.ActiveCfg = Release|Any CPU
		{C5BFA0D9-6653-4549-B3A6-AD6B58886168}.AppStore|iPhoneSimulator.ActiveCfg = Release|Any CPU
		{C5BFA0D9-6653-4549-B3A6-AD6B58886168}.AppStore|Mixed Platforms.ActiveCfg = Release|Any CPU
		{C5BFA0D9-6653-4549-B3A6-AD6B58886168}.AppStore|Mixed Platforms.Build.0 = Release|Any CPU
		{C5BFA0D9-6653-4549-B3A6-AD6B58886168}.AppStore|Mixed Platforms.Deploy.0 = Release|Any CPU
		{C5BFA0D9-6653-4549-B3A6-AD6B58886168}.AppStore|x86.ActiveCfg = Release|Any CPU
		{C5BFA0D9-6653-4549-B3A6-AD6B58886168}.Debug|Any CPU.ActiveCfg = Debug|Any CPU
		{C5BFA0D9-6653-4549-B3A6-AD6B58886168}.Debug|Any CPU.Build.0 = Debug|Any CPU
		{C5BFA0D9-6653-4549-B3A6-AD6B58886168}.Debug|Any CPU.Deploy.0 = Debug|Any CPU
		{C5BFA0D9-6653-4549-B3A6-AD6B58886168}.Debug|ARM.ActiveCfg = Debug|Any CPU
		{C5BFA0D9-6653-4549-B3A6-AD6B58886168}.Debug|iPhone.ActiveCfg = Debug|Any CPU
		{C5BFA0D9-6653-4549-B3A6-AD6B58886168}.Debug|iPhoneSimulator.ActiveCfg = Debug|Any CPU
		{C5BFA0D9-6653-4549-B3A6-AD6B58886168}.Debug|Mixed Platforms.ActiveCfg = Debug|Any CPU
		{C5BFA0D9-6653-4549-B3A6-AD6B58886168}.Debug|Mixed Platforms.Build.0 = Debug|Any CPU
		{C5BFA0D9-6653-4549-B3A6-AD6B58886168}.Debug|Mixed Platforms.Deploy.0 = Debug|Any CPU
		{C5BFA0D9-6653-4549-B3A6-AD6B58886168}.Debug|x86.ActiveCfg = Debug|Any CPU
		{C5BFA0D9-6653-4549-B3A6-AD6B58886168}.Release|Any CPU.ActiveCfg = Release|Any CPU
		{C5BFA0D9-6653-4549-B3A6-AD6B58886168}.Release|Any CPU.Build.0 = Release|Any CPU
		{C5BFA0D9-6653-4549-B3A6-AD6B58886168}.Release|Any CPU.Deploy.0 = Release|Any CPU
		{C5BFA0D9-6653-4549-B3A6-AD6B58886168}.Release|ARM.ActiveCfg = Release|Any CPU
		{C5BFA0D9-6653-4549-B3A6-AD6B58886168}.Release|iPhone.ActiveCfg = Release|Any CPU
		{C5BFA0D9-6653-4549-B3A6-AD6B58886168}.Release|iPhoneSimulator.ActiveCfg = Release|Any CPU
		{C5BFA0D9-6653-4549-B3A6-AD6B58886168}.Release|Mixed Platforms.ActiveCfg = Release|Any CPU
		{C5BFA0D9-6653-4549-B3A6-AD6B58886168}.Release|Mixed Platforms.Build.0 = Release|Any CPU
		{C5BFA0D9-6653-4549-B3A6-AD6B58886168}.Release|Mixed Platforms.Deploy.0 = Release|Any CPU
		{C5BFA0D9-6653-4549-B3A6-AD6B58886168}.Release|x86.ActiveCfg = Release|Any CPU
		{44FD347A-1788-443B-B7CD-AE7CBF385C76}.Ad-Hoc|Any CPU.ActiveCfg = Release|Any CPU
		{44FD347A-1788-443B-B7CD-AE7CBF385C76}.Ad-Hoc|Any CPU.Build.0 = Release|Any CPU
		{44FD347A-1788-443B-B7CD-AE7CBF385C76}.Ad-Hoc|Any CPU.Deploy.0 = Release|Any CPU
		{44FD347A-1788-443B-B7CD-AE7CBF385C76}.Ad-Hoc|ARM.ActiveCfg = Release|ARM
		{44FD347A-1788-443B-B7CD-AE7CBF385C76}.Ad-Hoc|ARM.Build.0 = Release|ARM
		{44FD347A-1788-443B-B7CD-AE7CBF385C76}.Ad-Hoc|ARM.Deploy.0 = Release|ARM
		{44FD347A-1788-443B-B7CD-AE7CBF385C76}.Ad-Hoc|iPhone.ActiveCfg = Release|Any CPU
		{44FD347A-1788-443B-B7CD-AE7CBF385C76}.Ad-Hoc|iPhoneSimulator.ActiveCfg = Release|Any CPU
		{44FD347A-1788-443B-B7CD-AE7CBF385C76}.Ad-Hoc|Mixed Platforms.ActiveCfg = Release|x86
		{44FD347A-1788-443B-B7CD-AE7CBF385C76}.Ad-Hoc|Mixed Platforms.Build.0 = Release|x86
		{44FD347A-1788-443B-B7CD-AE7CBF385C76}.Ad-Hoc|Mixed Platforms.Deploy.0 = Release|x86
		{44FD347A-1788-443B-B7CD-AE7CBF385C76}.Ad-Hoc|x86.ActiveCfg = Release|x86
		{44FD347A-1788-443B-B7CD-AE7CBF385C76}.Ad-Hoc|x86.Build.0 = Release|x86
		{44FD347A-1788-443B-B7CD-AE7CBF385C76}.Ad-Hoc|x86.Deploy.0 = Release|x86
		{44FD347A-1788-443B-B7CD-AE7CBF385C76}.AppStore|Any CPU.ActiveCfg = Release|Any CPU
		{44FD347A-1788-443B-B7CD-AE7CBF385C76}.AppStore|Any CPU.Build.0 = Release|Any CPU
		{44FD347A-1788-443B-B7CD-AE7CBF385C76}.AppStore|Any CPU.Deploy.0 = Release|Any CPU
		{44FD347A-1788-443B-B7CD-AE7CBF385C76}.AppStore|ARM.ActiveCfg = Release|ARM
		{44FD347A-1788-443B-B7CD-AE7CBF385C76}.AppStore|ARM.Build.0 = Release|ARM
		{44FD347A-1788-443B-B7CD-AE7CBF385C76}.AppStore|ARM.Deploy.0 = Release|ARM
		{44FD347A-1788-443B-B7CD-AE7CBF385C76}.AppStore|iPhone.ActiveCfg = Release|Any CPU
		{44FD347A-1788-443B-B7CD-AE7CBF385C76}.AppStore|iPhoneSimulator.ActiveCfg = Release|Any CPU
		{44FD347A-1788-443B-B7CD-AE7CBF385C76}.AppStore|Mixed Platforms.ActiveCfg = Release|x86
		{44FD347A-1788-443B-B7CD-AE7CBF385C76}.AppStore|Mixed Platforms.Build.0 = Release|x86
		{44FD347A-1788-443B-B7CD-AE7CBF385C76}.AppStore|Mixed Platforms.Deploy.0 = Release|x86
		{44FD347A-1788-443B-B7CD-AE7CBF385C76}.AppStore|x86.ActiveCfg = Release|x86
		{44FD347A-1788-443B-B7CD-AE7CBF385C76}.AppStore|x86.Build.0 = Release|x86
		{44FD347A-1788-443B-B7CD-AE7CBF385C76}.AppStore|x86.Deploy.0 = Release|x86
		{44FD347A-1788-443B-B7CD-AE7CBF385C76}.Debug|Any CPU.ActiveCfg = Debug|Any CPU
		{44FD347A-1788-443B-B7CD-AE7CBF385C76}.Debug|Any CPU.Build.0 = Debug|Any CPU
		{44FD347A-1788-443B-B7CD-AE7CBF385C76}.Debug|Any CPU.Deploy.0 = Debug|Any CPU
		{44FD347A-1788-443B-B7CD-AE7CBF385C76}.Debug|ARM.ActiveCfg = Debug|ARM
		{44FD347A-1788-443B-B7CD-AE7CBF385C76}.Debug|ARM.Build.0 = Debug|ARM
		{44FD347A-1788-443B-B7CD-AE7CBF385C76}.Debug|ARM.Deploy.0 = Debug|ARM
		{44FD347A-1788-443B-B7CD-AE7CBF385C76}.Debug|iPhone.ActiveCfg = Debug|Any CPU
		{44FD347A-1788-443B-B7CD-AE7CBF385C76}.Debug|iPhoneSimulator.ActiveCfg = Debug|Any CPU
		{44FD347A-1788-443B-B7CD-AE7CBF385C76}.Debug|Mixed Platforms.ActiveCfg = Debug|x86
		{44FD347A-1788-443B-B7CD-AE7CBF385C76}.Debug|Mixed Platforms.Build.0 = Debug|x86
		{44FD347A-1788-443B-B7CD-AE7CBF385C76}.Debug|Mixed Platforms.Deploy.0 = Debug|x86
		{44FD347A-1788-443B-B7CD-AE7CBF385C76}.Debug|x86.ActiveCfg = Debug|x86
		{44FD347A-1788-443B-B7CD-AE7CBF385C76}.Debug|x86.Build.0 = Debug|x86
		{44FD347A-1788-443B-B7CD-AE7CBF385C76}.Debug|x86.Deploy.0 = Debug|x86
		{44FD347A-1788-443B-B7CD-AE7CBF385C76}.Release|Any CPU.ActiveCfg = Release|Any CPU
		{44FD347A-1788-443B-B7CD-AE7CBF385C76}.Release|Any CPU.Build.0 = Release|Any CPU
		{44FD347A-1788-443B-B7CD-AE7CBF385C76}.Release|Any CPU.Deploy.0 = Release|Any CPU
		{44FD347A-1788-443B-B7CD-AE7CBF385C76}.Release|ARM.ActiveCfg = Release|ARM
		{44FD347A-1788-443B-B7CD-AE7CBF385C76}.Release|ARM.Build.0 = Release|ARM
		{44FD347A-1788-443B-B7CD-AE7CBF385C76}.Release|ARM.Deploy.0 = Release|ARM
		{44FD347A-1788-443B-B7CD-AE7CBF385C76}.Release|iPhone.ActiveCfg = Release|Any CPU
		{44FD347A-1788-443B-B7CD-AE7CBF385C76}.Release|iPhoneSimulator.ActiveCfg = Release|Any CPU
		{44FD347A-1788-443B-B7CD-AE7CBF385C76}.Release|Mixed Platforms.ActiveCfg = Release|x86
		{44FD347A-1788-443B-B7CD-AE7CBF385C76}.Release|Mixed Platforms.Build.0 = Release|x86
		{44FD347A-1788-443B-B7CD-AE7CBF385C76}.Release|Mixed Platforms.Deploy.0 = Release|x86
		{44FD347A-1788-443B-B7CD-AE7CBF385C76}.Release|x86.ActiveCfg = Release|x86
		{44FD347A-1788-443B-B7CD-AE7CBF385C76}.Release|x86.Build.0 = Release|x86
		{44FD347A-1788-443B-B7CD-AE7CBF385C76}.Release|x86.Deploy.0 = Release|x86
		{EBB250A6-CEE6-440D-9A50-632A733FDDDE}.Ad-Hoc|Any CPU.ActiveCfg = Release|Any CPU
		{EBB250A6-CEE6-440D-9A50-632A733FDDDE}.Ad-Hoc|Any CPU.Build.0 = Release|Any CPU
		{EBB250A6-CEE6-440D-9A50-632A733FDDDE}.Ad-Hoc|ARM.ActiveCfg = Release|Any CPU
		{EBB250A6-CEE6-440D-9A50-632A733FDDDE}.Ad-Hoc|iPhone.ActiveCfg = Release|Any CPU
		{EBB250A6-CEE6-440D-9A50-632A733FDDDE}.Ad-Hoc|iPhoneSimulator.ActiveCfg = Release|Any CPU
		{EBB250A6-CEE6-440D-9A50-632A733FDDDE}.Ad-Hoc|Mixed Platforms.ActiveCfg = Release|Any CPU
		{EBB250A6-CEE6-440D-9A50-632A733FDDDE}.Ad-Hoc|Mixed Platforms.Build.0 = Release|Any CPU
		{EBB250A6-CEE6-440D-9A50-632A733FDDDE}.Ad-Hoc|x86.ActiveCfg = Release|Any CPU
		{EBB250A6-CEE6-440D-9A50-632A733FDDDE}.AppStore|Any CPU.ActiveCfg = Release|Any CPU
		{EBB250A6-CEE6-440D-9A50-632A733FDDDE}.AppStore|Any CPU.Build.0 = Release|Any CPU
		{EBB250A6-CEE6-440D-9A50-632A733FDDDE}.AppStore|ARM.ActiveCfg = Release|Any CPU
		{EBB250A6-CEE6-440D-9A50-632A733FDDDE}.AppStore|iPhone.ActiveCfg = Release|Any CPU
		{EBB250A6-CEE6-440D-9A50-632A733FDDDE}.AppStore|iPhoneSimulator.ActiveCfg = Release|Any CPU
		{EBB250A6-CEE6-440D-9A50-632A733FDDDE}.AppStore|Mixed Platforms.ActiveCfg = Release|Any CPU
		{EBB250A6-CEE6-440D-9A50-632A733FDDDE}.AppStore|Mixed Platforms.Build.0 = Release|Any CPU
		{EBB250A6-CEE6-440D-9A50-632A733FDDDE}.AppStore|x86.ActiveCfg = Release|Any CPU
		{EBB250A6-CEE6-440D-9A50-632A733FDDDE}.Debug|Any CPU.ActiveCfg = Debug|Any CPU
		{EBB250A6-CEE6-440D-9A50-632A733FDDDE}.Debug|Any CPU.Build.0 = Debug|Any CPU
		{EBB250A6-CEE6-440D-9A50-632A733FDDDE}.Debug|ARM.ActiveCfg = Debug|Any CPU
		{EBB250A6-CEE6-440D-9A50-632A733FDDDE}.Debug|iPhone.ActiveCfg = Debug|Any CPU
		{EBB250A6-CEE6-440D-9A50-632A733FDDDE}.Debug|iPhoneSimulator.ActiveCfg = Debug|Any CPU
		{EBB250A6-CEE6-440D-9A50-632A733FDDDE}.Debug|Mixed Platforms.ActiveCfg = Debug|Any CPU
		{EBB250A6-CEE6-440D-9A50-632A733FDDDE}.Debug|Mixed Platforms.Build.0 = Debug|Any CPU
		{EBB250A6-CEE6-440D-9A50-632A733FDDDE}.Debug|x86.ActiveCfg = Debug|Any CPU
		{EBB250A6-CEE6-440D-9A50-632A733FDDDE}.Release|Any CPU.ActiveCfg = Release|Any CPU
		{EBB250A6-CEE6-440D-9A50-632A733FDDDE}.Release|Any CPU.Build.0 = Release|Any CPU
		{EBB250A6-CEE6-440D-9A50-632A733FDDDE}.Release|ARM.ActiveCfg = Release|Any CPU
		{EBB250A6-CEE6-440D-9A50-632A733FDDDE}.Release|iPhone.ActiveCfg = Release|Any CPU
		{EBB250A6-CEE6-440D-9A50-632A733FDDDE}.Release|iPhoneSimulator.ActiveCfg = Release|Any CPU
		{EBB250A6-CEE6-440D-9A50-632A733FDDDE}.Release|Mixed Platforms.ActiveCfg = Release|Any CPU
		{EBB250A6-CEE6-440D-9A50-632A733FDDDE}.Release|Mixed Platforms.Build.0 = Release|Any CPU
		{EBB250A6-CEE6-440D-9A50-632A733FDDDE}.Release|x86.ActiveCfg = Release|Any CPU
		{9FD047D4-8DBD-4A3B-9F2F-FCE207D7DA19}.Ad-Hoc|Any CPU.ActiveCfg = Release|Any CPU
		{9FD047D4-8DBD-4A3B-9F2F-FCE207D7DA19}.Ad-Hoc|Any CPU.Build.0 = Release|Any CPU
		{9FD047D4-8DBD-4A3B-9F2F-FCE207D7DA19}.Ad-Hoc|Any CPU.Deploy.0 = Release|Any CPU
		{9FD047D4-8DBD-4A3B-9F2F-FCE207D7DA19}.Ad-Hoc|ARM.ActiveCfg = Release|Any CPU
		{9FD047D4-8DBD-4A3B-9F2F-FCE207D7DA19}.Ad-Hoc|iPhone.ActiveCfg = Release|Any CPU
		{9FD047D4-8DBD-4A3B-9F2F-FCE207D7DA19}.Ad-Hoc|iPhoneSimulator.ActiveCfg = Release|Any CPU
		{9FD047D4-8DBD-4A3B-9F2F-FCE207D7DA19}.Ad-Hoc|Mixed Platforms.ActiveCfg = Release|Any CPU
		{9FD047D4-8DBD-4A3B-9F2F-FCE207D7DA19}.Ad-Hoc|Mixed Platforms.Build.0 = Release|Any CPU
		{9FD047D4-8DBD-4A3B-9F2F-FCE207D7DA19}.Ad-Hoc|Mixed Platforms.Deploy.0 = Release|Any CPU
		{9FD047D4-8DBD-4A3B-9F2F-FCE207D7DA19}.Ad-Hoc|x86.ActiveCfg = Release|Any CPU
		{9FD047D4-8DBD-4A3B-9F2F-FCE207D7DA19}.AppStore|Any CPU.ActiveCfg = Release|Any CPU
		{9FD047D4-8DBD-4A3B-9F2F-FCE207D7DA19}.AppStore|Any CPU.Build.0 = Release|Any CPU
		{9FD047D4-8DBD-4A3B-9F2F-FCE207D7DA19}.AppStore|Any CPU.Deploy.0 = Release|Any CPU
		{9FD047D4-8DBD-4A3B-9F2F-FCE207D7DA19}.AppStore|ARM.ActiveCfg = Release|Any CPU
		{9FD047D4-8DBD-4A3B-9F2F-FCE207D7DA19}.AppStore|iPhone.ActiveCfg = Release|Any CPU
		{9FD047D4-8DBD-4A3B-9F2F-FCE207D7DA19}.AppStore|iPhoneSimulator.ActiveCfg = Release|Any CPU
		{9FD047D4-8DBD-4A3B-9F2F-FCE207D7DA19}.AppStore|Mixed Platforms.ActiveCfg = Release|Any CPU
		{9FD047D4-8DBD-4A3B-9F2F-FCE207D7DA19}.AppStore|Mixed Platforms.Build.0 = Release|Any CPU
		{9FD047D4-8DBD-4A3B-9F2F-FCE207D7DA19}.AppStore|Mixed Platforms.Deploy.0 = Release|Any CPU
		{9FD047D4-8DBD-4A3B-9F2F-FCE207D7DA19}.AppStore|x86.ActiveCfg = Release|Any CPU
		{9FD047D4-8DBD-4A3B-9F2F-FCE207D7DA19}.Debug|Any CPU.ActiveCfg = Debug|Any CPU
		{9FD047D4-8DBD-4A3B-9F2F-FCE207D7DA19}.Debug|Any CPU.Build.0 = Debug|Any CPU
		{9FD047D4-8DBD-4A3B-9F2F-FCE207D7DA19}.Debug|Any CPU.Deploy.0 = Debug|Any CPU
		{9FD047D4-8DBD-4A3B-9F2F-FCE207D7DA19}.Debug|ARM.ActiveCfg = Debug|Any CPU
		{9FD047D4-8DBD-4A3B-9F2F-FCE207D7DA19}.Debug|iPhone.ActiveCfg = Debug|Any CPU
		{9FD047D4-8DBD-4A3B-9F2F-FCE207D7DA19}.Debug|iPhoneSimulator.ActiveCfg = Debug|Any CPU
		{9FD047D4-8DBD-4A3B-9F2F-FCE207D7DA19}.Debug|Mixed Platforms.ActiveCfg = Debug|Any CPU
		{9FD047D4-8DBD-4A3B-9F2F-FCE207D7DA19}.Debug|Mixed Platforms.Build.0 = Debug|Any CPU
		{9FD047D4-8DBD-4A3B-9F2F-FCE207D7DA19}.Debug|Mixed Platforms.Deploy.0 = Debug|Any CPU
		{9FD047D4-8DBD-4A3B-9F2F-FCE207D7DA19}.Debug|x86.ActiveCfg = Debug|Any CPU
		{9FD047D4-8DBD-4A3B-9F2F-FCE207D7DA19}.Release|Any CPU.ActiveCfg = Release|Any CPU
		{9FD047D4-8DBD-4A3B-9F2F-FCE207D7DA19}.Release|Any CPU.Build.0 = Release|Any CPU
		{9FD047D4-8DBD-4A3B-9F2F-FCE207D7DA19}.Release|Any CPU.Deploy.0 = Release|Any CPU
		{9FD047D4-8DBD-4A3B-9F2F-FCE207D7DA19}.Release|ARM.ActiveCfg = Release|Any CPU
		{9FD047D4-8DBD-4A3B-9F2F-FCE207D7DA19}.Release|iPhone.ActiveCfg = Release|Any CPU
		{9FD047D4-8DBD-4A3B-9F2F-FCE207D7DA19}.Release|iPhoneSimulator.ActiveCfg = Release|Any CPU
		{9FD047D4-8DBD-4A3B-9F2F-FCE207D7DA19}.Release|Mixed Platforms.ActiveCfg = Release|Any CPU
		{9FD047D4-8DBD-4A3B-9F2F-FCE207D7DA19}.Release|Mixed Platforms.Build.0 = Release|Any CPU
		{9FD047D4-8DBD-4A3B-9F2F-FCE207D7DA19}.Release|Mixed Platforms.Deploy.0 = Release|Any CPU
		{9FD047D4-8DBD-4A3B-9F2F-FCE207D7DA19}.Release|x86.ActiveCfg = Release|Any CPU
		{B3701A2D-D390-4472-84A1-3887E17987C4}.Ad-Hoc|Any CPU.ActiveCfg = Ad-Hoc|iPhone
		{B3701A2D-D390-4472-84A1-3887E17987C4}.Ad-Hoc|ARM.ActiveCfg = Ad-Hoc|iPhone
		{B3701A2D-D390-4472-84A1-3887E17987C4}.Ad-Hoc|iPhone.ActiveCfg = Ad-Hoc|iPhone
		{B3701A2D-D390-4472-84A1-3887E17987C4}.Ad-Hoc|iPhone.Build.0 = Ad-Hoc|iPhone
		{B3701A2D-D390-4472-84A1-3887E17987C4}.Ad-Hoc|iPhoneSimulator.ActiveCfg = Ad-Hoc|iPhoneSimulator
		{B3701A2D-D390-4472-84A1-3887E17987C4}.Ad-Hoc|iPhoneSimulator.Build.0 = Ad-Hoc|iPhoneSimulator
		{B3701A2D-D390-4472-84A1-3887E17987C4}.Ad-Hoc|Mixed Platforms.ActiveCfg = Ad-Hoc|iPhone
		{B3701A2D-D390-4472-84A1-3887E17987C4}.Ad-Hoc|Mixed Platforms.Build.0 = Ad-Hoc|iPhone
		{B3701A2D-D390-4472-84A1-3887E17987C4}.Ad-Hoc|x86.ActiveCfg = Ad-Hoc|iPhone
		{B3701A2D-D390-4472-84A1-3887E17987C4}.AppStore|Any CPU.ActiveCfg = AppStore|iPhone
		{B3701A2D-D390-4472-84A1-3887E17987C4}.AppStore|ARM.ActiveCfg = AppStore|iPhone
		{B3701A2D-D390-4472-84A1-3887E17987C4}.AppStore|iPhone.ActiveCfg = AppStore|iPhone
		{B3701A2D-D390-4472-84A1-3887E17987C4}.AppStore|iPhone.Build.0 = AppStore|iPhone
		{B3701A2D-D390-4472-84A1-3887E17987C4}.AppStore|iPhoneSimulator.ActiveCfg = AppStore|iPhoneSimulator
		{B3701A2D-D390-4472-84A1-3887E17987C4}.AppStore|iPhoneSimulator.Build.0 = AppStore|iPhoneSimulator
		{B3701A2D-D390-4472-84A1-3887E17987C4}.AppStore|Mixed Platforms.ActiveCfg = AppStore|iPhone
		{B3701A2D-D390-4472-84A1-3887E17987C4}.AppStore|Mixed Platforms.Build.0 = AppStore|iPhone
		{B3701A2D-D390-4472-84A1-3887E17987C4}.AppStore|x86.ActiveCfg = AppStore|iPhone
		{B3701A2D-D390-4472-84A1-3887E17987C4}.Debug|Any CPU.ActiveCfg = Debug|iPhone
		{B3701A2D-D390-4472-84A1-3887E17987C4}.Debug|ARM.ActiveCfg = Debug|iPhone
		{B3701A2D-D390-4472-84A1-3887E17987C4}.Debug|iPhone.ActiveCfg = Debug|iPhone
		{B3701A2D-D390-4472-84A1-3887E17987C4}.Debug|iPhone.Build.0 = Debug|iPhone
		{B3701A2D-D390-4472-84A1-3887E17987C4}.Debug|iPhoneSimulator.ActiveCfg = Debug|iPhoneSimulator
		{B3701A2D-D390-4472-84A1-3887E17987C4}.Debug|iPhoneSimulator.Build.0 = Debug|iPhoneSimulator
		{B3701A2D-D390-4472-84A1-3887E17987C4}.Debug|Mixed Platforms.ActiveCfg = Debug|iPhone
		{B3701A2D-D390-4472-84A1-3887E17987C4}.Debug|Mixed Platforms.Build.0 = Debug|iPhone
		{B3701A2D-D390-4472-84A1-3887E17987C4}.Debug|x86.ActiveCfg = Debug|iPhone
		{B3701A2D-D390-4472-84A1-3887E17987C4}.Release|Any CPU.ActiveCfg = Release|iPhone
		{B3701A2D-D390-4472-84A1-3887E17987C4}.Release|ARM.ActiveCfg = Release|iPhone
		{B3701A2D-D390-4472-84A1-3887E17987C4}.Release|iPhone.ActiveCfg = Release|iPhone
		{B3701A2D-D390-4472-84A1-3887E17987C4}.Release|iPhone.Build.0 = Release|iPhone
		{B3701A2D-D390-4472-84A1-3887E17987C4}.Release|iPhoneSimulator.ActiveCfg = Release|iPhoneSimulator
		{B3701A2D-D390-4472-84A1-3887E17987C4}.Release|iPhoneSimulator.Build.0 = Release|iPhoneSimulator
		{B3701A2D-D390-4472-84A1-3887E17987C4}.Release|Mixed Platforms.ActiveCfg = Release|iPhone
		{B3701A2D-D390-4472-84A1-3887E17987C4}.Release|Mixed Platforms.Build.0 = Release|iPhone
		{B3701A2D-D390-4472-84A1-3887E17987C4}.Release|x86.ActiveCfg = Release|iPhone
		{7EBEE213-E4E9-4963-9028-0D01F44224FF}.Ad-Hoc|Any CPU.ActiveCfg = Release|Any CPU
		{7EBEE213-E4E9-4963-9028-0D01F44224FF}.Ad-Hoc|Any CPU.Build.0 = Release|Any CPU
		{7EBEE213-E4E9-4963-9028-0D01F44224FF}.Ad-Hoc|Any CPU.Deploy.0 = Release|Any CPU
		{7EBEE213-E4E9-4963-9028-0D01F44224FF}.Ad-Hoc|ARM.ActiveCfg = Release|ARM
		{7EBEE213-E4E9-4963-9028-0D01F44224FF}.Ad-Hoc|ARM.Build.0 = Release|ARM
		{7EBEE213-E4E9-4963-9028-0D01F44224FF}.Ad-Hoc|ARM.Deploy.0 = Release|ARM
		{7EBEE213-E4E9-4963-9028-0D01F44224FF}.Ad-Hoc|iPhone.ActiveCfg = Release|Any CPU
		{7EBEE213-E4E9-4963-9028-0D01F44224FF}.Ad-Hoc|iPhoneSimulator.ActiveCfg = Release|Any CPU
		{7EBEE213-E4E9-4963-9028-0D01F44224FF}.Ad-Hoc|Mixed Platforms.ActiveCfg = Release|x86
		{7EBEE213-E4E9-4963-9028-0D01F44224FF}.Ad-Hoc|Mixed Platforms.Build.0 = Release|x86
		{7EBEE213-E4E9-4963-9028-0D01F44224FF}.Ad-Hoc|Mixed Platforms.Deploy.0 = Release|x86
		{7EBEE213-E4E9-4963-9028-0D01F44224FF}.Ad-Hoc|x86.ActiveCfg = Release|x86
		{7EBEE213-E4E9-4963-9028-0D01F44224FF}.Ad-Hoc|x86.Build.0 = Release|x86
		{7EBEE213-E4E9-4963-9028-0D01F44224FF}.Ad-Hoc|x86.Deploy.0 = Release|x86
		{7EBEE213-E4E9-4963-9028-0D01F44224FF}.AppStore|Any CPU.ActiveCfg = Release|Any CPU
		{7EBEE213-E4E9-4963-9028-0D01F44224FF}.AppStore|Any CPU.Build.0 = Release|Any CPU
		{7EBEE213-E4E9-4963-9028-0D01F44224FF}.AppStore|Any CPU.Deploy.0 = Release|Any CPU
		{7EBEE213-E4E9-4963-9028-0D01F44224FF}.AppStore|ARM.ActiveCfg = Release|ARM
		{7EBEE213-E4E9-4963-9028-0D01F44224FF}.AppStore|ARM.Build.0 = Release|ARM
		{7EBEE213-E4E9-4963-9028-0D01F44224FF}.AppStore|ARM.Deploy.0 = Release|ARM
		{7EBEE213-E4E9-4963-9028-0D01F44224FF}.AppStore|iPhone.ActiveCfg = Release|Any CPU
		{7EBEE213-E4E9-4963-9028-0D01F44224FF}.AppStore|iPhoneSimulator.ActiveCfg = Release|Any CPU
		{7EBEE213-E4E9-4963-9028-0D01F44224FF}.AppStore|Mixed Platforms.ActiveCfg = Release|x86
		{7EBEE213-E4E9-4963-9028-0D01F44224FF}.AppStore|Mixed Platforms.Build.0 = Release|x86
		{7EBEE213-E4E9-4963-9028-0D01F44224FF}.AppStore|Mixed Platforms.Deploy.0 = Release|x86
		{7EBEE213-E4E9-4963-9028-0D01F44224FF}.AppStore|x86.ActiveCfg = Release|x86
		{7EBEE213-E4E9-4963-9028-0D01F44224FF}.AppStore|x86.Build.0 = Release|x86
		{7EBEE213-E4E9-4963-9028-0D01F44224FF}.AppStore|x86.Deploy.0 = Release|x86
		{7EBEE213-E4E9-4963-9028-0D01F44224FF}.Debug|Any CPU.ActiveCfg = Debug|Any CPU
		{7EBEE213-E4E9-4963-9028-0D01F44224FF}.Debug|Any CPU.Build.0 = Debug|Any CPU
		{7EBEE213-E4E9-4963-9028-0D01F44224FF}.Debug|Any CPU.Deploy.0 = Debug|Any CPU
		{7EBEE213-E4E9-4963-9028-0D01F44224FF}.Debug|ARM.ActiveCfg = Debug|ARM
		{7EBEE213-E4E9-4963-9028-0D01F44224FF}.Debug|ARM.Build.0 = Debug|ARM
		{7EBEE213-E4E9-4963-9028-0D01F44224FF}.Debug|ARM.Deploy.0 = Debug|ARM
		{7EBEE213-E4E9-4963-9028-0D01F44224FF}.Debug|iPhone.ActiveCfg = Debug|Any CPU
		{7EBEE213-E4E9-4963-9028-0D01F44224FF}.Debug|iPhoneSimulator.ActiveCfg = Debug|Any CPU
		{7EBEE213-E4E9-4963-9028-0D01F44224FF}.Debug|Mixed Platforms.ActiveCfg = Debug|x86
		{7EBEE213-E4E9-4963-9028-0D01F44224FF}.Debug|Mixed Platforms.Build.0 = Debug|x86
		{7EBEE213-E4E9-4963-9028-0D01F44224FF}.Debug|Mixed Platforms.Deploy.0 = Debug|x86
		{7EBEE213-E4E9-4963-9028-0D01F44224FF}.Debug|x86.ActiveCfg = Debug|x86
		{7EBEE213-E4E9-4963-9028-0D01F44224FF}.Debug|x86.Build.0 = Debug|x86
		{7EBEE213-E4E9-4963-9028-0D01F44224FF}.Debug|x86.Deploy.0 = Debug|x86
		{7EBEE213-E4E9-4963-9028-0D01F44224FF}.Release|Any CPU.ActiveCfg = Release|Any CPU
		{7EBEE213-E4E9-4963-9028-0D01F44224FF}.Release|Any CPU.Build.0 = Release|Any CPU
		{7EBEE213-E4E9-4963-9028-0D01F44224FF}.Release|Any CPU.Deploy.0 = Release|Any CPU
		{7EBEE213-E4E9-4963-9028-0D01F44224FF}.Release|ARM.ActiveCfg = Release|ARM
		{7EBEE213-E4E9-4963-9028-0D01F44224FF}.Release|ARM.Build.0 = Release|ARM
		{7EBEE213-E4E9-4963-9028-0D01F44224FF}.Release|ARM.Deploy.0 = Release|ARM
		{7EBEE213-E4E9-4963-9028-0D01F44224FF}.Release|iPhone.ActiveCfg = Release|Any CPU
		{7EBEE213-E4E9-4963-9028-0D01F44224FF}.Release|iPhoneSimulator.ActiveCfg = Release|Any CPU
		{7EBEE213-E4E9-4963-9028-0D01F44224FF}.Release|Mixed Platforms.ActiveCfg = Release|x86
		{7EBEE213-E4E9-4963-9028-0D01F44224FF}.Release|Mixed Platforms.Build.0 = Release|x86
		{7EBEE213-E4E9-4963-9028-0D01F44224FF}.Release|Mixed Platforms.Deploy.0 = Release|x86
		{7EBEE213-E4E9-4963-9028-0D01F44224FF}.Release|x86.ActiveCfg = Release|x86
		{7EBEE213-E4E9-4963-9028-0D01F44224FF}.Release|x86.Build.0 = Release|x86
		{7EBEE213-E4E9-4963-9028-0D01F44224FF}.Release|x86.Deploy.0 = Release|x86
	EndGlobalSection
	GlobalSection(SolutionProperties) = preSolution
		HideSolutionNode = FALSE
	EndGlobalSection
	GlobalSection(NestedProjects) = preSolution
		{78FE291E-B29F-42B3-AC6F-A10E58249015} = {34551303-D05E-4B92-AC3B-4C3D21810467}
		{DF57FFCE-0BB5-4886-B8E2-279C518C4F4B} = {34551303-D05E-4B92-AC3B-4C3D21810467}
		{C5BFA0D9-6653-4549-B3A6-AD6B58886168} = {34551303-D05E-4B92-AC3B-4C3D21810467}
		{44FD347A-1788-443B-B7CD-AE7CBF385C76} = {34551303-D05E-4B92-AC3B-4C3D21810467}
		{EBB250A6-CEE6-440D-9A50-632A733FDDDE} = {84A25A4B-E4C0-42AD-A5F0-BEC507737F1D}
		{9FD047D4-8DBD-4A3B-9F2F-FCE207D7DA19} = {84A25A4B-E4C0-42AD-A5F0-BEC507737F1D}
		{B3701A2D-D390-4472-84A1-3887E17987C4} = {84A25A4B-E4C0-42AD-A5F0-BEC507737F1D}
		{7EBEE213-E4E9-4963-9028-0D01F44224FF} = {84A25A4B-E4C0-42AD-A5F0-BEC507737F1D}
	EndGlobalSection
EndGlobal
