
Microsoft Visual Studio Solution File, Format Version 12.00
# Visual Studio 2013
VisualStudioVersion = 12.0.31101.0
MinimumVisualStudioVersion = 10.0.40219.1
Project("{FAE04EC0-301F-11D3-BF4B-00C04F79EFBC}") = "DependencySample", "DependencySample\DependencySample\DependencySample.csproj", "{78FE291E-B29F-42B3-AC6F-A10E58249015}"
EndProject
Project("{FAE04EC0-301F-11D3-BF4B-00C04F79EFBC}") = "DependencySample.iOS", "DependencySample\DependencySample.iOS\DependencySample.iOS.csproj", "{DF57FFCE-0BB5-4886-B8E2-279C518C4F4B}"
EndProject
Project("{FAE04EC0-301F-11D3-BF4B-00C04F79EFBC}") = "DependencySample.Android", "DependencySample\DependencySample.Android\DependencySample.Android.csproj", "{C5BFA0D9-6653-4549-B3A6-AD6B58886168}"
EndProject
Project("{FAE04EC0-301F-11D3-BF4B-00C04F79EFBC}") = "DependencySample.WinPhone", "DependencySample\DependencySample.WinPhone\DependencySample.WinPhone.csproj", "{44FD347A-1788-443B-B7CD-AE7CBF385C76}"
EndProject
Project("{2150E333-8FDC-42A3-9474-1A3956D46DE8}") = "Dependency", "Dependency", "{34551303-D05E-4B92-AC3B-4C3D21810467}"
EndProject
Project("{2150E333-8FDC-42A3-9474-1A3956D46DE8}") = "Dependency-MVVMLight", "Dependency-MVVMLight", "{84A25A4B-E4C0-42AD-A5F0-BEC507737F1D}"
EndProject
Project("{FAE04EC0-301F-11D3-BF4B-00C04F79EFBC}") = "Dependency_MVVMLight", "Dependency-MVVMLight\Dependency_MVVMLight\Dependency_MVVMLight.csproj", "{EBB250A6-CEE6-440D-9A50-632A733FDDDE}"
EndProject
Project("{FAE04EC0-301F-11D3-BF4B-00C04F79EFBC}") = "Dependency_MVVMLight.Android", "Dependency-MVVMLight\Dependency_MVVMLight.Android\Dependency_MVVMLight.Android.csproj", "{9FD047D4-8DBD-4A3B-9F2F-FCE207D7DA19}"
EndProject
Project("{FAE04EC0-301F-11D3-BF4B-00C04F79EFBC}") = "Dependency_MVVMLight.iOS", "Dependency-MVVMLight\Dependency_MVVMLight.iOS\Dependency_MVVMLight.iOS.csproj", "{B3701A2D-D390-4472-84A1-3887E17987C4}"
EndProject
Project("{FAE04EC0-301F-11D3-BF4B-00C04F79EFBC}") = "Dependency_MVVMLight.WinPhone", "Dependency-MVVMLight\Dependency_MVVMLight.WinPhone\Dependency_MVVMLight.WinPhone.csproj", "{7EBEE213-E4E9-4963-9028-0D01F44224FF}"
EndProject
Project("{2150E333-8FDC-42A3-9474-1A3956D46DE8}") = "Views", "Views", "{5D35C55D-22F5-48CF-9AED-E68AB860389E}"
EndProject
Project("{FAE04EC0-301F-11D3-BF4B-00C04F79EFBC}") = "Views", "Views\Views\Views.csproj", "{EF70923B-3C50-40A6-936F-E9343937DD0E}"
EndProject
Project("{FAE04EC0-301F-11D3-BF4B-00C04F79EFBC}") = "Views.iOS", "Views\Views.iOS\Views.iOS.csproj", "{4545CFA1-873A-4A17-A309-5FB6AA1C6D07}"
EndProject
Project("{FAE04EC0-301F-11D3-BF4B-00C04F79EFBC}") = "Views.Android", "Views\Views.Android\Views.Android.csproj", "{7C554F3A-0661-4E63-9F91-762DF51819D0}"
EndProject
Project("{FAE04EC0-301F-11D3-BF4B-00C04F79EFBC}") = "Views.WinPhone", "Views\Views.WinPhone\Views.WinPhone.csproj", "{31431516-2725-4814-A595-021636362F1D}"
EndProject
Project("{2150E333-8FDC-42A3-9474-1A3956D46DE8}") = "Navigation", "Navigation", "{86D79057-6D52-48AF-9CF2-DBB847AE61A4}"
EndProject
Project("{FAE04EC0-301F-11D3-BF4B-00C04F79EFBC}") = "Navigation", "Navigation\Navigation\Navigation.csproj", "{955919FC-56C6-46B4-8AC5-8E7EC37B310A}"
EndProject
Project("{FAE04EC0-301F-11D3-BF4B-00C04F79EFBC}") = "Navigation.iOS", "Navigation\Navigation.iOS\Navigation.iOS.csproj", "{253EEBD7-489D-4676-B6D7-2ED2D7D3B32A}"
EndProject
Project("{FAE04EC0-301F-11D3-BF4B-00C04F79EFBC}") = "Navigation.Android", "Navigation\Navigation.Android\Navigation.Android.csproj", "{0D5D61EE-3D09-4B73-B74E-CFD1FB8DD12B}"
EndProject
Project("{FAE04EC0-301F-11D3-BF4B-00C04F79EFBC}") = "Navigation.WinPhone", "Navigation\Navigation.WinPhone\Navigation.WinPhone.csproj", "{42D698D9-CFE5-4691-B6E9-F7B15D8AB82C}"
EndProject
Project("{2150E333-8FDC-42A3-9474-1A3956D46DE8}") = "MVVM Light", "MVVM Light", "{2CA862E2-8A7A-412D-8F23-1EBD14139A15}"
EndProject
Project("{FAE04EC0-301F-11D3-BF4B-00C04F79EFBC}") = "MvvmLight_Sample", "MvvmLight-Sample\MvvmLight_Sample\MvvmLight_Sample.csproj", "{55CE4E20-D3B8-4AB6-B9B6-D25F60B79B39}"
EndProject
Project("{FAE04EC0-301F-11D3-BF4B-00C04F79EFBC}") = "MvvmLight_Sample.iOS", "MvvmLight-Sample\MvvmLight_Sample.iOS\MvvmLight_Sample.iOS.csproj", "{C2F02DC3-40E5-426C-89F4-C1E65C5B8E79}"
EndProject
Project("{FAE04EC0-301F-11D3-BF4B-00C04F79EFBC}") = "MvvmLight_Sample.Android", "MvvmLight-Sample\MvvmLight_Sample.Android\MvvmLight_Sample.Android.csproj", "{85098C91-276C-4D68-A65A-359EC356BD59}"
EndProject
Project("{FAE04EC0-301F-11D3-BF4B-00C04F79EFBC}") = "MvvmLight_Sample.WinPhone", "MvvmLight-Sample\MvvmLight_Sample.WinPhone\MvvmLight_Sample.WinPhone.csproj", "{8A544E15-3D5F-468D-A181-9D7DD1008DFB}"
EndProject
Global
	GlobalSection(SolutionConfigurationPlatforms) = preSolution
		Ad-Hoc|Any CPU = Ad-Hoc|Any CPU
		Ad-Hoc|ARM = Ad-Hoc|ARM
		Ad-Hoc|iPhone = Ad-Hoc|iPhone
		Ad-Hoc|iPhoneSimulator = Ad-Hoc|iPhoneSimulator
		Ad-Hoc|Mixed Platforms = Ad-Hoc|Mixed Platforms
		Ad-Hoc|x86 = Ad-Hoc|x86
		AppStore|Any CPU = AppStore|Any CPU
		AppStore|ARM = AppStore|ARM
		AppStore|iPhone = AppStore|iPhone
		AppStore|iPhoneSimulator = AppStore|iPhoneSimulator
		AppStore|Mixed Platforms = AppStore|Mixed Platforms
		AppStore|x86 = AppStore|x86
		Debug|Any CPU = Debug|Any CPU
		Debug|ARM = Debug|ARM
		Debug|iPhone = Debug|iPhone
		Debug|iPhoneSimulator = Debug|iPhoneSimulator
		Debug|Mixed Platforms = Debug|Mixed Platforms
		Debug|x86 = Debug|x86
		Release|Any CPU = Release|Any CPU
		Release|ARM = Release|ARM
		Release|iPhone = Release|iPhone
		Release|iPhoneSimulator = Release|iPhoneSimulator
		Release|Mixed Platforms = Release|Mixed Platforms
		Release|x86 = Release|x86
	EndGlobalSection
	GlobalSection(ProjectConfigurationPlatforms) = postSolution
		{78FE291E-B29F-42B3-AC6F-A10E58249015}.Ad-Hoc|Any CPU.ActiveCfg = Release|Any CPU
		{78FE291E-B29F-42B3-AC6F-A10E58249015}.Ad-Hoc|Any CPU.Build.0 = Release|Any CPU
		{78FE291E-B29F-42B3-AC6F-A10E58249015}.Ad-Hoc|ARM.ActiveCfg = Release|Any CPU
		{78FE291E-B29F-42B3-AC6F-A10E58249015}.Ad-Hoc|iPhone.ActiveCfg = Release|Any CPU
		{78FE291E-B29F-42B3-AC6F-A10E58249015}.Ad-Hoc|iPhoneSimulator.ActiveCfg = Release|Any CPU
		{78FE291E-B29F-42B3-AC6F-A10E58249015}.Ad-Hoc|Mixed Platforms.ActiveCfg = Release|Any CPU
		{78FE291E-B29F-42B3-AC6F-A10E58249015}.Ad-Hoc|Mixed Platforms.Build.0 = Release|Any CPU
		{78FE291E-B29F-42B3-AC6F-A10E58249015}.Ad-Hoc|x86.ActiveCfg = Release|Any CPU
		{78FE291E-B29F-42B3-AC6F-A10E58249015}.AppStore|Any CPU.ActiveCfg = Release|Any CPU
		{78FE291E-B29F-42B3-AC6F-A10E58249015}.AppStore|Any CPU.Build.0 = Release|Any CPU
		{78FE291E-B29F-42B3-AC6F-A10E58249015}.AppStore|ARM.ActiveCfg = Release|Any CPU
		{78FE291E-B29F-42B3-AC6F-A10E58249015}.AppStore|iPhone.ActiveCfg = Release|Any CPU
		{78FE291E-B29F-42B3-AC6F-A10E58249015}.AppStore|iPhoneSimulator.ActiveCfg = Release|Any CPU
		{78FE291E-B29F-42B3-AC6F-A10E58249015}.AppStore|Mixed Platforms.ActiveCfg = Release|Any CPU
		{78FE291E-B29F-42B3-AC6F-A10E58249015}.AppStore|Mixed Platforms.Build.0 = Release|Any CPU
		{78FE291E-B29F-42B3-AC6F-A10E58249015}.AppStore|x86.ActiveCfg = Release|Any CPU
		{78FE291E-B29F-42B3-AC6F-A10E58249015}.Debug|Any CPU.ActiveCfg = Debug|Any CPU
		{78FE291E-B29F-42B3-AC6F-A10E58249015}.Debug|Any CPU.Build.0 = Debug|Any CPU
		{78FE291E-B29F-42B3-AC6F-A10E58249015}.Debug|ARM.ActiveCfg = Debug|Any CPU
		{78FE291E-B29F-42B3-AC6F-A10E58249015}.Debug|iPhone.ActiveCfg = Debug|Any CPU
		{78FE291E-B29F-42B3-AC6F-A10E58249015}.Debug|iPhoneSimulator.ActiveCfg = Debug|Any CPU
		{78FE291E-B29F-42B3-AC6F-A10E58249015}.Debug|Mixed Platforms.ActiveCfg = Debug|Any CPU
		{78FE291E-B29F-42B3-AC6F-A10E58249015}.Debug|Mixed Platforms.Build.0 = Debug|Any CPU
		{78FE291E-B29F-42B3-AC6F-A10E58249015}.Debug|x86.ActiveCfg = Debug|Any CPU
		{78FE291E-B29F-42B3-AC6F-A10E58249015}.Release|Any CPU.ActiveCfg = Release|Any CPU
		{78FE291E-B29F-42B3-AC6F-A10E58249015}.Release|Any CPU.Build.0 = Release|Any CPU
		{78FE291E-B29F-42B3-AC6F-A10E58249015}.Release|ARM.ActiveCfg = Release|Any CPU
		{78FE291E-B29F-42B3-AC6F-A10E58249015}.Release|iPhone.ActiveCfg = Release|Any CPU
		{78FE291E-B29F-42B3-AC6F-A10E58249015}.Release|iPhoneSimulator.ActiveCfg = Release|Any CPU
		{78FE291E-B29F-42B3-AC6F-A10E58249015}.Release|Mixed Platforms.ActiveCfg = Release|Any CPU
		{78FE291E-B29F-42B3-AC6F-A10E58249015}.Release|Mixed Platforms.Build.0 = Release|Any CPU
		{78FE291E-B29F-42B3-AC6F-A10E58249015}.Release|x86.ActiveCfg = Release|Any CPU
		{DF57FFCE-0BB5-4886-B8E2-279C518C4F4B}.Ad-Hoc|Any CPU.ActiveCfg = Ad-Hoc|iPhone
		{DF57FFCE-0BB5-4886-B8E2-279C518C4F4B}.Ad-Hoc|ARM.ActiveCfg = Ad-Hoc|iPhone
		{DF57FFCE-0BB5-4886-B8E2-279C518C4F4B}.Ad-Hoc|iPhone.ActiveCfg = Ad-Hoc|iPhone
		{DF57FFCE-0BB5-4886-B8E2-279C518C4F4B}.Ad-Hoc|iPhone.Build.0 = Ad-Hoc|iPhone
		{DF57FFCE-0BB5-4886-B8E2-279C518C4F4B}.Ad-Hoc|iPhoneSimulator.ActiveCfg = Ad-Hoc|iPhoneSimulator
		{DF57FFCE-0BB5-4886-B8E2-279C518C4F4B}.Ad-Hoc|iPhoneSimulator.Build.0 = Ad-Hoc|iPhoneSimulator
		{DF57FFCE-0BB5-4886-B8E2-279C518C4F4B}.Ad-Hoc|Mixed Platforms.ActiveCfg = Ad-Hoc|iPhone
		{DF57FFCE-0BB5-4886-B8E2-279C518C4F4B}.Ad-Hoc|Mixed Platforms.Build.0 = Ad-Hoc|iPhone
		{DF57FFCE-0BB5-4886-B8E2-279C518C4F4B}.Ad-Hoc|x86.ActiveCfg = Ad-Hoc|iPhone
		{DF57FFCE-0BB5-4886-B8E2-279C518C4F4B}.AppStore|Any CPU.ActiveCfg = AppStore|iPhone
		{DF57FFCE-0BB5-4886-B8E2-279C518C4F4B}.AppStore|ARM.ActiveCfg = AppStore|iPhone
		{DF57FFCE-0BB5-4886-B8E2-279C518C4F4B}.AppStore|iPhone.ActiveCfg = AppStore|iPhone
		{DF57FFCE-0BB5-4886-B8E2-279C518C4F4B}.AppStore|iPhone.Build.0 = AppStore|iPhone
		{DF57FFCE-0BB5-4886-B8E2-279C518C4F4B}.AppStore|iPhoneSimulator.ActiveCfg = AppStore|iPhoneSimulator
		{DF57FFCE-0BB5-4886-B8E2-279C518C4F4B}.AppStore|iPhoneSimulator.Build.0 = AppStore|iPhoneSimulator
		{DF57FFCE-0BB5-4886-B8E2-279C518C4F4B}.AppStore|Mixed Platforms.ActiveCfg = AppStore|iPhone
		{DF57FFCE-0BB5-4886-B8E2-279C518C4F4B}.AppStore|Mixed Platforms.Build.0 = AppStore|iPhone
		{DF57FFCE-0BB5-4886-B8E2-279C518C4F4B}.AppStore|x86.ActiveCfg = AppStore|iPhone
		{DF57FFCE-0BB5-4886-B8E2-279C518C4F4B}.Debug|Any CPU.ActiveCfg = Debug|iPhone
		{DF57FFCE-0BB5-4886-B8E2-279C518C4F4B}.Debug|ARM.ActiveCfg = Debug|iPhone
		{DF57FFCE-0BB5-4886-B8E2-279C518C4F4B}.Debug|iPhone.ActiveCfg = Debug|iPhone
		{DF57FFCE-0BB5-4886-B8E2-279C518C4F4B}.Debug|iPhone.Build.0 = Debug|iPhone
		{DF57FFCE-0BB5-4886-B8E2-279C518C4F4B}.Debug|iPhoneSimulator.ActiveCfg = Debug|iPhoneSimulator
		{DF57FFCE-0BB5-4886-B8E2-279C518C4F4B}.Debug|iPhoneSimulator.Build.0 = Debug|iPhoneSimulator
		{DF57FFCE-0BB5-4886-B8E2-279C518C4F4B}.Debug|Mixed Platforms.ActiveCfg = Debug|iPhone
		{DF57FFCE-0BB5-4886-B8E2-279C518C4F4B}.Debug|Mixed Platforms.Build.0 = Debug|iPhone
		{DF57FFCE-0BB5-4886-B8E2-279C518C4F4B}.Debug|x86.ActiveCfg = Debug|iPhone
		{DF57FFCE-0BB5-4886-B8E2-279C518C4F4B}.Release|Any CPU.ActiveCfg = Release|iPhone
		{DF57FFCE-0BB5-4886-B8E2-279C518C4F4B}.Release|ARM.ActiveCfg = Release|iPhone
		{DF57FFCE-0BB5-4886-B8E2-279C518C4F4B}.Release|iPhone.ActiveCfg = Release|iPhone
		{DF57FFCE-0BB5-4886-B8E2-279C518C4F4B}.Release|iPhone.Build.0 = Release|iPhone
		{DF57FFCE-0BB5-4886-B8E2-279C518C4F4B}.Release|iPhoneSimulator.ActiveCfg = Release|iPhoneSimulator
		{DF57FFCE-0BB5-4886-B8E2-279C518C4F4B}.Release|iPhoneSimulator.Build.0 = Release|iPhoneSimulator
		{DF57FFCE-0BB5-4886-B8E2-279C518C4F4B}.Release|Mixed Platforms.ActiveCfg = Release|iPhone
		{DF57FFCE-0BB5-4886-B8E2-279C518C4F4B}.Release|Mixed Platforms.Build.0 = Release|iPhone
		{DF57FFCE-0BB5-4886-B8E2-279C518C4F4B}.Release|x86.ActiveCfg = Release|iPhone
		{C5BFA0D9-6653-4549-B3A6-AD6B58886168}.Ad-Hoc|Any CPU.ActiveCfg = Release|Any CPU
		{C5BFA0D9-6653-4549-B3A6-AD6B58886168}.Ad-Hoc|Any CPU.Build.0 = Release|Any CPU
		{C5BFA0D9-6653-4549-B3A6-AD6B58886168}.Ad-Hoc|Any CPU.Deploy.0 = Release|Any CPU
		{C5BFA0D9-6653-4549-B3A6-AD6B58886168}.Ad-Hoc|ARM.ActiveCfg = Release|Any CPU
		{C5BFA0D9-6653-4549-B3A6-AD6B58886168}.Ad-Hoc|iPhone.ActiveCfg = Release|Any CPU
		{C5BFA0D9-6653-4549-B3A6-AD6B58886168}.Ad-Hoc|iPhoneSimulator.ActiveCfg = Release|Any CPU
		{C5BFA0D9-6653-4549-B3A6-AD6B58886168}.Ad-Hoc|Mixed Platforms.ActiveCfg = Release|Any CPU
		{C5BFA0D9-6653-4549-B3A6-AD6B58886168}.Ad-Hoc|Mixed Platforms.Build.0 = Release|Any CPU
		{C5BFA0D9-6653-4549-B3A6-AD6B58886168}.Ad-Hoc|Mixed Platforms.Deploy.0 = Release|Any CPU
		{C5BFA0D9-6653-4549-B3A6-AD6B58886168}.Ad-Hoc|x86.ActiveCfg = Release|Any CPU
		{C5BFA0D9-6653-4549-B3A6-AD6B58886168}.AppStore|Any CPU.ActiveCfg = Release|Any CPU
		{C5BFA0D9-6653-4549-B3A6-AD6B58886168}.AppStore|Any CPU.Build.0 = Release|Any CPU
		{C5BFA0D9-6653-4549-B3A6-AD6B58886168}.AppStore|Any CPU.Deploy.0 = Release|Any CPU
		{C5BFA0D9-6653-4549-B3A6-AD6B58886168}.AppStore|ARM.ActiveCfg = Release|Any CPU
		{C5BFA0D9-6653-4549-B3A6-AD6B58886168}.AppStore|iPhone.ActiveCfg = Release|Any CPU
		{C5BFA0D9-6653-4549-B3A6-AD6B58886168}.AppStore|iPhoneSimulator.ActiveCfg = Release|Any CPU
		{C5BFA0D9-6653-4549-B3A6-AD6B58886168}.AppStore|Mixed Platforms.ActiveCfg = Release|Any CPU
		{C5BFA0D9-6653-4549-B3A6-AD6B58886168}.AppStore|Mixed Platforms.Build.0 = Release|Any CPU
		{C5BFA0D9-6653-4549-B3A6-AD6B58886168}.AppStore|Mixed Platforms.Deploy.0 = Release|Any CPU
		{C5BFA0D9-6653-4549-B3A6-AD6B58886168}.AppStore|x86.ActiveCfg = Release|Any CPU
		{C5BFA0D9-6653-4549-B3A6-AD6B58886168}.Debug|Any CPU.ActiveCfg = Debug|Any CPU
		{C5BFA0D9-6653-4549-B3A6-AD6B58886168}.Debug|Any CPU.Build.0 = Debug|Any CPU
		{C5BFA0D9-6653-4549-B3A6-AD6B58886168}.Debug|Any CPU.Deploy.0 = Debug|Any CPU
		{C5BFA0D9-6653-4549-B3A6-AD6B58886168}.Debug|ARM.ActiveCfg = Debug|Any CPU
		{C5BFA0D9-6653-4549-B3A6-AD6B58886168}.Debug|iPhone.ActiveCfg = Debug|Any CPU
		{C5BFA0D9-6653-4549-B3A6-AD6B58886168}.Debug|iPhoneSimulator.ActiveCfg = Debug|Any CPU
		{C5BFA0D9-6653-4549-B3A6-AD6B58886168}.Debug|Mixed Platforms.ActiveCfg = Debug|Any CPU
		{C5BFA0D9-6653-4549-B3A6-AD6B58886168}.Debug|Mixed Platforms.Build.0 = Debug|Any CPU
		{C5BFA0D9-6653-4549-B3A6-AD6B58886168}.Debug|Mixed Platforms.Deploy.0 = Debug|Any CPU
		{C5BFA0D9-6653-4549-B3A6-AD6B58886168}.Debug|x86.ActiveCfg = Debug|Any CPU
		{C5BFA0D9-6653-4549-B3A6-AD6B58886168}.Release|Any CPU.ActiveCfg = Release|Any CPU
		{C5BFA0D9-6653-4549-B3A6-AD6B58886168}.Release|Any CPU.Build.0 = Release|Any CPU
		{C5BFA0D9-6653-4549-B3A6-AD6B58886168}.Release|Any CPU.Deploy.0 = Release|Any CPU
		{C5BFA0D9-6653-4549-B3A6-AD6B58886168}.Release|ARM.ActiveCfg = Release|Any CPU
		{C5BFA0D9-6653-4549-B3A6-AD6B58886168}.Release|iPhone.ActiveCfg = Release|Any CPU
		{C5BFA0D9-6653-4549-B3A6-AD6B58886168}.Release|iPhoneSimulator.ActiveCfg = Release|Any CPU
		{C5BFA0D9-6653-4549-B3A6-AD6B58886168}.Release|Mixed Platforms.ActiveCfg = Release|Any CPU
		{C5BFA0D9-6653-4549-B3A6-AD6B58886168}.Release|Mixed Platforms.Build.0 = Release|Any CPU
		{C5BFA0D9-6653-4549-B3A6-AD6B58886168}.Release|Mixed Platforms.Deploy.0 = Release|Any CPU
		{C5BFA0D9-6653-4549-B3A6-AD6B58886168}.Release|x86.ActiveCfg = Release|Any CPU
		{44FD347A-1788-443B-B7CD-AE7CBF385C76}.Ad-Hoc|Any CPU.ActiveCfg = Release|Any CPU
		{44FD347A-1788-443B-B7CD-AE7CBF385C76}.Ad-Hoc|Any CPU.Build.0 = Release|Any CPU
		{44FD347A-1788-443B-B7CD-AE7CBF385C76}.Ad-Hoc|Any CPU.Deploy.0 = Release|Any CPU
		{44FD347A-1788-443B-B7CD-AE7CBF385C76}.Ad-Hoc|ARM.ActiveCfg = Release|ARM
		{44FD347A-1788-443B-B7CD-AE7CBF385C76}.Ad-Hoc|ARM.Build.0 = Release|ARM
		{44FD347A-1788-443B-B7CD-AE7CBF385C76}.Ad-Hoc|ARM.Deploy.0 = Release|ARM
		{44FD347A-1788-443B-B7CD-AE7CBF385C76}.Ad-Hoc|iPhone.ActiveCfg = Release|Any CPU
		{44FD347A-1788-443B-B7CD-AE7CBF385C76}.Ad-Hoc|iPhoneSimulator.ActiveCfg = Release|Any CPU
		{44FD347A-1788-443B-B7CD-AE7CBF385C76}.Ad-Hoc|Mixed Platforms.ActiveCfg = Release|x86
		{44FD347A-1788-443B-B7CD-AE7CBF385C76}.Ad-Hoc|Mixed Platforms.Build.0 = Release|x86
		{44FD347A-1788-443B-B7CD-AE7CBF385C76}.Ad-Hoc|Mixed Platforms.Deploy.0 = Release|x86
		{44FD347A-1788-443B-B7CD-AE7CBF385C76}.Ad-Hoc|x86.ActiveCfg = Release|x86
		{44FD347A-1788-443B-B7CD-AE7CBF385C76}.Ad-Hoc|x86.Build.0 = Release|x86
		{44FD347A-1788-443B-B7CD-AE7CBF385C76}.Ad-Hoc|x86.Deploy.0 = Release|x86
		{44FD347A-1788-443B-B7CD-AE7CBF385C76}.AppStore|Any CPU.ActiveCfg = Release|Any CPU
		{44FD347A-1788-443B-B7CD-AE7CBF385C76}.AppStore|Any CPU.Build.0 = Release|Any CPU
		{44FD347A-1788-443B-B7CD-AE7CBF385C76}.AppStore|Any CPU.Deploy.0 = Release|Any CPU
		{44FD347A-1788-443B-B7CD-AE7CBF385C76}.AppStore|ARM.ActiveCfg = Release|ARM
		{44FD347A-1788-443B-B7CD-AE7CBF385C76}.AppStore|ARM.Build.0 = Release|ARM
		{44FD347A-1788-443B-B7CD-AE7CBF385C76}.AppStore|ARM.Deploy.0 = Release|ARM
		{44FD347A-1788-443B-B7CD-AE7CBF385C76}.AppStore|iPhone.ActiveCfg = Release|Any CPU
		{44FD347A-1788-443B-B7CD-AE7CBF385C76}.AppStore|iPhoneSimulator.ActiveCfg = Release|Any CPU
		{44FD347A-1788-443B-B7CD-AE7CBF385C76}.AppStore|Mixed Platforms.ActiveCfg = Release|x86
		{44FD347A-1788-443B-B7CD-AE7CBF385C76}.AppStore|Mixed Platforms.Build.0 = Release|x86
		{44FD347A-1788-443B-B7CD-AE7CBF385C76}.AppStore|Mixed Platforms.Deploy.0 = Release|x86
		{44FD347A-1788-443B-B7CD-AE7CBF385C76}.AppStore|x86.ActiveCfg = Release|x86
		{44FD347A-1788-443B-B7CD-AE7CBF385C76}.AppStore|x86.Build.0 = Release|x86
		{44FD347A-1788-443B-B7CD-AE7CBF385C76}.AppStore|x86.Deploy.0 = Release|x86
		{44FD347A-1788-443B-B7CD-AE7CBF385C76}.Debug|Any CPU.ActiveCfg = Debug|Any CPU
		{44FD347A-1788-443B-B7CD-AE7CBF385C76}.Debug|Any CPU.Build.0 = Debug|Any CPU
		{44FD347A-1788-443B-B7CD-AE7CBF385C76}.Debug|Any CPU.Deploy.0 = Debug|Any CPU
		{44FD347A-1788-443B-B7CD-AE7CBF385C76}.Debug|ARM.ActiveCfg = Debug|ARM
		{44FD347A-1788-443B-B7CD-AE7CBF385C76}.Debug|ARM.Build.0 = Debug|ARM
		{44FD347A-1788-443B-B7CD-AE7CBF385C76}.Debug|ARM.Deploy.0 = Debug|ARM
		{44FD347A-1788-443B-B7CD-AE7CBF385C76}.Debug|iPhone.ActiveCfg = Debug|Any CPU
		{44FD347A-1788-443B-B7CD-AE7CBF385C76}.Debug|iPhoneSimulator.ActiveCfg = Debug|Any CPU
		{44FD347A-1788-443B-B7CD-AE7CBF385C76}.Debug|Mixed Platforms.ActiveCfg = Debug|x86
		{44FD347A-1788-443B-B7CD-AE7CBF385C76}.Debug|Mixed Platforms.Build.0 = Debug|x86
		{44FD347A-1788-443B-B7CD-AE7CBF385C76}.Debug|Mixed Platforms.Deploy.0 = Debug|x86
		{44FD347A-1788-443B-B7CD-AE7CBF385C76}.Debug|x86.ActiveCfg = Debug|x86
		{44FD347A-1788-443B-B7CD-AE7CBF385C76}.Debug|x86.Build.0 = Debug|x86
		{44FD347A-1788-443B-B7CD-AE7CBF385C76}.Debug|x86.Deploy.0 = Debug|x86
		{44FD347A-1788-443B-B7CD-AE7CBF385C76}.Release|Any CPU.ActiveCfg = Release|Any CPU
		{44FD347A-1788-443B-B7CD-AE7CBF385C76}.Release|Any CPU.Build.0 = Release|Any CPU
		{44FD347A-1788-443B-B7CD-AE7CBF385C76}.Release|Any CPU.Deploy.0 = Release|Any CPU
		{44FD347A-1788-443B-B7CD-AE7CBF385C76}.Release|ARM.ActiveCfg = Release|ARM
		{44FD347A-1788-443B-B7CD-AE7CBF385C76}.Release|ARM.Build.0 = Release|ARM
		{44FD347A-1788-443B-B7CD-AE7CBF385C76}.Release|ARM.Deploy.0 = Release|ARM
		{44FD347A-1788-443B-B7CD-AE7CBF385C76}.Release|iPhone.ActiveCfg = Release|Any CPU
		{44FD347A-1788-443B-B7CD-AE7CBF385C76}.Release|iPhoneSimulator.ActiveCfg = Release|Any CPU
		{44FD347A-1788-443B-B7CD-AE7CBF385C76}.Release|Mixed Platforms.ActiveCfg = Release|x86
		{44FD347A-1788-443B-B7CD-AE7CBF385C76}.Release|Mixed Platforms.Build.0 = Release|x86
		{44FD347A-1788-443B-B7CD-AE7CBF385C76}.Release|Mixed Platforms.Deploy.0 = Release|x86
		{44FD347A-1788-443B-B7CD-AE7CBF385C76}.Release|x86.ActiveCfg = Release|x86
		{44FD347A-1788-443B-B7CD-AE7CBF385C76}.Release|x86.Build.0 = Release|x86
		{44FD347A-1788-443B-B7CD-AE7CBF385C76}.Release|x86.Deploy.0 = Release|x86
		{EBB250A6-CEE6-440D-9A50-632A733FDDDE}.Ad-Hoc|Any CPU.ActiveCfg = Release|Any CPU
		{EBB250A6-CEE6-440D-9A50-632A733FDDDE}.Ad-Hoc|Any CPU.Build.0 = Release|Any CPU
		{EBB250A6-CEE6-440D-9A50-632A733FDDDE}.Ad-Hoc|ARM.ActiveCfg = Release|Any CPU
		{EBB250A6-CEE6-440D-9A50-632A733FDDDE}.Ad-Hoc|iPhone.ActiveCfg = Release|Any CPU
		{EBB250A6-CEE6-440D-9A50-632A733FDDDE}.Ad-Hoc|iPhoneSimulator.ActiveCfg = Release|Any CPU
		{EBB250A6-CEE6-440D-9A50-632A733FDDDE}.Ad-Hoc|Mixed Platforms.ActiveCfg = Release|Any CPU
		{EBB250A6-CEE6-440D-9A50-632A733FDDDE}.Ad-Hoc|Mixed Platforms.Build.0 = Release|Any CPU
		{EBB250A6-CEE6-440D-9A50-632A733FDDDE}.Ad-Hoc|x86.ActiveCfg = Release|Any CPU
		{EBB250A6-CEE6-440D-9A50-632A733FDDDE}.AppStore|Any CPU.ActiveCfg = Release|Any CPU
		{EBB250A6-CEE6-440D-9A50-632A733FDDDE}.AppStore|Any CPU.Build.0 = Release|Any CPU
		{EBB250A6-CEE6-440D-9A50-632A733FDDDE}.AppStore|ARM.ActiveCfg = Release|Any CPU
		{EBB250A6-CEE6-440D-9A50-632A733FDDDE}.AppStore|iPhone.ActiveCfg = Release|Any CPU
		{EBB250A6-CEE6-440D-9A50-632A733FDDDE}.AppStore|iPhoneSimulator.ActiveCfg = Release|Any CPU
		{EBB250A6-CEE6-440D-9A50-632A733FDDDE}.AppStore|Mixed Platforms.ActiveCfg = Release|Any CPU
		{EBB250A6-CEE6-440D-9A50-632A733FDDDE}.AppStore|Mixed Platforms.Build.0 = Release|Any CPU
		{EBB250A6-CEE6-440D-9A50-632A733FDDDE}.AppStore|x86.ActiveCfg = Release|Any CPU
		{EBB250A6-CEE6-440D-9A50-632A733FDDDE}.Debug|Any CPU.ActiveCfg = Debug|Any CPU
		{EBB250A6-CEE6-440D-9A50-632A733FDDDE}.Debug|Any CPU.Build.0 = Debug|Any CPU
		{EBB250A6-CEE6-440D-9A50-632A733FDDDE}.Debug|ARM.ActiveCfg = Debug|Any CPU
		{EBB250A6-CEE6-440D-9A50-632A733FDDDE}.Debug|iPhone.ActiveCfg = Debug|Any CPU
		{EBB250A6-CEE6-440D-9A50-632A733FDDDE}.Debug|iPhoneSimulator.ActiveCfg = Debug|Any CPU
		{EBB250A6-CEE6-440D-9A50-632A733FDDDE}.Debug|Mixed Platforms.ActiveCfg = Debug|Any CPU
		{EBB250A6-CEE6-440D-9A50-632A733FDDDE}.Debug|Mixed Platforms.Build.0 = Debug|Any CPU
		{EBB250A6-CEE6-440D-9A50-632A733FDDDE}.Debug|x86.ActiveCfg = Debug|Any CPU
		{EBB250A6-CEE6-440D-9A50-632A733FDDDE}.Release|Any CPU.ActiveCfg = Release|Any CPU
		{EBB250A6-CEE6-440D-9A50-632A733FDDDE}.Release|Any CPU.Build.0 = Release|Any CPU
		{EBB250A6-CEE6-440D-9A50-632A733FDDDE}.Release|ARM.ActiveCfg = Release|Any CPU
		{EBB250A6-CEE6-440D-9A50-632A733FDDDE}.Release|iPhone.ActiveCfg = Release|Any CPU
		{EBB250A6-CEE6-440D-9A50-632A733FDDDE}.Release|iPhoneSimulator.ActiveCfg = Release|Any CPU
		{EBB250A6-CEE6-440D-9A50-632A733FDDDE}.Release|Mixed Platforms.ActiveCfg = Release|Any CPU
		{EBB250A6-CEE6-440D-9A50-632A733FDDDE}.Release|Mixed Platforms.Build.0 = Release|Any CPU
		{EBB250A6-CEE6-440D-9A50-632A733FDDDE}.Release|x86.ActiveCfg = Release|Any CPU
		{9FD047D4-8DBD-4A3B-9F2F-FCE207D7DA19}.Ad-Hoc|Any CPU.ActiveCfg = Release|Any CPU
		{9FD047D4-8DBD-4A3B-9F2F-FCE207D7DA19}.Ad-Hoc|Any CPU.Build.0 = Release|Any CPU
		{9FD047D4-8DBD-4A3B-9F2F-FCE207D7DA19}.Ad-Hoc|Any CPU.Deploy.0 = Release|Any CPU
		{9FD047D4-8DBD-4A3B-9F2F-FCE207D7DA19}.Ad-Hoc|ARM.ActiveCfg = Release|Any CPU
		{9FD047D4-8DBD-4A3B-9F2F-FCE207D7DA19}.Ad-Hoc|iPhone.ActiveCfg = Release|Any CPU
		{9FD047D4-8DBD-4A3B-9F2F-FCE207D7DA19}.Ad-Hoc|iPhoneSimulator.ActiveCfg = Release|Any CPU
		{9FD047D4-8DBD-4A3B-9F2F-FCE207D7DA19}.Ad-Hoc|Mixed Platforms.ActiveCfg = Release|Any CPU
		{9FD047D4-8DBD-4A3B-9F2F-FCE207D7DA19}.Ad-Hoc|Mixed Platforms.Build.0 = Release|Any CPU
		{9FD047D4-8DBD-4A3B-9F2F-FCE207D7DA19}.Ad-Hoc|Mixed Platforms.Deploy.0 = Release|Any CPU
		{9FD047D4-8DBD-4A3B-9F2F-FCE207D7DA19}.Ad-Hoc|x86.ActiveCfg = Release|Any CPU
		{9FD047D4-8DBD-4A3B-9F2F-FCE207D7DA19}.AppStore|Any CPU.ActiveCfg = Release|Any CPU
		{9FD047D4-8DBD-4A3B-9F2F-FCE207D7DA19}.AppStore|Any CPU.Build.0 = Release|Any CPU
		{9FD047D4-8DBD-4A3B-9F2F-FCE207D7DA19}.AppStore|Any CPU.Deploy.0 = Release|Any CPU
		{9FD047D4-8DBD-4A3B-9F2F-FCE207D7DA19}.AppStore|ARM.ActiveCfg = Release|Any CPU
		{9FD047D4-8DBD-4A3B-9F2F-FCE207D7DA19}.AppStore|iPhone.ActiveCfg = Release|Any CPU
		{9FD047D4-8DBD-4A3B-9F2F-FCE207D7DA19}.AppStore|iPhoneSimulator.ActiveCfg = Release|Any CPU
		{9FD047D4-8DBD-4A3B-9F2F-FCE207D7DA19}.AppStore|Mixed Platforms.ActiveCfg = Release|Any CPU
		{9FD047D4-8DBD-4A3B-9F2F-FCE207D7DA19}.AppStore|Mixed Platforms.Build.0 = Release|Any CPU
		{9FD047D4-8DBD-4A3B-9F2F-FCE207D7DA19}.AppStore|Mixed Platforms.Deploy.0 = Release|Any CPU
		{9FD047D4-8DBD-4A3B-9F2F-FCE207D7DA19}.AppStore|x86.ActiveCfg = Release|Any CPU
		{9FD047D4-8DBD-4A3B-9F2F-FCE207D7DA19}.Debug|Any CPU.ActiveCfg = Debug|Any CPU
		{9FD047D4-8DBD-4A3B-9F2F-FCE207D7DA19}.Debug|Any CPU.Build.0 = Debug|Any CPU
		{9FD047D4-8DBD-4A3B-9F2F-FCE207D7DA19}.Debug|Any CPU.Deploy.0 = Debug|Any CPU
		{9FD047D4-8DBD-4A3B-9F2F-FCE207D7DA19}.Debug|ARM.ActiveCfg = Debug|Any CPU
		{9FD047D4-8DBD-4A3B-9F2F-FCE207D7DA19}.Debug|iPhone.ActiveCfg = Debug|Any CPU
		{9FD047D4-8DBD-4A3B-9F2F-FCE207D7DA19}.Debug|iPhoneSimulator.ActiveCfg = Debug|Any CPU
		{9FD047D4-8DBD-4A3B-9F2F-FCE207D7DA19}.Debug|Mixed Platforms.ActiveCfg = Debug|Any CPU
		{9FD047D4-8DBD-4A3B-9F2F-FCE207D7DA19}.Debug|Mixed Platforms.Build.0 = Debug|Any CPU
		{9FD047D4-8DBD-4A3B-9F2F-FCE207D7DA19}.Debug|Mixed Platforms.Deploy.0 = Debug|Any CPU
		{9FD047D4-8DBD-4A3B-9F2F-FCE207D7DA19}.Debug|x86.ActiveCfg = Debug|Any CPU
		{9FD047D4-8DBD-4A3B-9F2F-FCE207D7DA19}.Release|Any CPU.ActiveCfg = Release|Any CPU
		{9FD047D4-8DBD-4A3B-9F2F-FCE207D7DA19}.Release|Any CPU.Build.0 = Release|Any CPU
		{9FD047D4-8DBD-4A3B-9F2F-FCE207D7DA19}.Release|Any CPU.Deploy.0 = Release|Any CPU
		{9FD047D4-8DBD-4A3B-9F2F-FCE207D7DA19}.Release|ARM.ActiveCfg = Release|Any CPU
		{9FD047D4-8DBD-4A3B-9F2F-FCE207D7DA19}.Release|iPhone.ActiveCfg = Release|Any CPU
		{9FD047D4-8DBD-4A3B-9F2F-FCE207D7DA19}.Release|iPhoneSimulator.ActiveCfg = Release|Any CPU
		{9FD047D4-8DBD-4A3B-9F2F-FCE207D7DA19}.Release|Mixed Platforms.ActiveCfg = Release|Any CPU
		{9FD047D4-8DBD-4A3B-9F2F-FCE207D7DA19}.Release|Mixed Platforms.Build.0 = Release|Any CPU
		{9FD047D4-8DBD-4A3B-9F2F-FCE207D7DA19}.Release|Mixed Platforms.Deploy.0 = Release|Any CPU
		{9FD047D4-8DBD-4A3B-9F2F-FCE207D7DA19}.Release|x86.ActiveCfg = Release|Any CPU
		{B3701A2D-D390-4472-84A1-3887E17987C4}.Ad-Hoc|Any CPU.ActiveCfg = Ad-Hoc|iPhone
		{B3701A2D-D390-4472-84A1-3887E17987C4}.Ad-Hoc|ARM.ActiveCfg = Ad-Hoc|iPhone
		{B3701A2D-D390-4472-84A1-3887E17987C4}.Ad-Hoc|iPhone.ActiveCfg = Ad-Hoc|iPhone
		{B3701A2D-D390-4472-84A1-3887E17987C4}.Ad-Hoc|iPhone.Build.0 = Ad-Hoc|iPhone
		{B3701A2D-D390-4472-84A1-3887E17987C4}.Ad-Hoc|iPhoneSimulator.ActiveCfg = Ad-Hoc|iPhoneSimulator
		{B3701A2D-D390-4472-84A1-3887E17987C4}.Ad-Hoc|iPhoneSimulator.Build.0 = Ad-Hoc|iPhoneSimulator
		{B3701A2D-D390-4472-84A1-3887E17987C4}.Ad-Hoc|Mixed Platforms.ActiveCfg = Ad-Hoc|iPhone
		{B3701A2D-D390-4472-84A1-3887E17987C4}.Ad-Hoc|Mixed Platforms.Build.0 = Ad-Hoc|iPhone
		{B3701A2D-D390-4472-84A1-3887E17987C4}.Ad-Hoc|x86.ActiveCfg = Ad-Hoc|iPhone
		{B3701A2D-D390-4472-84A1-3887E17987C4}.AppStore|Any CPU.ActiveCfg = AppStore|iPhone
		{B3701A2D-D390-4472-84A1-3887E17987C4}.AppStore|ARM.ActiveCfg = AppStore|iPhone
		{B3701A2D-D390-4472-84A1-3887E17987C4}.AppStore|iPhone.ActiveCfg = AppStore|iPhone
		{B3701A2D-D390-4472-84A1-3887E17987C4}.AppStore|iPhone.Build.0 = AppStore|iPhone
		{B3701A2D-D390-4472-84A1-3887E17987C4}.AppStore|iPhoneSimulator.ActiveCfg = AppStore|iPhoneSimulator
		{B3701A2D-D390-4472-84A1-3887E17987C4}.AppStore|iPhoneSimulator.Build.0 = AppStore|iPhoneSimulator
		{B3701A2D-D390-4472-84A1-3887E17987C4}.AppStore|Mixed Platforms.ActiveCfg = AppStore|iPhone
		{B3701A2D-D390-4472-84A1-3887E17987C4}.AppStore|Mixed Platforms.Build.0 = AppStore|iPhone
		{B3701A2D-D390-4472-84A1-3887E17987C4}.AppStore|x86.ActiveCfg = AppStore|iPhone
		{B3701A2D-D390-4472-84A1-3887E17987C4}.Debug|Any CPU.ActiveCfg = Debug|iPhone
		{B3701A2D-D390-4472-84A1-3887E17987C4}.Debug|ARM.ActiveCfg = Debug|iPhone
		{B3701A2D-D390-4472-84A1-3887E17987C4}.Debug|iPhone.ActiveCfg = Debug|iPhone
		{B3701A2D-D390-4472-84A1-3887E17987C4}.Debug|iPhone.Build.0 = Debug|iPhone
		{B3701A2D-D390-4472-84A1-3887E17987C4}.Debug|iPhoneSimulator.ActiveCfg = Debug|iPhoneSimulator
		{B3701A2D-D390-4472-84A1-3887E17987C4}.Debug|iPhoneSimulator.Build.0 = Debug|iPhoneSimulator
		{B3701A2D-D390-4472-84A1-3887E17987C4}.Debug|Mixed Platforms.ActiveCfg = Debug|iPhone
		{B3701A2D-D390-4472-84A1-3887E17987C4}.Debug|Mixed Platforms.Build.0 = Debug|iPhone
		{B3701A2D-D390-4472-84A1-3887E17987C4}.Debug|x86.ActiveCfg = Debug|iPhone
		{B3701A2D-D390-4472-84A1-3887E17987C4}.Release|Any CPU.ActiveCfg = Release|iPhone
		{B3701A2D-D390-4472-84A1-3887E17987C4}.Release|ARM.ActiveCfg = Release|iPhone
		{B3701A2D-D390-4472-84A1-3887E17987C4}.Release|iPhone.ActiveCfg = Release|iPhone
		{B3701A2D-D390-4472-84A1-3887E17987C4}.Release|iPhone.Build.0 = Release|iPhone
		{B3701A2D-D390-4472-84A1-3887E17987C4}.Release|iPhoneSimulator.ActiveCfg = Release|iPhoneSimulator
		{B3701A2D-D390-4472-84A1-3887E17987C4}.Release|iPhoneSimulator.Build.0 = Release|iPhoneSimulator
		{B3701A2D-D390-4472-84A1-3887E17987C4}.Release|Mixed Platforms.ActiveCfg = Release|iPhone
		{B3701A2D-D390-4472-84A1-3887E17987C4}.Release|Mixed Platforms.Build.0 = Release|iPhone
		{B3701A2D-D390-4472-84A1-3887E17987C4}.Release|x86.ActiveCfg = Release|iPhone
		{7EBEE213-E4E9-4963-9028-0D01F44224FF}.Ad-Hoc|Any CPU.ActiveCfg = Release|Any CPU
		{7EBEE213-E4E9-4963-9028-0D01F44224FF}.Ad-Hoc|Any CPU.Build.0 = Release|Any CPU
		{7EBEE213-E4E9-4963-9028-0D01F44224FF}.Ad-Hoc|Any CPU.Deploy.0 = Release|Any CPU
		{7EBEE213-E4E9-4963-9028-0D01F44224FF}.Ad-Hoc|ARM.ActiveCfg = Release|ARM
		{7EBEE213-E4E9-4963-9028-0D01F44224FF}.Ad-Hoc|ARM.Build.0 = Release|ARM
		{7EBEE213-E4E9-4963-9028-0D01F44224FF}.Ad-Hoc|ARM.Deploy.0 = Release|ARM
		{7EBEE213-E4E9-4963-9028-0D01F44224FF}.Ad-Hoc|iPhone.ActiveCfg = Release|Any CPU
		{7EBEE213-E4E9-4963-9028-0D01F44224FF}.Ad-Hoc|iPhoneSimulator.ActiveCfg = Release|Any CPU
		{7EBEE213-E4E9-4963-9028-0D01F44224FF}.Ad-Hoc|Mixed Platforms.ActiveCfg = Release|x86
		{7EBEE213-E4E9-4963-9028-0D01F44224FF}.Ad-Hoc|Mixed Platforms.Build.0 = Release|x86
		{7EBEE213-E4E9-4963-9028-0D01F44224FF}.Ad-Hoc|Mixed Platforms.Deploy.0 = Release|x86
		{7EBEE213-E4E9-4963-9028-0D01F44224FF}.Ad-Hoc|x86.ActiveCfg = Release|x86
		{7EBEE213-E4E9-4963-9028-0D01F44224FF}.Ad-Hoc|x86.Build.0 = Release|x86
		{7EBEE213-E4E9-4963-9028-0D01F44224FF}.Ad-Hoc|x86.Deploy.0 = Release|x86
		{7EBEE213-E4E9-4963-9028-0D01F44224FF}.AppStore|Any CPU.ActiveCfg = Release|Any CPU
		{7EBEE213-E4E9-4963-9028-0D01F44224FF}.AppStore|Any CPU.Build.0 = Release|Any CPU
		{7EBEE213-E4E9-4963-9028-0D01F44224FF}.AppStore|Any CPU.Deploy.0 = Release|Any CPU
		{7EBEE213-E4E9-4963-9028-0D01F44224FF}.AppStore|ARM.ActiveCfg = Release|ARM
		{7EBEE213-E4E9-4963-9028-0D01F44224FF}.AppStore|ARM.Build.0 = Release|ARM
		{7EBEE213-E4E9-4963-9028-0D01F44224FF}.AppStore|ARM.Deploy.0 = Release|ARM
		{7EBEE213-E4E9-4963-9028-0D01F44224FF}.AppStore|iPhone.ActiveCfg = Release|Any CPU
		{7EBEE213-E4E9-4963-9028-0D01F44224FF}.AppStore|iPhoneSimulator.ActiveCfg = Release|Any CPU
		{7EBEE213-E4E9-4963-9028-0D01F44224FF}.AppStore|Mixed Platforms.ActiveCfg = Release|x86
		{7EBEE213-E4E9-4963-9028-0D01F44224FF}.AppStore|Mixed Platforms.Build.0 = Release|x86
		{7EBEE213-E4E9-4963-9028-0D01F44224FF}.AppStore|Mixed Platforms.Deploy.0 = Release|x86
		{7EBEE213-E4E9-4963-9028-0D01F44224FF}.AppStore|x86.ActiveCfg = Release|x86
		{7EBEE213-E4E9-4963-9028-0D01F44224FF}.AppStore|x86.Build.0 = Release|x86
		{7EBEE213-E4E9-4963-9028-0D01F44224FF}.AppStore|x86.Deploy.0 = Release|x86
		{7EBEE213-E4E9-4963-9028-0D01F44224FF}.Debug|Any CPU.ActiveCfg = Debug|Any CPU
		{7EBEE213-E4E9-4963-9028-0D01F44224FF}.Debug|Any CPU.Build.0 = Debug|Any CPU
		{7EBEE213-E4E9-4963-9028-0D01F44224FF}.Debug|Any CPU.Deploy.0 = Debug|Any CPU
		{7EBEE213-E4E9-4963-9028-0D01F44224FF}.Debug|ARM.ActiveCfg = Debug|ARM
		{7EBEE213-E4E9-4963-9028-0D01F44224FF}.Debug|ARM.Build.0 = Debug|ARM
		{7EBEE213-E4E9-4963-9028-0D01F44224FF}.Debug|ARM.Deploy.0 = Debug|ARM
		{7EBEE213-E4E9-4963-9028-0D01F44224FF}.Debug|iPhone.ActiveCfg = Debug|Any CPU
		{7EBEE213-E4E9-4963-9028-0D01F44224FF}.Debug|iPhoneSimulator.ActiveCfg = Debug|Any CPU
		{7EBEE213-E4E9-4963-9028-0D01F44224FF}.Debug|Mixed Platforms.ActiveCfg = Debug|x86
		{7EBEE213-E4E9-4963-9028-0D01F44224FF}.Debug|Mixed Platforms.Build.0 = Debug|x86
		{7EBEE213-E4E9-4963-9028-0D01F44224FF}.Debug|Mixed Platforms.Deploy.0 = Debug|x86
		{7EBEE213-E4E9-4963-9028-0D01F44224FF}.Debug|x86.ActiveCfg = Debug|x86
		{7EBEE213-E4E9-4963-9028-0D01F44224FF}.Debug|x86.Build.0 = Debug|x86
		{7EBEE213-E4E9-4963-9028-0D01F44224FF}.Debug|x86.Deploy.0 = Debug|x86
		{7EBEE213-E4E9-4963-9028-0D01F44224FF}.Release|Any CPU.ActiveCfg = Release|Any CPU
		{7EBEE213-E4E9-4963-9028-0D01F44224FF}.Release|Any CPU.Build.0 = Release|Any CPU
		{7EBEE213-E4E9-4963-9028-0D01F44224FF}.Release|Any CPU.Deploy.0 = Release|Any CPU
		{7EBEE213-E4E9-4963-9028-0D01F44224FF}.Release|ARM.ActiveCfg = Release|ARM
		{7EBEE213-E4E9-4963-9028-0D01F44224FF}.Release|ARM.Build.0 = Release|ARM
		{7EBEE213-E4E9-4963-9028-0D01F44224FF}.Release|ARM.Deploy.0 = Release|ARM
		{7EBEE213-E4E9-4963-9028-0D01F44224FF}.Release|iPhone.ActiveCfg = Release|Any CPU
		{7EBEE213-E4E9-4963-9028-0D01F44224FF}.Release|iPhoneSimulator.ActiveCfg = Release|Any CPU
		{7EBEE213-E4E9-4963-9028-0D01F44224FF}.Release|Mixed Platforms.ActiveCfg = Release|x86
		{7EBEE213-E4E9-4963-9028-0D01F44224FF}.Release|Mixed Platforms.Build.0 = Release|x86
		{7EBEE213-E4E9-4963-9028-0D01F44224FF}.Release|Mixed Platforms.Deploy.0 = Release|x86
		{7EBEE213-E4E9-4963-9028-0D01F44224FF}.Release|x86.ActiveCfg = Release|x86
		{7EBEE213-E4E9-4963-9028-0D01F44224FF}.Release|x86.Build.0 = Release|x86
		{7EBEE213-E4E9-4963-9028-0D01F44224FF}.Release|x86.Deploy.0 = Release|x86
		{EF70923B-3C50-40A6-936F-E9343937DD0E}.Ad-Hoc|Any CPU.ActiveCfg = Release|Any CPU
		{EF70923B-3C50-40A6-936F-E9343937DD0E}.Ad-Hoc|Any CPU.Build.0 = Release|Any CPU
		{EF70923B-3C50-40A6-936F-E9343937DD0E}.Ad-Hoc|ARM.ActiveCfg = Release|Any CPU
		{EF70923B-3C50-40A6-936F-E9343937DD0E}.Ad-Hoc|iPhone.ActiveCfg = Release|Any CPU
		{EF70923B-3C50-40A6-936F-E9343937DD0E}.Ad-Hoc|iPhoneSimulator.ActiveCfg = Release|Any CPU
		{EF70923B-3C50-40A6-936F-E9343937DD0E}.Ad-Hoc|Mixed Platforms.ActiveCfg = Release|Any CPU
		{EF70923B-3C50-40A6-936F-E9343937DD0E}.Ad-Hoc|Mixed Platforms.Build.0 = Release|Any CPU
		{EF70923B-3C50-40A6-936F-E9343937DD0E}.Ad-Hoc|x86.ActiveCfg = Release|Any CPU
		{EF70923B-3C50-40A6-936F-E9343937DD0E}.AppStore|Any CPU.ActiveCfg = Release|Any CPU
		{EF70923B-3C50-40A6-936F-E9343937DD0E}.AppStore|Any CPU.Build.0 = Release|Any CPU
		{EF70923B-3C50-40A6-936F-E9343937DD0E}.AppStore|ARM.ActiveCfg = Release|Any CPU
		{EF70923B-3C50-40A6-936F-E9343937DD0E}.AppStore|iPhone.ActiveCfg = Release|Any CPU
		{EF70923B-3C50-40A6-936F-E9343937DD0E}.AppStore|iPhoneSimulator.ActiveCfg = Release|Any CPU
		{EF70923B-3C50-40A6-936F-E9343937DD0E}.AppStore|Mixed Platforms.ActiveCfg = Release|Any CPU
		{EF70923B-3C50-40A6-936F-E9343937DD0E}.AppStore|Mixed Platforms.Build.0 = Release|Any CPU
		{EF70923B-3C50-40A6-936F-E9343937DD0E}.AppStore|x86.ActiveCfg = Release|Any CPU
		{EF70923B-3C50-40A6-936F-E9343937DD0E}.Debug|Any CPU.ActiveCfg = Debug|Any CPU
		{EF70923B-3C50-40A6-936F-E9343937DD0E}.Debug|Any CPU.Build.0 = Debug|Any CPU
		{EF70923B-3C50-40A6-936F-E9343937DD0E}.Debug|ARM.ActiveCfg = Debug|Any CPU
		{EF70923B-3C50-40A6-936F-E9343937DD0E}.Debug|iPhone.ActiveCfg = Debug|Any CPU
		{EF70923B-3C50-40A6-936F-E9343937DD0E}.Debug|iPhoneSimulator.ActiveCfg = Debug|Any CPU
		{EF70923B-3C50-40A6-936F-E9343937DD0E}.Debug|Mixed Platforms.ActiveCfg = Debug|Any CPU
		{EF70923B-3C50-40A6-936F-E9343937DD0E}.Debug|Mixed Platforms.Build.0 = Debug|Any CPU
		{EF70923B-3C50-40A6-936F-E9343937DD0E}.Debug|x86.ActiveCfg = Debug|Any CPU
		{EF70923B-3C50-40A6-936F-E9343937DD0E}.Release|Any CPU.ActiveCfg = Release|Any CPU
		{EF70923B-3C50-40A6-936F-E9343937DD0E}.Release|Any CPU.Build.0 = Release|Any CPU
		{EF70923B-3C50-40A6-936F-E9343937DD0E}.Release|ARM.ActiveCfg = Release|Any CPU
		{EF70923B-3C50-40A6-936F-E9343937DD0E}.Release|iPhone.ActiveCfg = Release|Any CPU
		{EF70923B-3C50-40A6-936F-E9343937DD0E}.Release|iPhoneSimulator.ActiveCfg = Release|Any CPU
		{EF70923B-3C50-40A6-936F-E9343937DD0E}.Release|Mixed Platforms.ActiveCfg = Release|Any CPU
		{EF70923B-3C50-40A6-936F-E9343937DD0E}.Release|Mixed Platforms.Build.0 = Release|Any CPU
		{EF70923B-3C50-40A6-936F-E9343937DD0E}.Release|x86.ActiveCfg = Release|Any CPU
		{4545CFA1-873A-4A17-A309-5FB6AA1C6D07}.Ad-Hoc|Any CPU.ActiveCfg = Ad-Hoc|iPhone
		{4545CFA1-873A-4A17-A309-5FB6AA1C6D07}.Ad-Hoc|ARM.ActiveCfg = Ad-Hoc|iPhone
		{4545CFA1-873A-4A17-A309-5FB6AA1C6D07}.Ad-Hoc|iPhone.ActiveCfg = Ad-Hoc|iPhone
		{4545CFA1-873A-4A17-A309-5FB6AA1C6D07}.Ad-Hoc|iPhone.Build.0 = Ad-Hoc|iPhone
		{4545CFA1-873A-4A17-A309-5FB6AA1C6D07}.Ad-Hoc|iPhoneSimulator.ActiveCfg = Ad-Hoc|iPhoneSimulator
		{4545CFA1-873A-4A17-A309-5FB6AA1C6D07}.Ad-Hoc|iPhoneSimulator.Build.0 = Ad-Hoc|iPhoneSimulator
		{4545CFA1-873A-4A17-A309-5FB6AA1C6D07}.Ad-Hoc|Mixed Platforms.ActiveCfg = Ad-Hoc|iPhone
		{4545CFA1-873A-4A17-A309-5FB6AA1C6D07}.Ad-Hoc|Mixed Platforms.Build.0 = Ad-Hoc|iPhone
		{4545CFA1-873A-4A17-A309-5FB6AA1C6D07}.Ad-Hoc|x86.ActiveCfg = Ad-Hoc|iPhone
		{4545CFA1-873A-4A17-A309-5FB6AA1C6D07}.AppStore|Any CPU.ActiveCfg = AppStore|iPhone
		{4545CFA1-873A-4A17-A309-5FB6AA1C6D07}.AppStore|ARM.ActiveCfg = AppStore|iPhone
		{4545CFA1-873A-4A17-A309-5FB6AA1C6D07}.AppStore|iPhone.ActiveCfg = AppStore|iPhone
		{4545CFA1-873A-4A17-A309-5FB6AA1C6D07}.AppStore|iPhone.Build.0 = AppStore|iPhone
		{4545CFA1-873A-4A17-A309-5FB6AA1C6D07}.AppStore|iPhoneSimulator.ActiveCfg = AppStore|iPhoneSimulator
		{4545CFA1-873A-4A17-A309-5FB6AA1C6D07}.AppStore|iPhoneSimulator.Build.0 = AppStore|iPhoneSimulator
		{4545CFA1-873A-4A17-A309-5FB6AA1C6D07}.AppStore|Mixed Platforms.ActiveCfg = AppStore|iPhone
		{4545CFA1-873A-4A17-A309-5FB6AA1C6D07}.AppStore|Mixed Platforms.Build.0 = AppStore|iPhone
		{4545CFA1-873A-4A17-A309-5FB6AA1C6D07}.AppStore|x86.ActiveCfg = AppStore|iPhone
		{4545CFA1-873A-4A17-A309-5FB6AA1C6D07}.Debug|Any CPU.ActiveCfg = Debug|iPhone
		{4545CFA1-873A-4A17-A309-5FB6AA1C6D07}.Debug|ARM.ActiveCfg = Debug|iPhone
		{4545CFA1-873A-4A17-A309-5FB6AA1C6D07}.Debug|iPhone.ActiveCfg = Debug|iPhone
		{4545CFA1-873A-4A17-A309-5FB6AA1C6D07}.Debug|iPhone.Build.0 = Debug|iPhone
		{4545CFA1-873A-4A17-A309-5FB6AA1C6D07}.Debug|iPhoneSimulator.ActiveCfg = Debug|iPhoneSimulator
		{4545CFA1-873A-4A17-A309-5FB6AA1C6D07}.Debug|iPhoneSimulator.Build.0 = Debug|iPhoneSimulator
		{4545CFA1-873A-4A17-A309-5FB6AA1C6D07}.Debug|Mixed Platforms.ActiveCfg = Debug|iPhone
		{4545CFA1-873A-4A17-A309-5FB6AA1C6D07}.Debug|Mixed Platforms.Build.0 = Debug|iPhone
		{4545CFA1-873A-4A17-A309-5FB6AA1C6D07}.Debug|x86.ActiveCfg = Debug|iPhone
		{4545CFA1-873A-4A17-A309-5FB6AA1C6D07}.Release|Any CPU.ActiveCfg = Release|iPhone
		{4545CFA1-873A-4A17-A309-5FB6AA1C6D07}.Release|ARM.ActiveCfg = Release|iPhone
		{4545CFA1-873A-4A17-A309-5FB6AA1C6D07}.Release|iPhone.ActiveCfg = Release|iPhone
		{4545CFA1-873A-4A17-A309-5FB6AA1C6D07}.Release|iPhone.Build.0 = Release|iPhone
		{4545CFA1-873A-4A17-A309-5FB6AA1C6D07}.Release|iPhoneSimulator.ActiveCfg = Release|iPhoneSimulator
		{4545CFA1-873A-4A17-A309-5FB6AA1C6D07}.Release|iPhoneSimulator.Build.0 = Release|iPhoneSimulator
		{4545CFA1-873A-4A17-A309-5FB6AA1C6D07}.Release|Mixed Platforms.ActiveCfg = Release|iPhone
		{4545CFA1-873A-4A17-A309-5FB6AA1C6D07}.Release|Mixed Platforms.Build.0 = Release|iPhone
		{4545CFA1-873A-4A17-A309-5FB6AA1C6D07}.Release|x86.ActiveCfg = Release|iPhone
		{7C554F3A-0661-4E63-9F91-762DF51819D0}.Ad-Hoc|Any CPU.ActiveCfg = Release|Any CPU
		{7C554F3A-0661-4E63-9F91-762DF51819D0}.Ad-Hoc|Any CPU.Build.0 = Release|Any CPU
		{7C554F3A-0661-4E63-9F91-762DF51819D0}.Ad-Hoc|Any CPU.Deploy.0 = Release|Any CPU
		{7C554F3A-0661-4E63-9F91-762DF51819D0}.Ad-Hoc|ARM.ActiveCfg = Release|Any CPU
		{7C554F3A-0661-4E63-9F91-762DF51819D0}.Ad-Hoc|iPhone.ActiveCfg = Release|Any CPU
		{7C554F3A-0661-4E63-9F91-762DF51819D0}.Ad-Hoc|iPhoneSimulator.ActiveCfg = Release|Any CPU
		{7C554F3A-0661-4E63-9F91-762DF51819D0}.Ad-Hoc|Mixed Platforms.ActiveCfg = Release|Any CPU
		{7C554F3A-0661-4E63-9F91-762DF51819D0}.Ad-Hoc|Mixed Platforms.Build.0 = Release|Any CPU
		{7C554F3A-0661-4E63-9F91-762DF51819D0}.Ad-Hoc|Mixed Platforms.Deploy.0 = Release|Any CPU
		{7C554F3A-0661-4E63-9F91-762DF51819D0}.Ad-Hoc|x86.ActiveCfg = Release|Any CPU
		{7C554F3A-0661-4E63-9F91-762DF51819D0}.AppStore|Any CPU.ActiveCfg = Release|Any CPU
		{7C554F3A-0661-4E63-9F91-762DF51819D0}.AppStore|Any CPU.Build.0 = Release|Any CPU
		{7C554F3A-0661-4E63-9F91-762DF51819D0}.AppStore|Any CPU.Deploy.0 = Release|Any CPU
		{7C554F3A-0661-4E63-9F91-762DF51819D0}.AppStore|ARM.ActiveCfg = Release|Any CPU
		{7C554F3A-0661-4E63-9F91-762DF51819D0}.AppStore|iPhone.ActiveCfg = Release|Any CPU
		{7C554F3A-0661-4E63-9F91-762DF51819D0}.AppStore|iPhoneSimulator.ActiveCfg = Release|Any CPU
		{7C554F3A-0661-4E63-9F91-762DF51819D0}.AppStore|Mixed Platforms.ActiveCfg = Release|Any CPU
		{7C554F3A-0661-4E63-9F91-762DF51819D0}.AppStore|Mixed Platforms.Build.0 = Release|Any CPU
		{7C554F3A-0661-4E63-9F91-762DF51819D0}.AppStore|Mixed Platforms.Deploy.0 = Release|Any CPU
		{7C554F3A-0661-4E63-9F91-762DF51819D0}.AppStore|x86.ActiveCfg = Release|Any CPU
		{7C554F3A-0661-4E63-9F91-762DF51819D0}.Debug|Any CPU.ActiveCfg = Debug|Any CPU
		{7C554F3A-0661-4E63-9F91-762DF51819D0}.Debug|Any CPU.Build.0 = Debug|Any CPU
		{7C554F3A-0661-4E63-9F91-762DF51819D0}.Debug|Any CPU.Deploy.0 = Debug|Any CPU
		{7C554F3A-0661-4E63-9F91-762DF51819D0}.Debug|ARM.ActiveCfg = Debug|Any CPU
		{7C554F3A-0661-4E63-9F91-762DF51819D0}.Debug|iPhone.ActiveCfg = Debug|Any CPU
		{7C554F3A-0661-4E63-9F91-762DF51819D0}.Debug|iPhoneSimulator.ActiveCfg = Debug|Any CPU
		{7C554F3A-0661-4E63-9F91-762DF51819D0}.Debug|Mixed Platforms.ActiveCfg = Debug|Any CPU
		{7C554F3A-0661-4E63-9F91-762DF51819D0}.Debug|Mixed Platforms.Build.0 = Debug|Any CPU
		{7C554F3A-0661-4E63-9F91-762DF51819D0}.Debug|Mixed Platforms.Deploy.0 = Debug|Any CPU
		{7C554F3A-0661-4E63-9F91-762DF51819D0}.Debug|x86.ActiveCfg = Debug|Any CPU
		{7C554F3A-0661-4E63-9F91-762DF51819D0}.Release|Any CPU.ActiveCfg = Release|Any CPU
		{7C554F3A-0661-4E63-9F91-762DF51819D0}.Release|Any CPU.Build.0 = Release|Any CPU
		{7C554F3A-0661-4E63-9F91-762DF51819D0}.Release|Any CPU.Deploy.0 = Release|Any CPU
		{7C554F3A-0661-4E63-9F91-762DF51819D0}.Release|ARM.ActiveCfg = Release|Any CPU
		{7C554F3A-0661-4E63-9F91-762DF51819D0}.Release|iPhone.ActiveCfg = Release|Any CPU
		{7C554F3A-0661-4E63-9F91-762DF51819D0}.Release|iPhoneSimulator.ActiveCfg = Release|Any CPU
		{7C554F3A-0661-4E63-9F91-762DF51819D0}.Release|Mixed Platforms.ActiveCfg = Release|Any CPU
		{7C554F3A-0661-4E63-9F91-762DF51819D0}.Release|Mixed Platforms.Build.0 = Release|Any CPU
		{7C554F3A-0661-4E63-9F91-762DF51819D0}.Release|Mixed Platforms.Deploy.0 = Release|Any CPU
		{7C554F3A-0661-4E63-9F91-762DF51819D0}.Release|x86.ActiveCfg = Release|Any CPU
		{31431516-2725-4814-A595-021636362F1D}.Ad-Hoc|Any CPU.ActiveCfg = Release|Any CPU
		{31431516-2725-4814-A595-021636362F1D}.Ad-Hoc|Any CPU.Build.0 = Release|Any CPU
		{31431516-2725-4814-A595-021636362F1D}.Ad-Hoc|Any CPU.Deploy.0 = Release|Any CPU
		{31431516-2725-4814-A595-021636362F1D}.Ad-Hoc|ARM.ActiveCfg = Release|ARM
		{31431516-2725-4814-A595-021636362F1D}.Ad-Hoc|ARM.Build.0 = Release|ARM
		{31431516-2725-4814-A595-021636362F1D}.Ad-Hoc|ARM.Deploy.0 = Release|ARM
		{31431516-2725-4814-A595-021636362F1D}.Ad-Hoc|iPhone.ActiveCfg = Release|Any CPU
		{31431516-2725-4814-A595-021636362F1D}.Ad-Hoc|iPhoneSimulator.ActiveCfg = Release|Any CPU
		{31431516-2725-4814-A595-021636362F1D}.Ad-Hoc|Mixed Platforms.ActiveCfg = Release|x86
		{31431516-2725-4814-A595-021636362F1D}.Ad-Hoc|Mixed Platforms.Build.0 = Release|x86
		{31431516-2725-4814-A595-021636362F1D}.Ad-Hoc|Mixed Platforms.Deploy.0 = Release|x86
		{31431516-2725-4814-A595-021636362F1D}.Ad-Hoc|x86.ActiveCfg = Release|x86
		{31431516-2725-4814-A595-021636362F1D}.Ad-Hoc|x86.Build.0 = Release|x86
		{31431516-2725-4814-A595-021636362F1D}.Ad-Hoc|x86.Deploy.0 = Release|x86
		{31431516-2725-4814-A595-021636362F1D}.AppStore|Any CPU.ActiveCfg = Release|Any CPU
		{31431516-2725-4814-A595-021636362F1D}.AppStore|Any CPU.Build.0 = Release|Any CPU
		{31431516-2725-4814-A595-021636362F1D}.AppStore|Any CPU.Deploy.0 = Release|Any CPU
		{31431516-2725-4814-A595-021636362F1D}.AppStore|ARM.ActiveCfg = Release|ARM
		{31431516-2725-4814-A595-021636362F1D}.AppStore|ARM.Build.0 = Release|ARM
		{31431516-2725-4814-A595-021636362F1D}.AppStore|ARM.Deploy.0 = Release|ARM
		{31431516-2725-4814-A595-021636362F1D}.AppStore|iPhone.ActiveCfg = Release|Any CPU
		{31431516-2725-4814-A595-021636362F1D}.AppStore|iPhoneSimulator.ActiveCfg = Release|Any CPU
		{31431516-2725-4814-A595-021636362F1D}.AppStore|Mixed Platforms.ActiveCfg = Release|x86
		{31431516-2725-4814-A595-021636362F1D}.AppStore|Mixed Platforms.Build.0 = Release|x86
		{31431516-2725-4814-A595-021636362F1D}.AppStore|Mixed Platforms.Deploy.0 = Release|x86
		{31431516-2725-4814-A595-021636362F1D}.AppStore|x86.ActiveCfg = Release|x86
		{31431516-2725-4814-A595-021636362F1D}.AppStore|x86.Build.0 = Release|x86
		{31431516-2725-4814-A595-021636362F1D}.AppStore|x86.Deploy.0 = Release|x86
		{31431516-2725-4814-A595-021636362F1D}.Debug|Any CPU.ActiveCfg = Debug|Any CPU
		{31431516-2725-4814-A595-021636362F1D}.Debug|Any CPU.Build.0 = Debug|Any CPU
		{31431516-2725-4814-A595-021636362F1D}.Debug|Any CPU.Deploy.0 = Debug|Any CPU
		{31431516-2725-4814-A595-021636362F1D}.Debug|ARM.ActiveCfg = Debug|ARM
		{31431516-2725-4814-A595-021636362F1D}.Debug|ARM.Build.0 = Debug|ARM
		{31431516-2725-4814-A595-021636362F1D}.Debug|ARM.Deploy.0 = Debug|ARM
		{31431516-2725-4814-A595-021636362F1D}.Debug|iPhone.ActiveCfg = Debug|Any CPU
		{31431516-2725-4814-A595-021636362F1D}.Debug|iPhoneSimulator.ActiveCfg = Debug|Any CPU
		{31431516-2725-4814-A595-021636362F1D}.Debug|Mixed Platforms.ActiveCfg = Debug|x86
		{31431516-2725-4814-A595-021636362F1D}.Debug|Mixed Platforms.Build.0 = Debug|x86
		{31431516-2725-4814-A595-021636362F1D}.Debug|Mixed Platforms.Deploy.0 = Debug|x86
		{31431516-2725-4814-A595-021636362F1D}.Debug|x86.ActiveCfg = Debug|x86
		{31431516-2725-4814-A595-021636362F1D}.Debug|x86.Build.0 = Debug|x86
		{31431516-2725-4814-A595-021636362F1D}.Debug|x86.Deploy.0 = Debug|x86
		{31431516-2725-4814-A595-021636362F1D}.Release|Any CPU.ActiveCfg = Release|Any CPU
		{31431516-2725-4814-A595-021636362F1D}.Release|Any CPU.Build.0 = Release|Any CPU
		{31431516-2725-4814-A595-021636362F1D}.Release|Any CPU.Deploy.0 = Release|Any CPU
		{31431516-2725-4814-A595-021636362F1D}.Release|ARM.ActiveCfg = Release|ARM
		{31431516-2725-4814-A595-021636362F1D}.Release|ARM.Build.0 = Release|ARM
		{31431516-2725-4814-A595-021636362F1D}.Release|ARM.Deploy.0 = Release|ARM
		{31431516-2725-4814-A595-021636362F1D}.Release|iPhone.ActiveCfg = Release|Any CPU
		{31431516-2725-4814-A595-021636362F1D}.Release|iPhoneSimulator.ActiveCfg = Release|Any CPU
		{31431516-2725-4814-A595-021636362F1D}.Release|Mixed Platforms.ActiveCfg = Release|x86
		{31431516-2725-4814-A595-021636362F1D}.Release|Mixed Platforms.Build.0 = Release|x86
		{31431516-2725-4814-A595-021636362F1D}.Release|Mixed Platforms.Deploy.0 = Release|x86
		{31431516-2725-4814-A595-021636362F1D}.Release|x86.ActiveCfg = Release|x86
		{31431516-2725-4814-A595-021636362F1D}.Release|x86.Build.0 = Release|x86
		{31431516-2725-4814-A595-021636362F1D}.Release|x86.Deploy.0 = Release|x86
		{955919FC-56C6-46B4-8AC5-8E7EC37B310A}.Ad-Hoc|Any CPU.ActiveCfg = Release|Any CPU
		{955919FC-56C6-46B4-8AC5-8E7EC37B310A}.Ad-Hoc|Any CPU.Build.0 = Release|Any CPU
		{955919FC-56C6-46B4-8AC5-8E7EC37B310A}.Ad-Hoc|ARM.ActiveCfg = Release|Any CPU
		{955919FC-56C6-46B4-8AC5-8E7EC37B310A}.Ad-Hoc|iPhone.ActiveCfg = Release|Any CPU
		{955919FC-56C6-46B4-8AC5-8E7EC37B310A}.Ad-Hoc|iPhoneSimulator.ActiveCfg = Release|Any CPU
		{955919FC-56C6-46B4-8AC5-8E7EC37B310A}.Ad-Hoc|Mixed Platforms.ActiveCfg = Release|Any CPU
		{955919FC-56C6-46B4-8AC5-8E7EC37B310A}.Ad-Hoc|Mixed Platforms.Build.0 = Release|Any CPU
		{955919FC-56C6-46B4-8AC5-8E7EC37B310A}.Ad-Hoc|x86.ActiveCfg = Release|Any CPU
		{955919FC-56C6-46B4-8AC5-8E7EC37B310A}.AppStore|Any CPU.ActiveCfg = Release|Any CPU
		{955919FC-56C6-46B4-8AC5-8E7EC37B310A}.AppStore|Any CPU.Build.0 = Release|Any CPU
		{955919FC-56C6-46B4-8AC5-8E7EC37B310A}.AppStore|ARM.ActiveCfg = Release|Any CPU
		{955919FC-56C6-46B4-8AC5-8E7EC37B310A}.AppStore|iPhone.ActiveCfg = Release|Any CPU
		{955919FC-56C6-46B4-8AC5-8E7EC37B310A}.AppStore|iPhoneSimulator.ActiveCfg = Release|Any CPU
		{955919FC-56C6-46B4-8AC5-8E7EC37B310A}.AppStore|Mixed Platforms.ActiveCfg = Release|Any CPU
		{955919FC-56C6-46B4-8AC5-8E7EC37B310A}.AppStore|Mixed Platforms.Build.0 = Release|Any CPU
		{955919FC-56C6-46B4-8AC5-8E7EC37B310A}.AppStore|x86.ActiveCfg = Release|Any CPU
		{955919FC-56C6-46B4-8AC5-8E7EC37B310A}.Debug|Any CPU.ActiveCfg = Debug|Any CPU
		{955919FC-56C6-46B4-8AC5-8E7EC37B310A}.Debug|Any CPU.Build.0 = Debug|Any CPU
		{955919FC-56C6-46B4-8AC5-8E7EC37B310A}.Debug|ARM.ActiveCfg = Debug|Any CPU
		{955919FC-56C6-46B4-8AC5-8E7EC37B310A}.Debug|iPhone.ActiveCfg = Debug|Any CPU
		{955919FC-56C6-46B4-8AC5-8E7EC37B310A}.Debug|iPhoneSimulator.ActiveCfg = Debug|Any CPU
		{955919FC-56C6-46B4-8AC5-8E7EC37B310A}.Debug|Mixed Platforms.ActiveCfg = Debug|Any CPU
		{955919FC-56C6-46B4-8AC5-8E7EC37B310A}.Debug|Mixed Platforms.Build.0 = Debug|Any CPU
		{955919FC-56C6-46B4-8AC5-8E7EC37B310A}.Debug|x86.ActiveCfg = Debug|Any CPU
		{955919FC-56C6-46B4-8AC5-8E7EC37B310A}.Release|Any CPU.ActiveCfg = Release|Any CPU
		{955919FC-56C6-46B4-8AC5-8E7EC37B310A}.Release|Any CPU.Build.0 = Release|Any CPU
		{955919FC-56C6-46B4-8AC5-8E7EC37B310A}.Release|ARM.ActiveCfg = Release|Any CPU
		{955919FC-56C6-46B4-8AC5-8E7EC37B310A}.Release|iPhone.ActiveCfg = Release|Any CPU
		{955919FC-56C6-46B4-8AC5-8E7EC37B310A}.Release|iPhoneSimulator.ActiveCfg = Release|Any CPU
		{955919FC-56C6-46B4-8AC5-8E7EC37B310A}.Release|Mixed Platforms.ActiveCfg = Release|Any CPU
		{955919FC-56C6-46B4-8AC5-8E7EC37B310A}.Release|Mixed Platforms.Build.0 = Release|Any CPU
		{955919FC-56C6-46B4-8AC5-8E7EC37B310A}.Release|x86.ActiveCfg = Release|Any CPU
		{253EEBD7-489D-4676-B6D7-2ED2D7D3B32A}.Ad-Hoc|Any CPU.ActiveCfg = Ad-Hoc|iPhone
		{253EEBD7-489D-4676-B6D7-2ED2D7D3B32A}.Ad-Hoc|ARM.ActiveCfg = Ad-Hoc|iPhone
		{253EEBD7-489D-4676-B6D7-2ED2D7D3B32A}.Ad-Hoc|iPhone.ActiveCfg = Ad-Hoc|iPhone
		{253EEBD7-489D-4676-B6D7-2ED2D7D3B32A}.Ad-Hoc|iPhone.Build.0 = Ad-Hoc|iPhone
		{253EEBD7-489D-4676-B6D7-2ED2D7D3B32A}.Ad-Hoc|iPhoneSimulator.ActiveCfg = Ad-Hoc|iPhoneSimulator
		{253EEBD7-489D-4676-B6D7-2ED2D7D3B32A}.Ad-Hoc|iPhoneSimulator.Build.0 = Ad-Hoc|iPhoneSimulator
		{253EEBD7-489D-4676-B6D7-2ED2D7D3B32A}.Ad-Hoc|Mixed Platforms.ActiveCfg = Ad-Hoc|iPhone
		{253EEBD7-489D-4676-B6D7-2ED2D7D3B32A}.Ad-Hoc|Mixed Platforms.Build.0 = Ad-Hoc|iPhone
		{253EEBD7-489D-4676-B6D7-2ED2D7D3B32A}.Ad-Hoc|x86.ActiveCfg = Ad-Hoc|iPhone
		{253EEBD7-489D-4676-B6D7-2ED2D7D3B32A}.AppStore|Any CPU.ActiveCfg = AppStore|iPhone
		{253EEBD7-489D-4676-B6D7-2ED2D7D3B32A}.AppStore|ARM.ActiveCfg = AppStore|iPhone
		{253EEBD7-489D-4676-B6D7-2ED2D7D3B32A}.AppStore|iPhone.ActiveCfg = AppStore|iPhone
		{253EEBD7-489D-4676-B6D7-2ED2D7D3B32A}.AppStore|iPhone.Build.0 = AppStore|iPhone
		{253EEBD7-489D-4676-B6D7-2ED2D7D3B32A}.AppStore|iPhoneSimulator.ActiveCfg = AppStore|iPhoneSimulator
		{253EEBD7-489D-4676-B6D7-2ED2D7D3B32A}.AppStore|iPhoneSimulator.Build.0 = AppStore|iPhoneSimulator
		{253EEBD7-489D-4676-B6D7-2ED2D7D3B32A}.AppStore|Mixed Platforms.ActiveCfg = AppStore|iPhone
		{253EEBD7-489D-4676-B6D7-2ED2D7D3B32A}.AppStore|Mixed Platforms.Build.0 = AppStore|iPhone
		{253EEBD7-489D-4676-B6D7-2ED2D7D3B32A}.AppStore|x86.ActiveCfg = AppStore|iPhone
		{253EEBD7-489D-4676-B6D7-2ED2D7D3B32A}.Debug|Any CPU.ActiveCfg = Debug|iPhone
		{253EEBD7-489D-4676-B6D7-2ED2D7D3B32A}.Debug|ARM.ActiveCfg = Debug|iPhone
		{253EEBD7-489D-4676-B6D7-2ED2D7D3B32A}.Debug|iPhone.ActiveCfg = Debug|iPhone
		{253EEBD7-489D-4676-B6D7-2ED2D7D3B32A}.Debug|iPhone.Build.0 = Debug|iPhone
		{253EEBD7-489D-4676-B6D7-2ED2D7D3B32A}.Debug|iPhoneSimulator.ActiveCfg = Debug|iPhoneSimulator
		{253EEBD7-489D-4676-B6D7-2ED2D7D3B32A}.Debug|iPhoneSimulator.Build.0 = Debug|iPhoneSimulator
		{253EEBD7-489D-4676-B6D7-2ED2D7D3B32A}.Debug|Mixed Platforms.ActiveCfg = Debug|iPhone
		{253EEBD7-489D-4676-B6D7-2ED2D7D3B32A}.Debug|Mixed Platforms.Build.0 = Debug|iPhone
		{253EEBD7-489D-4676-B6D7-2ED2D7D3B32A}.Debug|x86.ActiveCfg = Debug|iPhone
		{253EEBD7-489D-4676-B6D7-2ED2D7D3B32A}.Release|Any CPU.ActiveCfg = Release|iPhone
		{253EEBD7-489D-4676-B6D7-2ED2D7D3B32A}.Release|ARM.ActiveCfg = Release|iPhone
		{253EEBD7-489D-4676-B6D7-2ED2D7D3B32A}.Release|iPhone.ActiveCfg = Release|iPhone
		{253EEBD7-489D-4676-B6D7-2ED2D7D3B32A}.Release|iPhone.Build.0 = Release|iPhone
		{253EEBD7-489D-4676-B6D7-2ED2D7D3B32A}.Release|iPhoneSimulator.ActiveCfg = Release|iPhoneSimulator
		{253EEBD7-489D-4676-B6D7-2ED2D7D3B32A}.Release|iPhoneSimulator.Build.0 = Release|iPhoneSimulator
		{253EEBD7-489D-4676-B6D7-2ED2D7D3B32A}.Release|Mixed Platforms.ActiveCfg = Release|iPhone
		{253EEBD7-489D-4676-B6D7-2ED2D7D3B32A}.Release|Mixed Platforms.Build.0 = Release|iPhone
		{253EEBD7-489D-4676-B6D7-2ED2D7D3B32A}.Release|x86.ActiveCfg = Release|iPhone
		{0D5D61EE-3D09-4B73-B74E-CFD1FB8DD12B}.Ad-Hoc|Any CPU.ActiveCfg = Release|Any CPU
		{0D5D61EE-3D09-4B73-B74E-CFD1FB8DD12B}.Ad-Hoc|Any CPU.Build.0 = Release|Any CPU
		{0D5D61EE-3D09-4B73-B74E-CFD1FB8DD12B}.Ad-Hoc|Any CPU.Deploy.0 = Release|Any CPU
		{0D5D61EE-3D09-4B73-B74E-CFD1FB8DD12B}.Ad-Hoc|ARM.ActiveCfg = Release|Any CPU
		{0D5D61EE-3D09-4B73-B74E-CFD1FB8DD12B}.Ad-Hoc|iPhone.ActiveCfg = Release|Any CPU
		{0D5D61EE-3D09-4B73-B74E-CFD1FB8DD12B}.Ad-Hoc|iPhoneSimulator.ActiveCfg = Release|Any CPU
		{0D5D61EE-3D09-4B73-B74E-CFD1FB8DD12B}.Ad-Hoc|Mixed Platforms.ActiveCfg = Release|Any CPU
		{0D5D61EE-3D09-4B73-B74E-CFD1FB8DD12B}.Ad-Hoc|Mixed Platforms.Build.0 = Release|Any CPU
		{0D5D61EE-3D09-4B73-B74E-CFD1FB8DD12B}.Ad-Hoc|Mixed Platforms.Deploy.0 = Release|Any CPU
		{0D5D61EE-3D09-4B73-B74E-CFD1FB8DD12B}.Ad-Hoc|x86.ActiveCfg = Release|Any CPU
		{0D5D61EE-3D09-4B73-B74E-CFD1FB8DD12B}.AppStore|Any CPU.ActiveCfg = Release|Any CPU
		{0D5D61EE-3D09-4B73-B74E-CFD1FB8DD12B}.AppStore|Any CPU.Build.0 = Release|Any CPU
		{0D5D61EE-3D09-4B73-B74E-CFD1FB8DD12B}.AppStore|Any CPU.Deploy.0 = Release|Any CPU
		{0D5D61EE-3D09-4B73-B74E-CFD1FB8DD12B}.AppStore|ARM.ActiveCfg = Release|Any CPU
		{0D5D61EE-3D09-4B73-B74E-CFD1FB8DD12B}.AppStore|iPhone.ActiveCfg = Release|Any CPU
		{0D5D61EE-3D09-4B73-B74E-CFD1FB8DD12B}.AppStore|iPhoneSimulator.ActiveCfg = Release|Any CPU
		{0D5D61EE-3D09-4B73-B74E-CFD1FB8DD12B}.AppStore|Mixed Platforms.ActiveCfg = Release|Any CPU
		{0D5D61EE-3D09-4B73-B74E-CFD1FB8DD12B}.AppStore|Mixed Platforms.Build.0 = Release|Any CPU
		{0D5D61EE-3D09-4B73-B74E-CFD1FB8DD12B}.AppStore|Mixed Platforms.Deploy.0 = Release|Any CPU
		{0D5D61EE-3D09-4B73-B74E-CFD1FB8DD12B}.AppStore|x86.ActiveCfg = Release|Any CPU
		{0D5D61EE-3D09-4B73-B74E-CFD1FB8DD12B}.Debug|Any CPU.ActiveCfg = Debug|Any CPU
		{0D5D61EE-3D09-4B73-B74E-CFD1FB8DD12B}.Debug|Any CPU.Build.0 = Debug|Any CPU
		{0D5D61EE-3D09-4B73-B74E-CFD1FB8DD12B}.Debug|Any CPU.Deploy.0 = Debug|Any CPU
		{0D5D61EE-3D09-4B73-B74E-CFD1FB8DD12B}.Debug|ARM.ActiveCfg = Debug|Any CPU
		{0D5D61EE-3D09-4B73-B74E-CFD1FB8DD12B}.Debug|iPhone.ActiveCfg = Debug|Any CPU
		{0D5D61EE-3D09-4B73-B74E-CFD1FB8DD12B}.Debug|iPhoneSimulator.ActiveCfg = Debug|Any CPU
		{0D5D61EE-3D09-4B73-B74E-CFD1FB8DD12B}.Debug|Mixed Platforms.ActiveCfg = Debug|Any CPU
		{0D5D61EE-3D09-4B73-B74E-CFD1FB8DD12B}.Debug|Mixed Platforms.Build.0 = Debug|Any CPU
		{0D5D61EE-3D09-4B73-B74E-CFD1FB8DD12B}.Debug|Mixed Platforms.Deploy.0 = Debug|Any CPU
		{0D5D61EE-3D09-4B73-B74E-CFD1FB8DD12B}.Debug|x86.ActiveCfg = Debug|Any CPU
		{0D5D61EE-3D09-4B73-B74E-CFD1FB8DD12B}.Release|Any CPU.ActiveCfg = Release|Any CPU
		{0D5D61EE-3D09-4B73-B74E-CFD1FB8DD12B}.Release|Any CPU.Build.0 = Release|Any CPU
		{0D5D61EE-3D09-4B73-B74E-CFD1FB8DD12B}.Release|Any CPU.Deploy.0 = Release|Any CPU
		{0D5D61EE-3D09-4B73-B74E-CFD1FB8DD12B}.Release|ARM.ActiveCfg = Release|Any CPU
		{0D5D61EE-3D09-4B73-B74E-CFD1FB8DD12B}.Release|iPhone.ActiveCfg = Release|Any CPU
		{0D5D61EE-3D09-4B73-B74E-CFD1FB8DD12B}.Release|iPhoneSimulator.ActiveCfg = Release|Any CPU
		{0D5D61EE-3D09-4B73-B74E-CFD1FB8DD12B}.Release|Mixed Platforms.ActiveCfg = Release|Any CPU
		{0D5D61EE-3D09-4B73-B74E-CFD1FB8DD12B}.Release|Mixed Platforms.Build.0 = Release|Any CPU
		{0D5D61EE-3D09-4B73-B74E-CFD1FB8DD12B}.Release|Mixed Platforms.Deploy.0 = Release|Any CPU
		{0D5D61EE-3D09-4B73-B74E-CFD1FB8DD12B}.Release|x86.ActiveCfg = Release|Any CPU
		{42D698D9-CFE5-4691-B6E9-F7B15D8AB82C}.Ad-Hoc|Any CPU.ActiveCfg = Release|Any CPU
		{42D698D9-CFE5-4691-B6E9-F7B15D8AB82C}.Ad-Hoc|Any CPU.Build.0 = Release|Any CPU
		{42D698D9-CFE5-4691-B6E9-F7B15D8AB82C}.Ad-Hoc|Any CPU.Deploy.0 = Release|Any CPU
		{42D698D9-CFE5-4691-B6E9-F7B15D8AB82C}.Ad-Hoc|ARM.ActiveCfg = Release|ARM
		{42D698D9-CFE5-4691-B6E9-F7B15D8AB82C}.Ad-Hoc|ARM.Build.0 = Release|ARM
		{42D698D9-CFE5-4691-B6E9-F7B15D8AB82C}.Ad-Hoc|ARM.Deploy.0 = Release|ARM
		{42D698D9-CFE5-4691-B6E9-F7B15D8AB82C}.Ad-Hoc|iPhone.ActiveCfg = Release|Any CPU
		{42D698D9-CFE5-4691-B6E9-F7B15D8AB82C}.Ad-Hoc|iPhoneSimulator.ActiveCfg = Release|Any CPU
		{42D698D9-CFE5-4691-B6E9-F7B15D8AB82C}.Ad-Hoc|Mixed Platforms.ActiveCfg = Release|x86
		{42D698D9-CFE5-4691-B6E9-F7B15D8AB82C}.Ad-Hoc|Mixed Platforms.Build.0 = Release|x86
		{42D698D9-CFE5-4691-B6E9-F7B15D8AB82C}.Ad-Hoc|Mixed Platforms.Deploy.0 = Release|x86
		{42D698D9-CFE5-4691-B6E9-F7B15D8AB82C}.Ad-Hoc|x86.ActiveCfg = Release|x86
		{42D698D9-CFE5-4691-B6E9-F7B15D8AB82C}.Ad-Hoc|x86.Build.0 = Release|x86
		{42D698D9-CFE5-4691-B6E9-F7B15D8AB82C}.Ad-Hoc|x86.Deploy.0 = Release|x86
		{42D698D9-CFE5-4691-B6E9-F7B15D8AB82C}.AppStore|Any CPU.ActiveCfg = Release|Any CPU
		{42D698D9-CFE5-4691-B6E9-F7B15D8AB82C}.AppStore|Any CPU.Build.0 = Release|Any CPU
		{42D698D9-CFE5-4691-B6E9-F7B15D8AB82C}.AppStore|Any CPU.Deploy.0 = Release|Any CPU
		{42D698D9-CFE5-4691-B6E9-F7B15D8AB82C}.AppStore|ARM.ActiveCfg = Release|ARM
		{42D698D9-CFE5-4691-B6E9-F7B15D8AB82C}.AppStore|ARM.Build.0 = Release|ARM
		{42D698D9-CFE5-4691-B6E9-F7B15D8AB82C}.AppStore|ARM.Deploy.0 = Release|ARM
		{42D698D9-CFE5-4691-B6E9-F7B15D8AB82C}.AppStore|iPhone.ActiveCfg = Release|Any CPU
		{42D698D9-CFE5-4691-B6E9-F7B15D8AB82C}.AppStore|iPhoneSimulator.ActiveCfg = Release|Any CPU
		{42D698D9-CFE5-4691-B6E9-F7B15D8AB82C}.AppStore|Mixed Platforms.ActiveCfg = Release|x86
		{42D698D9-CFE5-4691-B6E9-F7B15D8AB82C}.AppStore|Mixed Platforms.Build.0 = Release|x86
		{42D698D9-CFE5-4691-B6E9-F7B15D8AB82C}.AppStore|Mixed Platforms.Deploy.0 = Release|x86
		{42D698D9-CFE5-4691-B6E9-F7B15D8AB82C}.AppStore|x86.ActiveCfg = Release|x86
		{42D698D9-CFE5-4691-B6E9-F7B15D8AB82C}.AppStore|x86.Build.0 = Release|x86
		{42D698D9-CFE5-4691-B6E9-F7B15D8AB82C}.AppStore|x86.Deploy.0 = Release|x86
		{42D698D9-CFE5-4691-B6E9-F7B15D8AB82C}.Debug|Any CPU.ActiveCfg = Debug|Any CPU
		{42D698D9-CFE5-4691-B6E9-F7B15D8AB82C}.Debug|Any CPU.Build.0 = Debug|Any CPU
		{42D698D9-CFE5-4691-B6E9-F7B15D8AB82C}.Debug|Any CPU.Deploy.0 = Debug|Any CPU
		{42D698D9-CFE5-4691-B6E9-F7B15D8AB82C}.Debug|ARM.ActiveCfg = Debug|ARM
		{42D698D9-CFE5-4691-B6E9-F7B15D8AB82C}.Debug|ARM.Build.0 = Debug|ARM
		{42D698D9-CFE5-4691-B6E9-F7B15D8AB82C}.Debug|ARM.Deploy.0 = Debug|ARM
		{42D698D9-CFE5-4691-B6E9-F7B15D8AB82C}.Debug|iPhone.ActiveCfg = Debug|Any CPU
		{42D698D9-CFE5-4691-B6E9-F7B15D8AB82C}.Debug|iPhoneSimulator.ActiveCfg = Debug|Any CPU
		{42D698D9-CFE5-4691-B6E9-F7B15D8AB82C}.Debug|Mixed Platforms.ActiveCfg = Debug|x86
		{42D698D9-CFE5-4691-B6E9-F7B15D8AB82C}.Debug|Mixed Platforms.Build.0 = Debug|x86
		{42D698D9-CFE5-4691-B6E9-F7B15D8AB82C}.Debug|Mixed Platforms.Deploy.0 = Debug|x86
		{42D698D9-CFE5-4691-B6E9-F7B15D8AB82C}.Debug|x86.ActiveCfg = Debug|x86
		{42D698D9-CFE5-4691-B6E9-F7B15D8AB82C}.Debug|x86.Build.0 = Debug|x86
		{42D698D9-CFE5-4691-B6E9-F7B15D8AB82C}.Debug|x86.Deploy.0 = Debug|x86
		{42D698D9-CFE5-4691-B6E9-F7B15D8AB82C}.Release|Any CPU.ActiveCfg = Release|Any CPU
		{42D698D9-CFE5-4691-B6E9-F7B15D8AB82C}.Release|Any CPU.Build.0 = Release|Any CPU
		{42D698D9-CFE5-4691-B6E9-F7B15D8AB82C}.Release|Any CPU.Deploy.0 = Release|Any CPU
		{42D698D9-CFE5-4691-B6E9-F7B15D8AB82C}.Release|ARM.ActiveCfg = Release|ARM
		{42D698D9-CFE5-4691-B6E9-F7B15D8AB82C}.Release|ARM.Build.0 = Release|ARM
		{42D698D9-CFE5-4691-B6E9-F7B15D8AB82C}.Release|ARM.Deploy.0 = Release|ARM
		{42D698D9-CFE5-4691-B6E9-F7B15D8AB82C}.Release|iPhone.ActiveCfg = Release|Any CPU
		{42D698D9-CFE5-4691-B6E9-F7B15D8AB82C}.Release|iPhoneSimulator.ActiveCfg = Release|Any CPU
		{42D698D9-CFE5-4691-B6E9-F7B15D8AB82C}.Release|Mixed Platforms.ActiveCfg = Release|x86
		{42D698D9-CFE5-4691-B6E9-F7B15D8AB82C}.Release|Mixed Platforms.Build.0 = Release|x86
		{42D698D9-CFE5-4691-B6E9-F7B15D8AB82C}.Release|Mixed Platforms.Deploy.0 = Release|x86
		{42D698D9-CFE5-4691-B6E9-F7B15D8AB82C}.Release|x86.ActiveCfg = Release|x86
		{42D698D9-CFE5-4691-B6E9-F7B15D8AB82C}.Release|x86.Build.0 = Release|x86
		{42D698D9-CFE5-4691-B6E9-F7B15D8AB82C}.Release|x86.Deploy.0 = Release|x86
		{55CE4E20-D3B8-4AB6-B9B6-D25F60B79B39}.Ad-Hoc|Any CPU.ActiveCfg = Release|Any CPU
		{55CE4E20-D3B8-4AB6-B9B6-D25F60B79B39}.Ad-Hoc|Any CPU.Build.0 = Release|Any CPU
		{55CE4E20-D3B8-4AB6-B9B6-D25F60B79B39}.Ad-Hoc|ARM.ActiveCfg = Release|Any CPU
		{55CE4E20-D3B8-4AB6-B9B6-D25F60B79B39}.Ad-Hoc|iPhone.ActiveCfg = Release|Any CPU
		{55CE4E20-D3B8-4AB6-B9B6-D25F60B79B39}.Ad-Hoc|iPhoneSimulator.ActiveCfg = Release|Any CPU
		{55CE4E20-D3B8-4AB6-B9B6-D25F60B79B39}.Ad-Hoc|Mixed Platforms.ActiveCfg = Release|Any CPU
		{55CE4E20-D3B8-4AB6-B9B6-D25F60B79B39}.Ad-Hoc|Mixed Platforms.Build.0 = Release|Any CPU
		{55CE4E20-D3B8-4AB6-B9B6-D25F60B79B39}.Ad-Hoc|x86.ActiveCfg = Release|Any CPU
		{55CE4E20-D3B8-4AB6-B9B6-D25F60B79B39}.AppStore|Any CPU.ActiveCfg = Release|Any CPU
		{55CE4E20-D3B8-4AB6-B9B6-D25F60B79B39}.AppStore|Any CPU.Build.0 = Release|Any CPU
		{55CE4E20-D3B8-4AB6-B9B6-D25F60B79B39}.AppStore|ARM.ActiveCfg = Release|Any CPU
		{55CE4E20-D3B8-4AB6-B9B6-D25F60B79B39}.AppStore|iPhone.ActiveCfg = Release|Any CPU
		{55CE4E20-D3B8-4AB6-B9B6-D25F60B79B39}.AppStore|iPhoneSimulator.ActiveCfg = Release|Any CPU
		{55CE4E20-D3B8-4AB6-B9B6-D25F60B79B39}.AppStore|Mixed Platforms.ActiveCfg = Release|Any CPU
		{55CE4E20-D3B8-4AB6-B9B6-D25F60B79B39}.AppStore|Mixed Platforms.Build.0 = Release|Any CPU
		{55CE4E20-D3B8-4AB6-B9B6-D25F60B79B39}.AppStore|x86.ActiveCfg = Release|Any CPU
		{55CE4E20-D3B8-4AB6-B9B6-D25F60B79B39}.Debug|Any CPU.ActiveCfg = Debug|Any CPU
		{55CE4E20-D3B8-4AB6-B9B6-D25F60B79B39}.Debug|Any CPU.Build.0 = Debug|Any CPU
		{55CE4E20-D3B8-4AB6-B9B6-D25F60B79B39}.Debug|ARM.ActiveCfg = Debug|Any CPU
		{55CE4E20-D3B8-4AB6-B9B6-D25F60B79B39}.Debug|iPhone.ActiveCfg = Debug|Any CPU
		{55CE4E20-D3B8-4AB6-B9B6-D25F60B79B39}.Debug|iPhoneSimulator.ActiveCfg = Debug|Any CPU
		{55CE4E20-D3B8-4AB6-B9B6-D25F60B79B39}.Debug|Mixed Platforms.ActiveCfg = Debug|Any CPU
		{55CE4E20-D3B8-4AB6-B9B6-D25F60B79B39}.Debug|Mixed Platforms.Build.0 = Debug|Any CPU
		{55CE4E20-D3B8-4AB6-B9B6-D25F60B79B39}.Debug|x86.ActiveCfg = Debug|Any CPU
		{55CE4E20-D3B8-4AB6-B9B6-D25F60B79B39}.Release|Any CPU.ActiveCfg = Release|Any CPU
		{55CE4E20-D3B8-4AB6-B9B6-D25F60B79B39}.Release|Any CPU.Build.0 = Release|Any CPU
		{55CE4E20-D3B8-4AB6-B9B6-D25F60B79B39}.Release|ARM.ActiveCfg = Release|Any CPU
		{55CE4E20-D3B8-4AB6-B9B6-D25F60B79B39}.Release|iPhone.ActiveCfg = Release|Any CPU
		{55CE4E20-D3B8-4AB6-B9B6-D25F60B79B39}.Release|iPhoneSimulator.ActiveCfg = Release|Any CPU
		{55CE4E20-D3B8-4AB6-B9B6-D25F60B79B39}.Release|Mixed Platforms.ActiveCfg = Release|Any CPU
		{55CE4E20-D3B8-4AB6-B9B6-D25F60B79B39}.Release|Mixed Platforms.Build.0 = Release|Any CPU
		{55CE4E20-D3B8-4AB6-B9B6-D25F60B79B39}.Release|x86.ActiveCfg = Release|Any CPU
		{C2F02DC3-40E5-426C-89F4-C1E65C5B8E79}.Ad-Hoc|Any CPU.ActiveCfg = Ad-Hoc|iPhone
		{C2F02DC3-40E5-426C-89F4-C1E65C5B8E79}.Ad-Hoc|ARM.ActiveCfg = Ad-Hoc|iPhone
		{C2F02DC3-40E5-426C-89F4-C1E65C5B8E79}.Ad-Hoc|iPhone.ActiveCfg = Ad-Hoc|iPhone
		{C2F02DC3-40E5-426C-89F4-C1E65C5B8E79}.Ad-Hoc|iPhone.Build.0 = Ad-Hoc|iPhone
		{C2F02DC3-40E5-426C-89F4-C1E65C5B8E79}.Ad-Hoc|iPhoneSimulator.ActiveCfg = Ad-Hoc|iPhoneSimulator
		{C2F02DC3-40E5-426C-89F4-C1E65C5B8E79}.Ad-Hoc|iPhoneSimulator.Build.0 = Ad-Hoc|iPhoneSimulator
		{C2F02DC3-40E5-426C-89F4-C1E65C5B8E79}.Ad-Hoc|Mixed Platforms.ActiveCfg = Ad-Hoc|iPhone
		{C2F02DC3-40E5-426C-89F4-C1E65C5B8E79}.Ad-Hoc|Mixed Platforms.Build.0 = Ad-Hoc|iPhone
		{C2F02DC3-40E5-426C-89F4-C1E65C5B8E79}.Ad-Hoc|x86.ActiveCfg = Ad-Hoc|iPhone
		{C2F02DC3-40E5-426C-89F4-C1E65C5B8E79}.AppStore|Any CPU.ActiveCfg = AppStore|iPhone
		{C2F02DC3-40E5-426C-89F4-C1E65C5B8E79}.AppStore|ARM.ActiveCfg = AppStore|iPhone
		{C2F02DC3-40E5-426C-89F4-C1E65C5B8E79}.AppStore|iPhone.ActiveCfg = AppStore|iPhone
		{C2F02DC3-40E5-426C-89F4-C1E65C5B8E79}.AppStore|iPhone.Build.0 = AppStore|iPhone
		{C2F02DC3-40E5-426C-89F4-C1E65C5B8E79}.AppStore|iPhoneSimulator.ActiveCfg = AppStore|iPhoneSimulator
		{C2F02DC3-40E5-426C-89F4-C1E65C5B8E79}.AppStore|iPhoneSimulator.Build.0 = AppStore|iPhoneSimulator
		{C2F02DC3-40E5-426C-89F4-C1E65C5B8E79}.AppStore|Mixed Platforms.ActiveCfg = AppStore|iPhone
		{C2F02DC3-40E5-426C-89F4-C1E65C5B8E79}.AppStore|Mixed Platforms.Build.0 = AppStore|iPhone
		{C2F02DC3-40E5-426C-89F4-C1E65C5B8E79}.AppStore|x86.ActiveCfg = AppStore|iPhone
		{C2F02DC3-40E5-426C-89F4-C1E65C5B8E79}.Debug|Any CPU.ActiveCfg = Debug|iPhone
		{C2F02DC3-40E5-426C-89F4-C1E65C5B8E79}.Debug|ARM.ActiveCfg = Debug|iPhone
		{C2F02DC3-40E5-426C-89F4-C1E65C5B8E79}.Debug|iPhone.ActiveCfg = Debug|iPhone
		{C2F02DC3-40E5-426C-89F4-C1E65C5B8E79}.Debug|iPhone.Build.0 = Debug|iPhone
		{C2F02DC3-40E5-426C-89F4-C1E65C5B8E79}.Debug|iPhoneSimulator.ActiveCfg = Debug|iPhoneSimulator
		{C2F02DC3-40E5-426C-89F4-C1E65C5B8E79}.Debug|iPhoneSimulator.Build.0 = Debug|iPhoneSimulator
		{C2F02DC3-40E5-426C-89F4-C1E65C5B8E79}.Debug|Mixed Platforms.ActiveCfg = Debug|iPhone
		{C2F02DC3-40E5-426C-89F4-C1E65C5B8E79}.Debug|Mixed Platforms.Build.0 = Debug|iPhone
		{C2F02DC3-40E5-426C-89F4-C1E65C5B8E79}.Debug|x86.ActiveCfg = Debug|iPhone
		{C2F02DC3-40E5-426C-89F4-C1E65C5B8E79}.Release|Any CPU.ActiveCfg = Release|iPhone
		{C2F02DC3-40E5-426C-89F4-C1E65C5B8E79}.Release|ARM.ActiveCfg = Release|iPhone
		{C2F02DC3-40E5-426C-89F4-C1E65C5B8E79}.Release|iPhone.ActiveCfg = Release|iPhone
		{C2F02DC3-40E5-426C-89F4-C1E65C5B8E79}.Release|iPhone.Build.0 = Release|iPhone
		{C2F02DC3-40E5-426C-89F4-C1E65C5B8E79}.Release|iPhoneSimulator.ActiveCfg = Release|iPhoneSimulator
		{C2F02DC3-40E5-426C-89F4-C1E65C5B8E79}.Release|iPhoneSimulator.Build.0 = Release|iPhoneSimulator
		{C2F02DC3-40E5-426C-89F4-C1E65C5B8E79}.Release|Mixed Platforms.ActiveCfg = Release|iPhone
		{C2F02DC3-40E5-426C-89F4-C1E65C5B8E79}.Release|Mixed Platforms.Build.0 = Release|iPhone
		{C2F02DC3-40E5-426C-89F4-C1E65C5B8E79}.Release|x86.ActiveCfg = Release|iPhone
		{85098C91-276C-4D68-A65A-359EC356BD59}.Ad-Hoc|Any CPU.ActiveCfg = Release|Any CPU
		{85098C91-276C-4D68-A65A-359EC356BD59}.Ad-Hoc|Any CPU.Build.0 = Release|Any CPU
		{85098C91-276C-4D68-A65A-359EC356BD59}.Ad-Hoc|Any CPU.Deploy.0 = Release|Any CPU
		{85098C91-276C-4D68-A65A-359EC356BD59}.Ad-Hoc|ARM.ActiveCfg = Release|Any CPU
		{85098C91-276C-4D68-A65A-359EC356BD59}.Ad-Hoc|iPhone.ActiveCfg = Release|Any CPU
		{85098C91-276C-4D68-A65A-359EC356BD59}.Ad-Hoc|iPhoneSimulator.ActiveCfg = Release|Any CPU
		{85098C91-276C-4D68-A65A-359EC356BD59}.Ad-Hoc|Mixed Platforms.ActiveCfg = Release|Any CPU
		{85098C91-276C-4D68-A65A-359EC356BD59}.Ad-Hoc|Mixed Platforms.Build.0 = Release|Any CPU
		{85098C91-276C-4D68-A65A-359EC356BD59}.Ad-Hoc|Mixed Platforms.Deploy.0 = Release|Any CPU
		{85098C91-276C-4D68-A65A-359EC356BD59}.Ad-Hoc|x86.ActiveCfg = Release|Any CPU
		{85098C91-276C-4D68-A65A-359EC356BD59}.AppStore|Any CPU.ActiveCfg = Release|Any CPU
		{85098C91-276C-4D68-A65A-359EC356BD59}.AppStore|Any CPU.Build.0 = Release|Any CPU
		{85098C91-276C-4D68-A65A-359EC356BD59}.AppStore|Any CPU.Deploy.0 = Release|Any CPU
		{85098C91-276C-4D68-A65A-359EC356BD59}.AppStore|ARM.ActiveCfg = Release|Any CPU
		{85098C91-276C-4D68-A65A-359EC356BD59}.AppStore|iPhone.ActiveCfg = Release|Any CPU
		{85098C91-276C-4D68-A65A-359EC356BD59}.AppStore|iPhoneSimulator.ActiveCfg = Release|Any CPU
		{85098C91-276C-4D68-A65A-359EC356BD59}.AppStore|Mixed Platforms.ActiveCfg = Release|Any CPU
		{85098C91-276C-4D68-A65A-359EC356BD59}.AppStore|Mixed Platforms.Build.0 = Release|Any CPU
		{85098C91-276C-4D68-A65A-359EC356BD59}.AppStore|Mixed Platforms.Deploy.0 = Release|Any CPU
		{85098C91-276C-4D68-A65A-359EC356BD59}.AppStore|x86.ActiveCfg = Release|Any CPU
		{85098C91-276C-4D68-A65A-359EC356BD59}.Debug|Any CPU.ActiveCfg = Debug|Any CPU
		{85098C91-276C-4D68-A65A-359EC356BD59}.Debug|Any CPU.Build.0 = Debug|Any CPU
		{85098C91-276C-4D68-A65A-359EC356BD59}.Debug|Any CPU.Deploy.0 = Debug|Any CPU
		{85098C91-276C-4D68-A65A-359EC356BD59}.Debug|ARM.ActiveCfg = Debug|Any CPU
		{85098C91-276C-4D68-A65A-359EC356BD59}.Debug|iPhone.ActiveCfg = Debug|Any CPU
		{85098C91-276C-4D68-A65A-359EC356BD59}.Debug|iPhoneSimulator.ActiveCfg = Debug|Any CPU
		{85098C91-276C-4D68-A65A-359EC356BD59}.Debug|Mixed Platforms.ActiveCfg = Debug|Any CPU
		{85098C91-276C-4D68-A65A-359EC356BD59}.Debug|Mixed Platforms.Build.0 = Debug|Any CPU
		{85098C91-276C-4D68-A65A-359EC356BD59}.Debug|Mixed Platforms.Deploy.0 = Debug|Any CPU
		{85098C91-276C-4D68-A65A-359EC356BD59}.Debug|x86.ActiveCfg = Debug|Any CPU
		{85098C91-276C-4D68-A65A-359EC356BD59}.Release|Any CPU.ActiveCfg = Release|Any CPU
		{85098C91-276C-4D68-A65A-359EC356BD59}.Release|Any CPU.Build.0 = Release|Any CPU
		{85098C91-276C-4D68-A65A-359EC356BD59}.Release|Any CPU.Deploy.0 = Release|Any CPU
		{85098C91-276C-4D68-A65A-359EC356BD59}.Release|ARM.ActiveCfg = Release|Any CPU
		{85098C91-276C-4D68-A65A-359EC356BD59}.Release|iPhone.ActiveCfg = Release|Any CPU
		{85098C91-276C-4D68-A65A-359EC356BD59}.Release|iPhoneSimulator.ActiveCfg = Release|Any CPU
		{85098C91-276C-4D68-A65A-359EC356BD59}.Release|Mixed Platforms.ActiveCfg = Release|Any CPU
		{85098C91-276C-4D68-A65A-359EC356BD59}.Release|Mixed Platforms.Build.0 = Release|Any CPU
		{85098C91-276C-4D68-A65A-359EC356BD59}.Release|Mixed Platforms.Deploy.0 = Release|Any CPU
		{85098C91-276C-4D68-A65A-359EC356BD59}.Release|x86.ActiveCfg = Release|Any CPU
		{8A544E15-3D5F-468D-A181-9D7DD1008DFB}.Ad-Hoc|Any CPU.ActiveCfg = Release|Any CPU
		{8A544E15-3D5F-468D-A181-9D7DD1008DFB}.Ad-Hoc|Any CPU.Build.0 = Release|Any CPU
		{8A544E15-3D5F-468D-A181-9D7DD1008DFB}.Ad-Hoc|Any CPU.Deploy.0 = Release|Any CPU
		{8A544E15-3D5F-468D-A181-9D7DD1008DFB}.Ad-Hoc|ARM.ActiveCfg = Release|ARM
		{8A544E15-3D5F-468D-A181-9D7DD1008DFB}.Ad-Hoc|ARM.Build.0 = Release|ARM
		{8A544E15-3D5F-468D-A181-9D7DD1008DFB}.Ad-Hoc|ARM.Deploy.0 = Release|ARM
		{8A544E15-3D5F-468D-A181-9D7DD1008DFB}.Ad-Hoc|iPhone.ActiveCfg = Release|Any CPU
		{8A544E15-3D5F-468D-A181-9D7DD1008DFB}.Ad-Hoc|iPhoneSimulator.ActiveCfg = Release|Any CPU
		{8A544E15-3D5F-468D-A181-9D7DD1008DFB}.Ad-Hoc|Mixed Platforms.ActiveCfg = Release|x86
		{8A544E15-3D5F-468D-A181-9D7DD1008DFB}.Ad-Hoc|Mixed Platforms.Build.0 = Release|x86
		{8A544E15-3D5F-468D-A181-9D7DD1008DFB}.Ad-Hoc|Mixed Platforms.Deploy.0 = Release|x86
		{8A544E15-3D5F-468D-A181-9D7DD1008DFB}.Ad-Hoc|x86.ActiveCfg = Release|x86
		{8A544E15-3D5F-468D-A181-9D7DD1008DFB}.Ad-Hoc|x86.Build.0 = Release|x86
		{8A544E15-3D5F-468D-A181-9D7DD1008DFB}.Ad-Hoc|x86.Deploy.0 = Release|x86
		{8A544E15-3D5F-468D-A181-9D7DD1008DFB}.AppStore|Any CPU.ActiveCfg = Release|Any CPU
		{8A544E15-3D5F-468D-A181-9D7DD1008DFB}.AppStore|Any CPU.Build.0 = Release|Any CPU
		{8A544E15-3D5F-468D-A181-9D7DD1008DFB}.AppStore|Any CPU.Deploy.0 = Release|Any CPU
		{8A544E15-3D5F-468D-A181-9D7DD1008DFB}.AppStore|ARM.ActiveCfg = Release|ARM
		{8A544E15-3D5F-468D-A181-9D7DD1008DFB}.AppStore|ARM.Build.0 = Release|ARM
		{8A544E15-3D5F-468D-A181-9D7DD1008DFB}.AppStore|ARM.Deploy.0 = Release|ARM
		{8A544E15-3D5F-468D-A181-9D7DD1008DFB}.AppStore|iPhone.ActiveCfg = Release|Any CPU
		{8A544E15-3D5F-468D-A181-9D7DD1008DFB}.AppStore|iPhoneSimulator.ActiveCfg = Release|Any CPU
		{8A544E15-3D5F-468D-A181-9D7DD1008DFB}.AppStore|Mixed Platforms.ActiveCfg = Release|x86
		{8A544E15-3D5F-468D-A181-9D7DD1008DFB}.AppStore|Mixed Platforms.Build.0 = Release|x86
		{8A544E15-3D5F-468D-A181-9D7DD1008DFB}.AppStore|Mixed Platforms.Deploy.0 = Release|x86
		{8A544E15-3D5F-468D-A181-9D7DD1008DFB}.AppStore|x86.ActiveCfg = Release|x86
		{8A544E15-3D5F-468D-A181-9D7DD1008DFB}.AppStore|x86.Build.0 = Release|x86
		{8A544E15-3D5F-468D-A181-9D7DD1008DFB}.AppStore|x86.Deploy.0 = Release|x86
		{8A544E15-3D5F-468D-A181-9D7DD1008DFB}.Debug|Any CPU.ActiveCfg = Debug|Any CPU
		{8A544E15-3D5F-468D-A181-9D7DD1008DFB}.Debug|Any CPU.Build.0 = Debug|Any CPU
		{8A544E15-3D5F-468D-A181-9D7DD1008DFB}.Debug|Any CPU.Deploy.0 = Debug|Any CPU
		{8A544E15-3D5F-468D-A181-9D7DD1008DFB}.Debug|ARM.ActiveCfg = Debug|ARM
		{8A544E15-3D5F-468D-A181-9D7DD1008DFB}.Debug|ARM.Build.0 = Debug|ARM
		{8A544E15-3D5F-468D-A181-9D7DD1008DFB}.Debug|ARM.Deploy.0 = Debug|ARM
		{8A544E15-3D5F-468D-A181-9D7DD1008DFB}.Debug|iPhone.ActiveCfg = Debug|Any CPU
		{8A544E15-3D5F-468D-A181-9D7DD1008DFB}.Debug|iPhoneSimulator.ActiveCfg = Debug|Any CPU
		{8A544E15-3D5F-468D-A181-9D7DD1008DFB}.Debug|Mixed Platforms.ActiveCfg = Debug|x86
		{8A544E15-3D5F-468D-A181-9D7DD1008DFB}.Debug|Mixed Platforms.Build.0 = Debug|x86
		{8A544E15-3D5F-468D-A181-9D7DD1008DFB}.Debug|Mixed Platforms.Deploy.0 = Debug|x86
		{8A544E15-3D5F-468D-A181-9D7DD1008DFB}.Debug|x86.ActiveCfg = Debug|x86
		{8A544E15-3D5F-468D-A181-9D7DD1008DFB}.Debug|x86.Build.0 = Debug|x86
		{8A544E15-3D5F-468D-A181-9D7DD1008DFB}.Debug|x86.Deploy.0 = Debug|x86
		{8A544E15-3D5F-468D-A181-9D7DD1008DFB}.Release|Any CPU.ActiveCfg = Release|Any CPU
		{8A544E15-3D5F-468D-A181-9D7DD1008DFB}.Release|Any CPU.Build.0 = Release|Any CPU
		{8A544E15-3D5F-468D-A181-9D7DD1008DFB}.Release|Any CPU.Deploy.0 = Release|Any CPU
		{8A544E15-3D5F-468D-A181-9D7DD1008DFB}.Release|ARM.ActiveCfg = Release|ARM
		{8A544E15-3D5F-468D-A181-9D7DD1008DFB}.Release|ARM.Build.0 = Release|ARM
		{8A544E15-3D5F-468D-A181-9D7DD1008DFB}.Release|ARM.Deploy.0 = Release|ARM
		{8A544E15-3D5F-468D-A181-9D7DD1008DFB}.Release|iPhone.ActiveCfg = Release|Any CPU
		{8A544E15-3D5F-468D-A181-9D7DD1008DFB}.Release|iPhoneSimulator.ActiveCfg = Release|Any CPU
		{8A544E15-3D5F-468D-A181-9D7DD1008DFB}.Release|Mixed Platforms.ActiveCfg = Release|x86
		{8A544E15-3D5F-468D-A181-9D7DD1008DFB}.Release|Mixed Platforms.Build.0 = Release|x86
		{8A544E15-3D5F-468D-A181-9D7DD1008DFB}.Release|Mixed Platforms.Deploy.0 = Release|x86
		{8A544E15-3D5F-468D-A181-9D7DD1008DFB}.Release|x86.ActiveCfg = Release|x86
		{8A544E15-3D5F-468D-A181-9D7DD1008DFB}.Release|x86.Build.0 = Release|x86
		{8A544E15-3D5F-468D-A181-9D7DD1008DFB}.Release|x86.Deploy.0 = Release|x86
	EndGlobalSection
	GlobalSection(SolutionProperties) = preSolution
		HideSolutionNode = FALSE
	EndGlobalSection
	GlobalSection(NestedProjects) = preSolution
		{78FE291E-B29F-42B3-AC6F-A10E58249015} = {34551303-D05E-4B92-AC3B-4C3D21810467}
		{DF57FFCE-0BB5-4886-B8E2-279C518C4F4B} = {34551303-D05E-4B92-AC3B-4C3D21810467}
		{C5BFA0D9-6653-4549-B3A6-AD6B58886168} = {34551303-D05E-4B92-AC3B-4C3D21810467}
		{44FD347A-1788-443B-B7CD-AE7CBF385C76} = {34551303-D05E-4B92-AC3B-4C3D21810467}
		{EBB250A6-CEE6-440D-9A50-632A733FDDDE} = {84A25A4B-E4C0-42AD-A5F0-BEC507737F1D}
		{9FD047D4-8DBD-4A3B-9F2F-FCE207D7DA19} = {84A25A4B-E4C0-42AD-A5F0-BEC507737F1D}
		{B3701A2D-D390-4472-84A1-3887E17987C4} = {84A25A4B-E4C0-42AD-A5F0-BEC507737F1D}
		{7EBEE213-E4E9-4963-9028-0D01F44224FF} = {84A25A4B-E4C0-42AD-A5F0-BEC507737F1D}
		{EF70923B-3C50-40A6-936F-E9343937DD0E} = {5D35C55D-22F5-48CF-9AED-E68AB860389E}
		{4545CFA1-873A-4A17-A309-5FB6AA1C6D07} = {5D35C55D-22F5-48CF-9AED-E68AB860389E}
		{7C554F3A-0661-4E63-9F91-762DF51819D0} = {5D35C55D-22F5-48CF-9AED-E68AB860389E}
		{31431516-2725-4814-A595-021636362F1D} = {5D35C55D-22F5-48CF-9AED-E68AB860389E}
		{955919FC-56C6-46B4-8AC5-8E7EC37B310A} = {86D79057-6D52-48AF-9CF2-DBB847AE61A4}
		{253EEBD7-489D-4676-B6D7-2ED2D7D3B32A} = {86D79057-6D52-48AF-9CF2-DBB847AE61A4}
		{0D5D61EE-3D09-4B73-B74E-CFD1FB8DD12B} = {86D79057-6D52-48AF-9CF2-DBB847AE61A4}
		{42D698D9-CFE5-4691-B6E9-F7B15D8AB82C} = {86D79057-6D52-48AF-9CF2-DBB847AE61A4}
		{55CE4E20-D3B8-4AB6-B9B6-D25F60B79B39} = {2CA862E2-8A7A-412D-8F23-1EBD14139A15}
		{C2F02DC3-40E5-426C-89F4-C1E65C5B8E79} = {2CA862E2-8A7A-412D-8F23-1EBD14139A15}
		{85098C91-276C-4D68-A65A-359EC356BD59} = {2CA862E2-8A7A-412D-8F23-1EBD14139A15}
		{8A544E15-3D5F-468D-A181-9D7DD1008DFB} = {2CA862E2-8A7A-412D-8F23-1EBD14139A15}
	EndGlobalSection
EndGlobal
